
Microsoft Visual Studio Solution File, Format Version 12.00
# Visual Studio 14
VisualStudioVersion = 14.0.25420.1
MinimumVisualStudioVersion = 10.0.40219.1
Project("{FAE04EC0-301F-11D3-BF4B-00C04F79EFBC}") = "PsTool4", "src\PsTool\PsTool4.csproj", "{448F846F-CE23-462C-BF7E-827875A36F82}"
EndProject
Project("{FAE04EC0-301F-11D3-BF4B-00C04F79EFBC}") = "CssParser4", "src\CssParser\CssParser4.csproj", "{B58FD9BA-1783-43F2-86D1-D79E1EACC365}"
	ProjectSection(ProjectDependencies) = postProject
		{448F846F-CE23-462C-BF7E-827875A36F82} = {448F846F-CE23-462C-BF7E-827875A36F82}
	EndProjectSection
EndProject
Project("{FAE04EC0-301F-11D3-BF4B-00C04F79EFBC}") = "CssDialog4", "src\CssDialog\CssDialog4.csproj", "{1A58ECC5-75FE-4FE2-B133-8605B382B7C0}"
	ProjectSection(ProjectDependencies) = postProject
		{448F846F-CE23-462C-BF7E-827875A36F82} = {448F846F-CE23-462C-BF7E-827875A36F82}
		{B58FD9BA-1783-43F2-86D1-D79E1EACC365} = {B58FD9BA-1783-43F2-86D1-D79E1EACC365}
	EndProjectSection
EndProject
Project("{FAE04EC0-301F-11D3-BF4B-00C04F79EFBC}") = "PsExport4", "src\PsExport\PsExport4.csproj", "{DCD48287-7F36-4DBB-94CF-4FF617BF1F78}"
	ProjectSection(ProjectDependencies) = postProject
		{448F846F-CE23-462C-BF7E-827875A36F82} = {448F846F-CE23-462C-BF7E-827875A36F82}
		{1A58ECC5-75FE-4FE2-B133-8605B382B7C0} = {1A58ECC5-75FE-4FE2-B133-8605B382B7C0}
	EndProjectSection
EndProject
Project("{FAE04EC0-301F-11D3-BF4B-00C04F79EFBC}") = "ParatextSupport4", "src\ParatextSupport\ParatextSupport4.csproj", "{E9E86AC5-EC9E-40C4-A386-64A77C48034B}"
	ProjectSection(ProjectDependencies) = postProject
		{448F846F-CE23-462C-BF7E-827875A36F82} = {448F846F-CE23-462C-BF7E-827875A36F82}
		{DCD48287-7F36-4DBB-94CF-4FF617BF1F78} = {DCD48287-7F36-4DBB-94CF-4FF617BF1F78}
		{1A58ECC5-75FE-4FE2-B133-8605B382B7C0} = {1A58ECC5-75FE-4FE2-B133-8605B382B7C0}
	EndProjectSection
EndProject
Global
	GlobalSection(SolutionConfigurationPlatforms) = preSolution
		Corporate7BTE|Any CPU = Corporate7BTE|Any CPU
		Corporate7BTE|x86 = Corporate7BTE|x86
		Corporate7EPUB|Any CPU = Corporate7EPUB|Any CPU
		Corporate7EPUB|x86 = Corporate7EPUB|x86
		Corporate7SE|Any CPU = Corporate7SE|Any CPU
		Corporate7SE|x86 = Corporate7SE|x86
		Debug|Any CPU = Debug|Any CPU
		Debug|x86 = Debug|x86
		PathwayXeLaTeX|Any CPU = PathwayXeLaTeX|Any CPU
		PathwayXeLaTeX|x86 = PathwayXeLaTeX|x86
		Release7BTE|Any CPU = Release7BTE|Any CPU
		Release7BTE|x86 = Release7BTE|x86
		Release7SE|Any CPU = Release7SE|Any CPU
		Release7SE|x86 = Release7SE|x86
	EndGlobalSection
	GlobalSection(ProjectConfigurationPlatforms) = postSolution
		{448F846F-CE23-462C-BF7E-827875A36F82}.Corporate7BTE|Any CPU.ActiveCfg = Corporate7BTE|Any CPU
		{448F846F-CE23-462C-BF7E-827875A36F82}.Corporate7BTE|Any CPU.Build.0 = Corporate7BTE|Any CPU
		{448F846F-CE23-462C-BF7E-827875A36F82}.Corporate7BTE|x86.ActiveCfg = Corporate7BTE|x86
		{448F846F-CE23-462C-BF7E-827875A36F82}.Corporate7BTE|x86.Build.0 = Corporate7BTE|x86
		{448F846F-CE23-462C-BF7E-827875A36F82}.Corporate7EPUB|Any CPU.ActiveCfg = Corporate7EPUB|Any CPU
		{448F846F-CE23-462C-BF7E-827875A36F82}.Corporate7EPUB|Any CPU.Build.0 = Corporate7EPUB|Any CPU
		{448F846F-CE23-462C-BF7E-827875A36F82}.Corporate7EPUB|x86.ActiveCfg = Corporate7EPUB|x86
		{448F846F-CE23-462C-BF7E-827875A36F82}.Corporate7EPUB|x86.Build.0 = Corporate7EPUB|x86
		{448F846F-CE23-462C-BF7E-827875A36F82}.Corporate7SE|Any CPU.ActiveCfg = Corporate7SE|Any CPU
		{448F846F-CE23-462C-BF7E-827875A36F82}.Corporate7SE|Any CPU.Build.0 = Corporate7SE|Any CPU
		{448F846F-CE23-462C-BF7E-827875A36F82}.Corporate7SE|x86.ActiveCfg = Corporate7SE|x86
		{448F846F-CE23-462C-BF7E-827875A36F82}.Corporate7SE|x86.Build.0 = Corporate7SE|x86
		{448F846F-CE23-462C-BF7E-827875A36F82}.Debug|Any CPU.ActiveCfg = Debug|Any CPU
		{448F846F-CE23-462C-BF7E-827875A36F82}.Debug|Any CPU.Build.0 = Debug|Any CPU
		{448F846F-CE23-462C-BF7E-827875A36F82}.Debug|x86.ActiveCfg = Debug|x86
		{448F846F-CE23-462C-BF7E-827875A36F82}.Debug|x86.Build.0 = Debug|x86
		{448F846F-CE23-462C-BF7E-827875A36F82}.PathwayXeLaTeX|Any CPU.ActiveCfg = PathwayXeLaTeX|Any CPU
		{448F846F-CE23-462C-BF7E-827875A36F82}.PathwayXeLaTeX|Any CPU.Build.0 = PathwayXeLaTeX|Any CPU
		{448F846F-CE23-462C-BF7E-827875A36F82}.PathwayXeLaTeX|x86.ActiveCfg = PathwayXeLaTeX|x86
		{448F846F-CE23-462C-BF7E-827875A36F82}.PathwayXeLaTeX|x86.Build.0 = PathwayXeLaTeX|x86
		{448F846F-CE23-462C-BF7E-827875A36F82}.Release7BTE|Any CPU.ActiveCfg = Release7BTE|Any CPU
		{448F846F-CE23-462C-BF7E-827875A36F82}.Release7BTE|Any CPU.Build.0 = Release7BTE|Any CPU
		{448F846F-CE23-462C-BF7E-827875A36F82}.Release7BTE|x86.ActiveCfg = Release7BTE|x86
		{448F846F-CE23-462C-BF7E-827875A36F82}.Release7BTE|x86.Build.0 = Release7BTE|x86
		{448F846F-CE23-462C-BF7E-827875A36F82}.Release7SE|Any CPU.ActiveCfg = Release7SE|Any CPU
		{448F846F-CE23-462C-BF7E-827875A36F82}.Release7SE|Any CPU.Build.0 = Release7SE|Any CPU
		{448F846F-CE23-462C-BF7E-827875A36F82}.Release7SE|x86.ActiveCfg = Release7SE|x86
		{448F846F-CE23-462C-BF7E-827875A36F82}.Release7SE|x86.Build.0 = Release7SE|x86
		{B58FD9BA-1783-43F2-86D1-D79E1EACC365}.Corporate7BTE|Any CPU.ActiveCfg = Corporate7BTE|Any CPU
		{B58FD9BA-1783-43F2-86D1-D79E1EACC365}.Corporate7BTE|Any CPU.Build.0 = Corporate7BTE|Any CPU
		{B58FD9BA-1783-43F2-86D1-D79E1EACC365}.Corporate7BTE|x86.ActiveCfg = Corporate7BTE|x86
		{B58FD9BA-1783-43F2-86D1-D79E1EACC365}.Corporate7BTE|x86.Build.0 = Corporate7BTE|x86
		{B58FD9BA-1783-43F2-86D1-D79E1EACC365}.Corporate7EPUB|Any CPU.ActiveCfg = Corporate7EPUB|Any CPU
		{B58FD9BA-1783-43F2-86D1-D79E1EACC365}.Corporate7EPUB|Any CPU.Build.0 = Corporate7EPUB|Any CPU
		{B58FD9BA-1783-43F2-86D1-D79E1EACC365}.Corporate7EPUB|x86.ActiveCfg = Corporate7EPUB|x86
		{B58FD9BA-1783-43F2-86D1-D79E1EACC365}.Corporate7EPUB|x86.Build.0 = Corporate7EPUB|x86
		{B58FD9BA-1783-43F2-86D1-D79E1EACC365}.Corporate7SE|Any CPU.ActiveCfg = Corporate7SE|Any CPU
		{B58FD9BA-1783-43F2-86D1-D79E1EACC365}.Corporate7SE|Any CPU.Build.0 = Corporate7SE|Any CPU
		{B58FD9BA-1783-43F2-86D1-D79E1EACC365}.Corporate7SE|x86.ActiveCfg = Corporate7SE|x86
		{B58FD9BA-1783-43F2-86D1-D79E1EACC365}.Corporate7SE|x86.Build.0 = Corporate7SE|x86
		{B58FD9BA-1783-43F2-86D1-D79E1EACC365}.Debug|Any CPU.ActiveCfg = Debug|Any CPU
		{B58FD9BA-1783-43F2-86D1-D79E1EACC365}.Debug|Any CPU.Build.0 = Debug|Any CPU
		{B58FD9BA-1783-43F2-86D1-D79E1EACC365}.Debug|x86.ActiveCfg = Debug|x86
		{B58FD9BA-1783-43F2-86D1-D79E1EACC365}.Debug|x86.Build.0 = Debug|x86
		{B58FD9BA-1783-43F2-86D1-D79E1EACC365}.PathwayXeLaTeX|Any CPU.ActiveCfg = PathwayXeLaTeX|Any CPU
		{B58FD9BA-1783-43F2-86D1-D79E1EACC365}.PathwayXeLaTeX|Any CPU.Build.0 = PathwayXeLaTeX|Any CPU
		{B58FD9BA-1783-43F2-86D1-D79E1EACC365}.PathwayXeLaTeX|x86.ActiveCfg = PathwayXeLaTeX|x86
		{B58FD9BA-1783-43F2-86D1-D79E1EACC365}.PathwayXeLaTeX|x86.Build.0 = PathwayXeLaTeX|x86
		{B58FD9BA-1783-43F2-86D1-D79E1EACC365}.Release7BTE|Any CPU.ActiveCfg = Release7BTE|Any CPU
		{B58FD9BA-1783-43F2-86D1-D79E1EACC365}.Release7BTE|Any CPU.Build.0 = Release7BTE|Any CPU
		{B58FD9BA-1783-43F2-86D1-D79E1EACC365}.Release7BTE|x86.ActiveCfg = Release7BTE|x86
		{B58FD9BA-1783-43F2-86D1-D79E1EACC365}.Release7BTE|x86.Build.0 = Release7BTE|x86
		{B58FD9BA-1783-43F2-86D1-D79E1EACC365}.Release7SE|Any CPU.ActiveCfg = Release7SE|Any CPU
		{B58FD9BA-1783-43F2-86D1-D79E1EACC365}.Release7SE|Any CPU.Build.0 = Release7SE|Any CPU
		{B58FD9BA-1783-43F2-86D1-D79E1EACC365}.Release7SE|x86.ActiveCfg = Release7SE|x86
		{B58FD9BA-1783-43F2-86D1-D79E1EACC365}.Release7SE|x86.Build.0 = Release7SE|x86
		{1A58ECC5-75FE-4FE2-B133-8605B382B7C0}.Corporate7BTE|Any CPU.ActiveCfg = Corporate7BTE|Any CPU
		{1A58ECC5-75FE-4FE2-B133-8605B382B7C0}.Corporate7BTE|Any CPU.Build.0 = Corporate7BTE|Any CPU
		{1A58ECC5-75FE-4FE2-B133-8605B382B7C0}.Corporate7BTE|x86.ActiveCfg = Corporate7BTE|x86
		{1A58ECC5-75FE-4FE2-B133-8605B382B7C0}.Corporate7BTE|x86.Build.0 = Corporate7BTE|x86
		{1A58ECC5-75FE-4FE2-B133-8605B382B7C0}.Corporate7EPUB|Any CPU.ActiveCfg = Corporate7EPUB|Any CPU
		{1A58ECC5-75FE-4FE2-B133-8605B382B7C0}.Corporate7EPUB|Any CPU.Build.0 = Corporate7EPUB|Any CPU
		{1A58ECC5-75FE-4FE2-B133-8605B382B7C0}.Corporate7EPUB|x86.ActiveCfg = Corporate7EPUB|x86
		{1A58ECC5-75FE-4FE2-B133-8605B382B7C0}.Corporate7EPUB|x86.Build.0 = Corporate7EPUB|x86
		{1A58ECC5-75FE-4FE2-B133-8605B382B7C0}.Corporate7SE|Any CPU.ActiveCfg = Corporate7SE|Any CPU
		{1A58ECC5-75FE-4FE2-B133-8605B382B7C0}.Corporate7SE|Any CPU.Build.0 = Corporate7SE|Any CPU
		{1A58ECC5-75FE-4FE2-B133-8605B382B7C0}.Corporate7SE|x86.ActiveCfg = Corporate7SE|x86
		{1A58ECC5-75FE-4FE2-B133-8605B382B7C0}.Corporate7SE|x86.Build.0 = Corporate7SE|x86
		{1A58ECC5-75FE-4FE2-B133-8605B382B7C0}.Debug|Any CPU.ActiveCfg = Debug|Any CPU
		{1A58ECC5-75FE-4FE2-B133-8605B382B7C0}.Debug|Any CPU.Build.0 = Debug|Any CPU
		{1A58ECC5-75FE-4FE2-B133-8605B382B7C0}.Debug|x86.ActiveCfg = Debug|x86
		{1A58ECC5-75FE-4FE2-B133-8605B382B7C0}.Debug|x86.Build.0 = Debug|x86
		{1A58ECC5-75FE-4FE2-B133-8605B382B7C0}.PathwayXeLaTeX|Any CPU.ActiveCfg = PathwayXeLaTeX|Any CPU
		{1A58ECC5-75FE-4FE2-B133-8605B382B7C0}.PathwayXeLaTeX|Any CPU.Build.0 = PathwayXeLaTeX|Any CPU
		{1A58ECC5-75FE-4FE2-B133-8605B382B7C0}.PathwayXeLaTeX|x86.ActiveCfg = PathwayXeLaTeX|x86
		{1A58ECC5-75FE-4FE2-B133-8605B382B7C0}.PathwayXeLaTeX|x86.Build.0 = PathwayXeLaTeX|x86
		{1A58ECC5-75FE-4FE2-B133-8605B382B7C0}.Release7BTE|Any CPU.ActiveCfg = Release7BTE|Any CPU
		{1A58ECC5-75FE-4FE2-B133-8605B382B7C0}.Release7BTE|Any CPU.Build.0 = Release7BTE|Any CPU
		{1A58ECC5-75FE-4FE2-B133-8605B382B7C0}.Release7BTE|x86.ActiveCfg = Release7BTE|x86
		{1A58ECC5-75FE-4FE2-B133-8605B382B7C0}.Release7BTE|x86.Build.0 = Release7BTE|x86
		{1A58ECC5-75FE-4FE2-B133-8605B382B7C0}.Release7SE|Any CPU.ActiveCfg = Release7SE|Any CPU
		{1A58ECC5-75FE-4FE2-B133-8605B382B7C0}.Release7SE|Any CPU.Build.0 = Release7SE|Any CPU
		{1A58ECC5-75FE-4FE2-B133-8605B382B7C0}.Release7SE|x86.ActiveCfg = Release7SE|x86
		{1A58ECC5-75FE-4FE2-B133-8605B382B7C0}.Release7SE|x86.Build.0 = Release7SE|x86
		{DCD48287-7F36-4DBB-94CF-4FF617BF1F78}.Corporate7BTE|Any CPU.ActiveCfg = Corporate7BTE|Any CPU
		{DCD48287-7F36-4DBB-94CF-4FF617BF1F78}.Corporate7BTE|Any CPU.Build.0 = Corporate7BTE|Any CPU
		{DCD48287-7F36-4DBB-94CF-4FF617BF1F78}.Corporate7BTE|x86.ActiveCfg = Corporate7BTE|x86
		{DCD48287-7F36-4DBB-94CF-4FF617BF1F78}.Corporate7BTE|x86.Build.0 = Corporate7BTE|x86
		{DCD48287-7F36-4DBB-94CF-4FF617BF1F78}.Corporate7EPUB|Any CPU.ActiveCfg = Corporate7EPUB|Any CPU
		{DCD48287-7F36-4DBB-94CF-4FF617BF1F78}.Corporate7EPUB|Any CPU.Build.0 = Corporate7EPUB|Any CPU
		{DCD48287-7F36-4DBB-94CF-4FF617BF1F78}.Corporate7EPUB|x86.ActiveCfg = Corporate7EPUB|x86
		{DCD48287-7F36-4DBB-94CF-4FF617BF1F78}.Corporate7EPUB|x86.Build.0 = Corporate7EPUB|x86
		{DCD48287-7F36-4DBB-94CF-4FF617BF1F78}.Corporate7SE|Any CPU.ActiveCfg = Corporate7SE|Any CPU
		{DCD48287-7F36-4DBB-94CF-4FF617BF1F78}.Corporate7SE|Any CPU.Build.0 = Corporate7SE|Any CPU
		{DCD48287-7F36-4DBB-94CF-4FF617BF1F78}.Corporate7SE|x86.ActiveCfg = Corporate7SE|x86
		{DCD48287-7F36-4DBB-94CF-4FF617BF1F78}.Corporate7SE|x86.Build.0 = Corporate7SE|x86
		{DCD48287-7F36-4DBB-94CF-4FF617BF1F78}.Debug|Any CPU.ActiveCfg = Debug|Any CPU
		{DCD48287-7F36-4DBB-94CF-4FF617BF1F78}.Debug|Any CPU.Build.0 = Debug|Any CPU
		{DCD48287-7F36-4DBB-94CF-4FF617BF1F78}.Debug|x86.ActiveCfg = Debug|x86
		{DCD48287-7F36-4DBB-94CF-4FF617BF1F78}.Debug|x86.Build.0 = Debug|x86
		{DCD48287-7F36-4DBB-94CF-4FF617BF1F78}.PathwayXeLaTeX|Any CPU.ActiveCfg = PathwayXeLaTeX|Any CPU
		{DCD48287-7F36-4DBB-94CF-4FF617BF1F78}.PathwayXeLaTeX|Any CPU.Build.0 = PathwayXeLaTeX|Any CPU
		{DCD48287-7F36-4DBB-94CF-4FF617BF1F78}.PathwayXeLaTeX|x86.ActiveCfg = PathwayXeLaTeX|x86
		{DCD48287-7F36-4DBB-94CF-4FF617BF1F78}.PathwayXeLaTeX|x86.Build.0 = PathwayXeLaTeX|x86
		{DCD48287-7F36-4DBB-94CF-4FF617BF1F78}.Release7BTE|Any CPU.ActiveCfg = Release7BTE|Any CPU
		{DCD48287-7F36-4DBB-94CF-4FF617BF1F78}.Release7BTE|Any CPU.Build.0 = Release7BTE|Any CPU
		{DCD48287-7F36-4DBB-94CF-4FF617BF1F78}.Release7BTE|x86.ActiveCfg = Release7BTE|x86
		{DCD48287-7F36-4DBB-94CF-4FF617BF1F78}.Release7BTE|x86.Build.0 = Release7BTE|x86
		{DCD48287-7F36-4DBB-94CF-4FF617BF1F78}.Release7SE|Any CPU.ActiveCfg = Release7SE|Any CPU
		{DCD48287-7F36-4DBB-94CF-4FF617BF1F78}.Release7SE|Any CPU.Build.0 = Release7SE|Any CPU
		{DCD48287-7F36-4DBB-94CF-4FF617BF1F78}.Release7SE|x86.ActiveCfg = Release7SE|x86
		{DCD48287-7F36-4DBB-94CF-4FF617BF1F78}.Release7SE|x86.Build.0 = Release7SE|x86
		{E9E86AC5-EC9E-40C4-A386-64A77C48034B}.Corporate7BTE|Any CPU.ActiveCfg = Corporate7BTE|Any CPU
		{E9E86AC5-EC9E-40C4-A386-64A77C48034B}.Corporate7BTE|Any CPU.Build.0 = Corporate7BTE|Any CPU
		{E9E86AC5-EC9E-40C4-A386-64A77C48034B}.Corporate7BTE|x86.ActiveCfg = Corporate7BTE|x86
		{E9E86AC5-EC9E-40C4-A386-64A77C48034B}.Corporate7BTE|x86.Build.0 = Corporate7BTE|x86
		{E9E86AC5-EC9E-40C4-A386-64A77C48034B}.Corporate7EPUB|Any CPU.ActiveCfg = Corporate7EPUB|Any CPU
		{E9E86AC5-EC9E-40C4-A386-64A77C48034B}.Corporate7EPUB|Any CPU.Build.0 = Corporate7EPUB|Any CPU
		{E9E86AC5-EC9E-40C4-A386-64A77C48034B}.Corporate7EPUB|x86.ActiveCfg = Corporate7EPUB|x86
		{E9E86AC5-EC9E-40C4-A386-64A77C48034B}.Corporate7EPUB|x86.Build.0 = Corporate7EPUB|x86
		{E9E86AC5-EC9E-40C4-A386-64A77C48034B}.Corporate7SE|Any CPU.ActiveCfg = Corporate7SE|Any CPU
		{E9E86AC5-EC9E-40C4-A386-64A77C48034B}.Corporate7SE|Any CPU.Build.0 = Corporate7SE|Any CPU
		{E9E86AC5-EC9E-40C4-A386-64A77C48034B}.Corporate7SE|x86.ActiveCfg = Corporate7SE|x86
		{E9E86AC5-EC9E-40C4-A386-64A77C48034B}.Corporate7SE|x86.Build.0 = Corporate7SE|x86
		{E9E86AC5-EC9E-40C4-A386-64A77C48034B}.Debug|Any CPU.ActiveCfg = Debug|Any CPU
		{E9E86AC5-EC9E-40C4-A386-64A77C48034B}.Debug|Any CPU.Build.0 = Debug|Any CPU
		{E9E86AC5-EC9E-40C4-A386-64A77C48034B}.Debug|x86.ActiveCfg = Debug|x86
		{E9E86AC5-EC9E-40C4-A386-64A77C48034B}.Debug|x86.Build.0 = Debug|x86
		{E9E86AC5-EC9E-40C4-A386-64A77C48034B}.PathwayXeLaTeX|Any CPU.ActiveCfg = PathwayXeLaTeX|Any CPU
		{E9E86AC5-EC9E-40C4-A386-64A77C48034B}.PathwayXeLaTeX|Any CPU.Build.0 = PathwayXeLaTeX|Any CPU
		{E9E86AC5-EC9E-40C4-A386-64A77C48034B}.PathwayXeLaTeX|x86.ActiveCfg = PathwayXeLaTeX|x86
		{E9E86AC5-EC9E-40C4-A386-64A77C48034B}.PathwayXeLaTeX|x86.Build.0 = PathwayXeLaTeX|x86
		{E9E86AC5-EC9E-40C4-A386-64A77C48034B}.Release7BTE|Any CPU.ActiveCfg = Release7BTE|Any CPU
		{E9E86AC5-EC9E-40C4-A386-64A77C48034B}.Release7BTE|Any CPU.Build.0 = Release7BTE|Any CPU
		{E9E86AC5-EC9E-40C4-A386-64A77C48034B}.Release7BTE|x86.ActiveCfg = Release7BTE|x86
		{E9E86AC5-EC9E-40C4-A386-64A77C48034B}.Release7BTE|x86.Build.0 = Release7BTE|x86
		{E9E86AC5-EC9E-40C4-A386-64A77C48034B}.Release7SE|Any CPU.ActiveCfg = Release7SE|Any CPU
		{E9E86AC5-EC9E-40C4-A386-64A77C48034B}.Release7SE|Any CPU.Build.0 = Release7SE|Any CPU
		{E9E86AC5-EC9E-40C4-A386-64A77C48034B}.Release7SE|x86.ActiveCfg = Release7SE|x86
		{E9E86AC5-EC9E-40C4-A386-64A77C48034B}.Release7SE|x86.Build.0 = Release7SE|x86
	EndGlobalSection
	GlobalSection(SolutionProperties) = preSolution
		HideSolutionNode = FALSE
	EndGlobalSection
	GlobalSection(MonoDevelopProperties) = preSolution
		StartupItem = ConfigurationTool\ConfigurationTool.csproj
	EndGlobalSection
EndGlobal
