
Microsoft Visual Studio Solution File, Format Version 12.00
# Visual Studio 14
VisualStudioVersion = 14.0.25420.1
MinimumVisualStudioVersion = 10.0.40219.1
Project("{FAE04EC0-301F-11D3-BF4B-00C04F79EFBC}") = "PsTool4", "src\PsTool\PsTool4.csproj", "{422C5127-260D-4F16-B476-33AA38DBF919}"
EndProject
Project("{FAE04EC0-301F-11D3-BF4B-00C04F79EFBC}") = "CssParser4", "src\CssParser\CssParser4.csproj", "{EB7EB8FE-6414-4C53-B5E6-54352EE25364}"
	ProjectSection(ProjectDependencies) = postProject
		{422C5127-260D-4F16-B476-33AA38DBF919} = {422C5127-260D-4F16-B476-33AA38DBF919}
	EndProjectSection
EndProject
Project("{FAE04EC0-301F-11D3-BF4B-00C04F79EFBC}") = "CssDialog4", "src\CssDialog\CssDialog4.csproj", "{749D4FCD-5100-46C8-AE73-50873CB5CEC0}"
	ProjectSection(ProjectDependencies) = postProject
		{422C5127-260D-4F16-B476-33AA38DBF919} = {422C5127-260D-4F16-B476-33AA38DBF919}
		{EB7EB8FE-6414-4C53-B5E6-54352EE25364} = {EB7EB8FE-6414-4C53-B5E6-54352EE25364}
	EndProjectSection
EndProject
Project("{FAE04EC0-301F-11D3-BF4B-00C04F79EFBC}") = "PsExport4", "src\PsExport\PsExport4.csproj", "{D6A2BF1C-774E-4118-830F-23D60DE0A9A9}"
	ProjectSection(ProjectDependencies) = postProject
		{422C5127-260D-4F16-B476-33AA38DBF919} = {422C5127-260D-4F16-B476-33AA38DBF919}
		{749D4FCD-5100-46C8-AE73-50873CB5CEC0} = {749D4FCD-5100-46C8-AE73-50873CB5CEC0}
		{EB7EB8FE-6414-4C53-B5E6-54352EE25364} = {EB7EB8FE-6414-4C53-B5E6-54352EE25364}
	EndProjectSection
EndProject
Project("{FAE04EC0-301F-11D3-BF4B-00C04F79EFBC}") = "ParatextSupport4", "src\ParatextSupport\ParatextSupport4.csproj", "{8FD33078-DF28-44DA-BE05-C9981EF9A214}"
	ProjectSection(ProjectDependencies) = postProject
		{D6A2BF1C-774E-4118-830F-23D60DE0A9A9} = {D6A2BF1C-774E-4118-830F-23D60DE0A9A9}
		{422C5127-260D-4F16-B476-33AA38DBF919} = {422C5127-260D-4F16-B476-33AA38DBF919}
		{749D4FCD-5100-46C8-AE73-50873CB5CEC0} = {749D4FCD-5100-46C8-AE73-50873CB5CEC0}
	EndProjectSection
EndProject
Global
	GlobalSection(SolutionConfigurationPlatforms) = preSolution
		Checking|Any CPU = Checking|Any CPU
		Checking|Mixed Platforms = Checking|Mixed Platforms
		Checking|x86 = Checking|x86
		Corporate7BTE|Any CPU = Corporate7BTE|Any CPU
		Corporate7BTE|Mixed Platforms = Corporate7BTE|Mixed Platforms
		Corporate7BTE|x86 = Corporate7BTE|x86
		Corporate7EPUB|Any CPU = Corporate7EPUB|Any CPU
		Corporate7EPUB|Mixed Platforms = Corporate7EPUB|Mixed Platforms
		Corporate7EPUB|x86 = Corporate7EPUB|x86
		Corporate7SE|Any CPU = Corporate7SE|Any CPU
		Corporate7SE|Mixed Platforms = Corporate7SE|Mixed Platforms
		Corporate7SE|x86 = Corporate7SE|x86
		Debug|Any CPU = Debug|Any CPU
		Debug|Mixed Platforms = Debug|Mixed Platforms
		Debug|x86 = Debug|x86
		PathwayXeLaTeX|Any CPU = PathwayXeLaTeX|Any CPU
		PathwayXeLaTeX|Mixed Platforms = PathwayXeLaTeX|Mixed Platforms
		PathwayXeLaTeX|x86 = PathwayXeLaTeX|x86
		PathwayYouVersion|Any CPU = PathwayYouVersion|Any CPU
		PathwayYouVersion|Mixed Platforms = PathwayYouVersion|Mixed Platforms
		PathwayYouVersion|x86 = PathwayYouVersion|x86
		PwCtx|Any CPU = PwCtx|Any CPU
		PwCtx|Mixed Platforms = PwCtx|Mixed Platforms
		PwCtx|x86 = PwCtx|x86
		PwTxEx|Any CPU = PwTxEx|Any CPU
		PwTxEx|Mixed Platforms = PwTxEx|Mixed Platforms
		PwTxEx|x86 = PwTxEx|x86
		Release|Any CPU = Release|Any CPU
		Release|Mixed Platforms = Release|Mixed Platforms
		Release|x86 = Release|x86
		Release7BTE|Any CPU = Release7BTE|Any CPU
		Release7BTE|Mixed Platforms = Release7BTE|Mixed Platforms
		Release7BTE|x86 = Release7BTE|x86
		Release7SE|Any CPU = Release7SE|Any CPU
		Release7SE|Mixed Platforms = Release7SE|Mixed Platforms
		Release7SE|x86 = Release7SE|x86
	EndGlobalSection
	GlobalSection(ProjectConfigurationPlatforms) = postSolution
		{422C5127-260D-4F16-B476-33AA38DBF919}.Checking|Any CPU.ActiveCfg = Corporate7EPUB|Any CPU
		{422C5127-260D-4F16-B476-33AA38DBF919}.Checking|Any CPU.Build.0 = Corporate7EPUB|Any CPU
		{422C5127-260D-4F16-B476-33AA38DBF919}.Checking|Mixed Platforms.ActiveCfg = Corporate7EPUB|x86
		{422C5127-260D-4F16-B476-33AA38DBF919}.Checking|Mixed Platforms.Build.0 = Corporate7EPUB|x86
		{422C5127-260D-4F16-B476-33AA38DBF919}.Checking|x86.ActiveCfg = Corporate7EPUB|x86
		{422C5127-260D-4F16-B476-33AA38DBF919}.Checking|x86.Build.0 = Corporate7EPUB|x86
		{422C5127-260D-4F16-B476-33AA38DBF919}.Corporate7BTE|Any CPU.ActiveCfg = Corporate7BTE|Any CPU
		{422C5127-260D-4F16-B476-33AA38DBF919}.Corporate7BTE|Any CPU.Build.0 = Corporate7BTE|Any CPU
		{422C5127-260D-4F16-B476-33AA38DBF919}.Corporate7BTE|Mixed Platforms.ActiveCfg = Corporate7BTE|x86
		{422C5127-260D-4F16-B476-33AA38DBF919}.Corporate7BTE|Mixed Platforms.Build.0 = Corporate7BTE|x86
		{422C5127-260D-4F16-B476-33AA38DBF919}.Corporate7BTE|x86.ActiveCfg = Corporate7BTE|Any CPU
		{422C5127-260D-4F16-B476-33AA38DBF919}.Corporate7BTE|x86.Build.0 = Corporate7BTE|Any CPU
		{422C5127-260D-4F16-B476-33AA38DBF919}.Corporate7EPUB|Any CPU.ActiveCfg = Corporate7EPUB|Any CPU
		{422C5127-260D-4F16-B476-33AA38DBF919}.Corporate7EPUB|Any CPU.Build.0 = Corporate7EPUB|Any CPU
		{422C5127-260D-4F16-B476-33AA38DBF919}.Corporate7EPUB|Mixed Platforms.ActiveCfg = Corporate7EPUB|x86
		{422C5127-260D-4F16-B476-33AA38DBF919}.Corporate7EPUB|Mixed Platforms.Build.0 = Corporate7EPUB|x86
		{422C5127-260D-4F16-B476-33AA38DBF919}.Corporate7EPUB|x86.ActiveCfg = Corporate7EPUB|x86
		{422C5127-260D-4F16-B476-33AA38DBF919}.Corporate7EPUB|x86.Build.0 = Corporate7EPUB|x86
		{422C5127-260D-4F16-B476-33AA38DBF919}.Corporate7SE|Any CPU.ActiveCfg = Corporate7SE|Any CPU
		{422C5127-260D-4F16-B476-33AA38DBF919}.Corporate7SE|Any CPU.Build.0 = Corporate7SE|Any CPU
		{422C5127-260D-4F16-B476-33AA38DBF919}.Corporate7SE|Mixed Platforms.ActiveCfg = Corporate7SE|x86
		{422C5127-260D-4F16-B476-33AA38DBF919}.Corporate7SE|Mixed Platforms.Build.0 = Corporate7SE|x86
		{422C5127-260D-4F16-B476-33AA38DBF919}.Corporate7SE|x86.ActiveCfg = Corporate7SE|Any CPU
		{422C5127-260D-4F16-B476-33AA38DBF919}.Corporate7SE|x86.Build.0 = Corporate7SE|Any CPU
		{422C5127-260D-4F16-B476-33AA38DBF919}.Debug|Any CPU.ActiveCfg = Debug|Any CPU
		{422C5127-260D-4F16-B476-33AA38DBF919}.Debug|Any CPU.Build.0 = Debug|Any CPU
		{422C5127-260D-4F16-B476-33AA38DBF919}.Debug|Mixed Platforms.ActiveCfg = Debug|x86
		{422C5127-260D-4F16-B476-33AA38DBF919}.Debug|Mixed Platforms.Build.0 = Debug|x86
		{422C5127-260D-4F16-B476-33AA38DBF919}.Debug|x86.ActiveCfg = Debug|Any CPU
		{422C5127-260D-4F16-B476-33AA38DBF919}.Debug|x86.Build.0 = Debug|Any CPU
		{422C5127-260D-4F16-B476-33AA38DBF919}.PathwayXeLaTeX|Any CPU.ActiveCfg = PathwayXeLaTeX|Any CPU
		{422C5127-260D-4F16-B476-33AA38DBF919}.PathwayXeLaTeX|Any CPU.Build.0 = PathwayXeLaTeX|Any CPU
		{422C5127-260D-4F16-B476-33AA38DBF919}.PathwayXeLaTeX|Mixed Platforms.ActiveCfg = PathwayXeLaTeX|x86
		{422C5127-260D-4F16-B476-33AA38DBF919}.PathwayXeLaTeX|Mixed Platforms.Build.0 = PathwayXeLaTeX|x86
		{422C5127-260D-4F16-B476-33AA38DBF919}.PathwayXeLaTeX|x86.ActiveCfg = PathwayXeLaTeX|x86
		{422C5127-260D-4F16-B476-33AA38DBF919}.PathwayXeLaTeX|x86.Build.0 = PathwayXeLaTeX|x86
		{422C5127-260D-4F16-B476-33AA38DBF919}.PathwayYouVersion|Any CPU.ActiveCfg = PathwayXeLaTeX|Any CPU
		{422C5127-260D-4F16-B476-33AA38DBF919}.PathwayYouVersion|Any CPU.Build.0 = PathwayXeLaTeX|Any CPU
		{422C5127-260D-4F16-B476-33AA38DBF919}.PathwayYouVersion|Mixed Platforms.ActiveCfg = PathwayXeLaTeX|x86
		{422C5127-260D-4F16-B476-33AA38DBF919}.PathwayYouVersion|Mixed Platforms.Build.0 = PathwayXeLaTeX|x86
		{422C5127-260D-4F16-B476-33AA38DBF919}.PathwayYouVersion|x86.ActiveCfg = PathwayXeLaTeX|x86
		{422C5127-260D-4F16-B476-33AA38DBF919}.PathwayYouVersion|x86.Build.0 = PathwayXeLaTeX|x86
		{422C5127-260D-4F16-B476-33AA38DBF919}.PwCtx|Any CPU.ActiveCfg = PathwayXeLaTeX|Any CPU
		{422C5127-260D-4F16-B476-33AA38DBF919}.PwCtx|Any CPU.Build.0 = PathwayXeLaTeX|Any CPU
		{422C5127-260D-4F16-B476-33AA38DBF919}.PwCtx|Mixed Platforms.ActiveCfg = PathwayXeLaTeX|x86
		{422C5127-260D-4F16-B476-33AA38DBF919}.PwCtx|Mixed Platforms.Build.0 = PathwayXeLaTeX|x86
		{422C5127-260D-4F16-B476-33AA38DBF919}.PwCtx|x86.ActiveCfg = PathwayXeLaTeX|x86
		{422C5127-260D-4F16-B476-33AA38DBF919}.PwCtx|x86.Build.0 = PathwayXeLaTeX|x86
		{422C5127-260D-4F16-B476-33AA38DBF919}.PwTxEx|Any CPU.ActiveCfg = PathwayXeLaTeX|Any CPU
		{422C5127-260D-4F16-B476-33AA38DBF919}.PwTxEx|Any CPU.Build.0 = PathwayXeLaTeX|Any CPU
		{422C5127-260D-4F16-B476-33AA38DBF919}.PwTxEx|Mixed Platforms.ActiveCfg = PathwayXeLaTeX|x86
		{422C5127-260D-4F16-B476-33AA38DBF919}.PwTxEx|Mixed Platforms.Build.0 = PathwayXeLaTeX|x86
		{422C5127-260D-4F16-B476-33AA38DBF919}.PwTxEx|x86.ActiveCfg = PathwayXeLaTeX|x86
		{422C5127-260D-4F16-B476-33AA38DBF919}.PwTxEx|x86.Build.0 = PathwayXeLaTeX|x86
		{422C5127-260D-4F16-B476-33AA38DBF919}.Release|Any CPU.ActiveCfg = Release7BTE|Any CPU
		{422C5127-260D-4F16-B476-33AA38DBF919}.Release|Any CPU.Build.0 = Release7BTE|Any CPU
		{422C5127-260D-4F16-B476-33AA38DBF919}.Release|Mixed Platforms.ActiveCfg = Release7SE|x86
		{422C5127-260D-4F16-B476-33AA38DBF919}.Release|Mixed Platforms.Build.0 = Release7SE|x86
		{422C5127-260D-4F16-B476-33AA38DBF919}.Release|x86.ActiveCfg = Release7SE|x86
		{422C5127-260D-4F16-B476-33AA38DBF919}.Release|x86.Build.0 = Release7SE|x86
		{422C5127-260D-4F16-B476-33AA38DBF919}.Release7BTE|Any CPU.ActiveCfg = Release7BTE|Any CPU
		{422C5127-260D-4F16-B476-33AA38DBF919}.Release7BTE|Any CPU.Build.0 = Release7BTE|Any CPU
		{422C5127-260D-4F16-B476-33AA38DBF919}.Release7BTE|Mixed Platforms.ActiveCfg = Release7BTE|x86
		{422C5127-260D-4F16-B476-33AA38DBF919}.Release7BTE|Mixed Platforms.Build.0 = Release7BTE|x86
		{422C5127-260D-4F16-B476-33AA38DBF919}.Release7BTE|x86.ActiveCfg = Release7BTE|Any CPU
		{422C5127-260D-4F16-B476-33AA38DBF919}.Release7BTE|x86.Build.0 = Release7BTE|Any CPU
		{422C5127-260D-4F16-B476-33AA38DBF919}.Release7SE|Any CPU.ActiveCfg = Release7SE|Any CPU
		{422C5127-260D-4F16-B476-33AA38DBF919}.Release7SE|Any CPU.Build.0 = Release7SE|Any CPU
		{422C5127-260D-4F16-B476-33AA38DBF919}.Release7SE|Mixed Platforms.ActiveCfg = Release7SE|x86
		{422C5127-260D-4F16-B476-33AA38DBF919}.Release7SE|Mixed Platforms.Build.0 = Release7SE|x86
		{422C5127-260D-4F16-B476-33AA38DBF919}.Release7SE|x86.ActiveCfg = Release7SE|Any CPU
		{422C5127-260D-4F16-B476-33AA38DBF919}.Release7SE|x86.Build.0 = Release7SE|Any CPU
		{EB7EB8FE-6414-4C53-B5E6-54352EE25364}.Checking|Any CPU.ActiveCfg = Corporate7EPUB|Any CPU
		{EB7EB8FE-6414-4C53-B5E6-54352EE25364}.Checking|Any CPU.Build.0 = Corporate7EPUB|Any CPU
		{EB7EB8FE-6414-4C53-B5E6-54352EE25364}.Checking|Mixed Platforms.ActiveCfg = Corporate7EPUB|x86
		{EB7EB8FE-6414-4C53-B5E6-54352EE25364}.Checking|Mixed Platforms.Build.0 = Corporate7EPUB|x86
		{EB7EB8FE-6414-4C53-B5E6-54352EE25364}.Checking|x86.ActiveCfg = Corporate7EPUB|x86
		{EB7EB8FE-6414-4C53-B5E6-54352EE25364}.Checking|x86.Build.0 = Corporate7EPUB|x86
		{EB7EB8FE-6414-4C53-B5E6-54352EE25364}.Corporate7BTE|Any CPU.ActiveCfg = Corporate7BTE|Any CPU
		{EB7EB8FE-6414-4C53-B5E6-54352EE25364}.Corporate7BTE|Any CPU.Build.0 = Corporate7BTE|Any CPU
		{EB7EB8FE-6414-4C53-B5E6-54352EE25364}.Corporate7BTE|Mixed Platforms.ActiveCfg = Corporate7BTE|x86
		{EB7EB8FE-6414-4C53-B5E6-54352EE25364}.Corporate7BTE|Mixed Platforms.Build.0 = Corporate7BTE|x86
		{EB7EB8FE-6414-4C53-B5E6-54352EE25364}.Corporate7BTE|x86.ActiveCfg = Corporate7BTE|Any CPU
		{EB7EB8FE-6414-4C53-B5E6-54352EE25364}.Corporate7BTE|x86.Build.0 = Corporate7BTE|Any CPU
		{EB7EB8FE-6414-4C53-B5E6-54352EE25364}.Corporate7EPUB|Any CPU.ActiveCfg = Corporate7EPUB|Any CPU
		{EB7EB8FE-6414-4C53-B5E6-54352EE25364}.Corporate7EPUB|Any CPU.Build.0 = Corporate7EPUB|Any CPU
		{EB7EB8FE-6414-4C53-B5E6-54352EE25364}.Corporate7EPUB|Mixed Platforms.ActiveCfg = Corporate7EPUB|x86
		{EB7EB8FE-6414-4C53-B5E6-54352EE25364}.Corporate7EPUB|Mixed Platforms.Build.0 = Corporate7EPUB|x86
		{EB7EB8FE-6414-4C53-B5E6-54352EE25364}.Corporate7EPUB|x86.ActiveCfg = Corporate7EPUB|x86
		{EB7EB8FE-6414-4C53-B5E6-54352EE25364}.Corporate7EPUB|x86.Build.0 = Corporate7EPUB|x86
		{EB7EB8FE-6414-4C53-B5E6-54352EE25364}.Corporate7SE|Any CPU.ActiveCfg = Corporate7SE|Any CPU
		{EB7EB8FE-6414-4C53-B5E6-54352EE25364}.Corporate7SE|Any CPU.Build.0 = Corporate7SE|Any CPU
		{EB7EB8FE-6414-4C53-B5E6-54352EE25364}.Corporate7SE|Mixed Platforms.ActiveCfg = Corporate7SE|x86
		{EB7EB8FE-6414-4C53-B5E6-54352EE25364}.Corporate7SE|Mixed Platforms.Build.0 = Corporate7SE|x86
		{EB7EB8FE-6414-4C53-B5E6-54352EE25364}.Corporate7SE|x86.ActiveCfg = Corporate7SE|Any CPU
		{EB7EB8FE-6414-4C53-B5E6-54352EE25364}.Corporate7SE|x86.Build.0 = Corporate7SE|Any CPU
		{EB7EB8FE-6414-4C53-B5E6-54352EE25364}.Debug|Any CPU.ActiveCfg = Debug|Any CPU
		{EB7EB8FE-6414-4C53-B5E6-54352EE25364}.Debug|Any CPU.Build.0 = Debug|Any CPU
		{EB7EB8FE-6414-4C53-B5E6-54352EE25364}.Debug|Mixed Platforms.ActiveCfg = Debug|x86
		{EB7EB8FE-6414-4C53-B5E6-54352EE25364}.Debug|Mixed Platforms.Build.0 = Debug|x86
		{EB7EB8FE-6414-4C53-B5E6-54352EE25364}.Debug|x86.ActiveCfg = Debug|Any CPU
		{EB7EB8FE-6414-4C53-B5E6-54352EE25364}.Debug|x86.Build.0 = Debug|Any CPU
		{EB7EB8FE-6414-4C53-B5E6-54352EE25364}.PathwayXeLaTeX|Any CPU.ActiveCfg = PathwayXeLaTeX|Any CPU
		{EB7EB8FE-6414-4C53-B5E6-54352EE25364}.PathwayXeLaTeX|Any CPU.Build.0 = PathwayXeLaTeX|Any CPU
		{EB7EB8FE-6414-4C53-B5E6-54352EE25364}.PathwayXeLaTeX|Mixed Platforms.ActiveCfg = PathwayXeLaTeX|x86
		{EB7EB8FE-6414-4C53-B5E6-54352EE25364}.PathwayXeLaTeX|Mixed Platforms.Build.0 = PathwayXeLaTeX|x86
		{EB7EB8FE-6414-4C53-B5E6-54352EE25364}.PathwayXeLaTeX|x86.ActiveCfg = PathwayXeLaTeX|x86
		{EB7EB8FE-6414-4C53-B5E6-54352EE25364}.PathwayYouVersion|Any CPU.ActiveCfg = PathwayXeLaTeX|Any CPU
		{EB7EB8FE-6414-4C53-B5E6-54352EE25364}.PathwayYouVersion|Any CPU.Build.0 = PathwayXeLaTeX|Any CPU
		{EB7EB8FE-6414-4C53-B5E6-54352EE25364}.PathwayYouVersion|Mixed Platforms.ActiveCfg = PathwayXeLaTeX|x86
		{EB7EB8FE-6414-4C53-B5E6-54352EE25364}.PathwayYouVersion|Mixed Platforms.Build.0 = PathwayXeLaTeX|x86
		{EB7EB8FE-6414-4C53-B5E6-54352EE25364}.PathwayYouVersion|x86.ActiveCfg = PathwayXeLaTeX|x86
		{EB7EB8FE-6414-4C53-B5E6-54352EE25364}.PathwayYouVersion|x86.Build.0 = PathwayXeLaTeX|x86
		{EB7EB8FE-6414-4C53-B5E6-54352EE25364}.PwCtx|Any CPU.ActiveCfg = PathwayXeLaTeX|Any CPU
		{EB7EB8FE-6414-4C53-B5E6-54352EE25364}.PwCtx|Any CPU.Build.0 = PathwayXeLaTeX|Any CPU
		{EB7EB8FE-6414-4C53-B5E6-54352EE25364}.PwCtx|Mixed Platforms.ActiveCfg = PathwayXeLaTeX|x86
		{EB7EB8FE-6414-4C53-B5E6-54352EE25364}.PwCtx|Mixed Platforms.Build.0 = PathwayXeLaTeX|x86
		{EB7EB8FE-6414-4C53-B5E6-54352EE25364}.PwCtx|x86.ActiveCfg = PathwayXeLaTeX|x86
		{EB7EB8FE-6414-4C53-B5E6-54352EE25364}.PwCtx|x86.Build.0 = PathwayXeLaTeX|x86
		{EB7EB8FE-6414-4C53-B5E6-54352EE25364}.PwTxEx|Any CPU.ActiveCfg = PathwayXeLaTeX|Any CPU
		{EB7EB8FE-6414-4C53-B5E6-54352EE25364}.PwTxEx|Any CPU.Build.0 = PathwayXeLaTeX|Any CPU
		{EB7EB8FE-6414-4C53-B5E6-54352EE25364}.PwTxEx|Mixed Platforms.ActiveCfg = PathwayXeLaTeX|x86
		{EB7EB8FE-6414-4C53-B5E6-54352EE25364}.PwTxEx|Mixed Platforms.Build.0 = PathwayXeLaTeX|x86
		{EB7EB8FE-6414-4C53-B5E6-54352EE25364}.PwTxEx|x86.ActiveCfg = PathwayXeLaTeX|x86
		{EB7EB8FE-6414-4C53-B5E6-54352EE25364}.PwTxEx|x86.Build.0 = PathwayXeLaTeX|x86
		{EB7EB8FE-6414-4C53-B5E6-54352EE25364}.Release|Any CPU.ActiveCfg = Release7BTE|Any CPU
		{EB7EB8FE-6414-4C53-B5E6-54352EE25364}.Release|Any CPU.Build.0 = Release7BTE|Any CPU
		{EB7EB8FE-6414-4C53-B5E6-54352EE25364}.Release|Mixed Platforms.ActiveCfg = Release7SE|x86
		{EB7EB8FE-6414-4C53-B5E6-54352EE25364}.Release|Mixed Platforms.Build.0 = Release7SE|x86
		{EB7EB8FE-6414-4C53-B5E6-54352EE25364}.Release|x86.ActiveCfg = Release7SE|x86
		{EB7EB8FE-6414-4C53-B5E6-54352EE25364}.Release|x86.Build.0 = Release7SE|x86
		{EB7EB8FE-6414-4C53-B5E6-54352EE25364}.Release7BTE|Any CPU.ActiveCfg = Release7BTE|Any CPU
		{EB7EB8FE-6414-4C53-B5E6-54352EE25364}.Release7BTE|Any CPU.Build.0 = Release7BTE|Any CPU
		{EB7EB8FE-6414-4C53-B5E6-54352EE25364}.Release7BTE|Mixed Platforms.ActiveCfg = Release7BTE|x86
		{EB7EB8FE-6414-4C53-B5E6-54352EE25364}.Release7BTE|Mixed Platforms.Build.0 = Release7BTE|x86
		{EB7EB8FE-6414-4C53-B5E6-54352EE25364}.Release7BTE|x86.ActiveCfg = Release7BTE|Any CPU
		{EB7EB8FE-6414-4C53-B5E6-54352EE25364}.Release7BTE|x86.Build.0 = Release7BTE|Any CPU
		{EB7EB8FE-6414-4C53-B5E6-54352EE25364}.Release7SE|Any CPU.ActiveCfg = Release7SE|Any CPU
		{EB7EB8FE-6414-4C53-B5E6-54352EE25364}.Release7SE|Any CPU.Build.0 = Release7SE|Any CPU
		{EB7EB8FE-6414-4C53-B5E6-54352EE25364}.Release7SE|Mixed Platforms.ActiveCfg = Release7SE|x86
		{EB7EB8FE-6414-4C53-B5E6-54352EE25364}.Release7SE|Mixed Platforms.Build.0 = Release7SE|x86
		{EB7EB8FE-6414-4C53-B5E6-54352EE25364}.Release7SE|x86.ActiveCfg = Release7SE|Any CPU
		{EB7EB8FE-6414-4C53-B5E6-54352EE25364}.Release7SE|x86.Build.0 = Release7SE|Any CPU
		{749D4FCD-5100-46C8-AE73-50873CB5CEC0}.Checking|Any CPU.ActiveCfg = Corporate7EPUB|Any CPU
		{749D4FCD-5100-46C8-AE73-50873CB5CEC0}.Checking|Any CPU.Build.0 = Corporate7EPUB|Any CPU
		{749D4FCD-5100-46C8-AE73-50873CB5CEC0}.Checking|Mixed Platforms.ActiveCfg = Corporate7EPUB|x86
		{749D4FCD-5100-46C8-AE73-50873CB5CEC0}.Checking|Mixed Platforms.Build.0 = Corporate7EPUB|x86
		{749D4FCD-5100-46C8-AE73-50873CB5CEC0}.Checking|x86.ActiveCfg = Corporate7EPUB|x86
		{749D4FCD-5100-46C8-AE73-50873CB5CEC0}.Checking|x86.Build.0 = Corporate7EPUB|x86
		{749D4FCD-5100-46C8-AE73-50873CB5CEC0}.Corporate7BTE|Any CPU.ActiveCfg = Corporate7BTE|Any CPU
		{749D4FCD-5100-46C8-AE73-50873CB5CEC0}.Corporate7BTE|Any CPU.Build.0 = Corporate7BTE|Any CPU
		{749D4FCD-5100-46C8-AE73-50873CB5CEC0}.Corporate7BTE|Mixed Platforms.ActiveCfg = Corporate7BTE|x86
		{749D4FCD-5100-46C8-AE73-50873CB5CEC0}.Corporate7BTE|Mixed Platforms.Build.0 = Corporate7BTE|x86
		{749D4FCD-5100-46C8-AE73-50873CB5CEC0}.Corporate7BTE|x86.ActiveCfg = Corporate7BTE|Any CPU
		{749D4FCD-5100-46C8-AE73-50873CB5CEC0}.Corporate7BTE|x86.Build.0 = Corporate7BTE|Any CPU
		{749D4FCD-5100-46C8-AE73-50873CB5CEC0}.Corporate7EPUB|Any CPU.ActiveCfg = Corporate7EPUB|Any CPU
		{749D4FCD-5100-46C8-AE73-50873CB5CEC0}.Corporate7EPUB|Any CPU.Build.0 = Corporate7EPUB|Any CPU
		{749D4FCD-5100-46C8-AE73-50873CB5CEC0}.Corporate7EPUB|Mixed Platforms.ActiveCfg = Corporate7EPUB|x86
		{749D4FCD-5100-46C8-AE73-50873CB5CEC0}.Corporate7EPUB|Mixed Platforms.Build.0 = Corporate7EPUB|x86
		{749D4FCD-5100-46C8-AE73-50873CB5CEC0}.Corporate7EPUB|x86.ActiveCfg = Corporate7EPUB|x86
		{749D4FCD-5100-46C8-AE73-50873CB5CEC0}.Corporate7EPUB|x86.Build.0 = Corporate7EPUB|x86
		{749D4FCD-5100-46C8-AE73-50873CB5CEC0}.Corporate7SE|Any CPU.ActiveCfg = Corporate7SE|Any CPU
		{749D4FCD-5100-46C8-AE73-50873CB5CEC0}.Corporate7SE|Any CPU.Build.0 = Corporate7SE|Any CPU
		{749D4FCD-5100-46C8-AE73-50873CB5CEC0}.Corporate7SE|Mixed Platforms.ActiveCfg = Corporate7SE|x86
		{749D4FCD-5100-46C8-AE73-50873CB5CEC0}.Corporate7SE|Mixed Platforms.Build.0 = Corporate7SE|x86
		{749D4FCD-5100-46C8-AE73-50873CB5CEC0}.Corporate7SE|x86.ActiveCfg = Corporate7SE|Any CPU
		{749D4FCD-5100-46C8-AE73-50873CB5CEC0}.Corporate7SE|x86.Build.0 = Corporate7SE|Any CPU
		{749D4FCD-5100-46C8-AE73-50873CB5CEC0}.Debug|Any CPU.ActiveCfg = Debug|Any CPU
		{749D4FCD-5100-46C8-AE73-50873CB5CEC0}.Debug|Any CPU.Build.0 = Debug|Any CPU
		{749D4FCD-5100-46C8-AE73-50873CB5CEC0}.Debug|Mixed Platforms.ActiveCfg = Debug|x86
		{749D4FCD-5100-46C8-AE73-50873CB5CEC0}.Debug|Mixed Platforms.Build.0 = Debug|x86
		{749D4FCD-5100-46C8-AE73-50873CB5CEC0}.Debug|x86.ActiveCfg = Debug|Any CPU
		{749D4FCD-5100-46C8-AE73-50873CB5CEC0}.Debug|x86.Build.0 = Debug|Any CPU
		{749D4FCD-5100-46C8-AE73-50873CB5CEC0}.PathwayXeLaTeX|Any CPU.ActiveCfg = PathwayXeLaTeX|Any CPU
		{749D4FCD-5100-46C8-AE73-50873CB5CEC0}.PathwayXeLaTeX|Any CPU.Build.0 = PathwayXeLaTeX|Any CPU
		{749D4FCD-5100-46C8-AE73-50873CB5CEC0}.PathwayXeLaTeX|Mixed Platforms.ActiveCfg = PathwayXeLaTeX|x86
		{749D4FCD-5100-46C8-AE73-50873CB5CEC0}.PathwayXeLaTeX|Mixed Platforms.Build.0 = PathwayXeLaTeX|x86
		{749D4FCD-5100-46C8-AE73-50873CB5CEC0}.PathwayXeLaTeX|x86.ActiveCfg = PathwayXeLaTeX|x86
		{749D4FCD-5100-46C8-AE73-50873CB5CEC0}.PathwayYouVersion|Any CPU.ActiveCfg = PathwayXeLaTeX|Any CPU
		{749D4FCD-5100-46C8-AE73-50873CB5CEC0}.PathwayYouVersion|Any CPU.Build.0 = PathwayXeLaTeX|Any CPU
		{749D4FCD-5100-46C8-AE73-50873CB5CEC0}.PathwayYouVersion|Mixed Platforms.ActiveCfg = PathwayXeLaTeX|x86
		{749D4FCD-5100-46C8-AE73-50873CB5CEC0}.PathwayYouVersion|Mixed Platforms.Build.0 = PathwayXeLaTeX|x86
		{749D4FCD-5100-46C8-AE73-50873CB5CEC0}.PathwayYouVersion|x86.ActiveCfg = PathwayXeLaTeX|x86
		{749D4FCD-5100-46C8-AE73-50873CB5CEC0}.PathwayYouVersion|x86.Build.0 = PathwayXeLaTeX|x86
		{749D4FCD-5100-46C8-AE73-50873CB5CEC0}.PwCtx|Any CPU.ActiveCfg = PathwayXeLaTeX|Any CPU
		{749D4FCD-5100-46C8-AE73-50873CB5CEC0}.PwCtx|Any CPU.Build.0 = PathwayXeLaTeX|Any CPU
		{749D4FCD-5100-46C8-AE73-50873CB5CEC0}.PwCtx|Mixed Platforms.ActiveCfg = PathwayXeLaTeX|x86
		{749D4FCD-5100-46C8-AE73-50873CB5CEC0}.PwCtx|Mixed Platforms.Build.0 = PathwayXeLaTeX|x86
		{749D4FCD-5100-46C8-AE73-50873CB5CEC0}.PwCtx|x86.ActiveCfg = PathwayXeLaTeX|x86
		{749D4FCD-5100-46C8-AE73-50873CB5CEC0}.PwCtx|x86.Build.0 = PathwayXeLaTeX|x86
		{749D4FCD-5100-46C8-AE73-50873CB5CEC0}.PwTxEx|Any CPU.ActiveCfg = PathwayXeLaTeX|Any CPU
		{749D4FCD-5100-46C8-AE73-50873CB5CEC0}.PwTxEx|Any CPU.Build.0 = PathwayXeLaTeX|Any CPU
		{749D4FCD-5100-46C8-AE73-50873CB5CEC0}.PwTxEx|Mixed Platforms.ActiveCfg = PathwayXeLaTeX|x86
		{749D4FCD-5100-46C8-AE73-50873CB5CEC0}.PwTxEx|Mixed Platforms.Build.0 = PathwayXeLaTeX|x86
		{749D4FCD-5100-46C8-AE73-50873CB5CEC0}.PwTxEx|x86.ActiveCfg = PathwayXeLaTeX|x86
		{749D4FCD-5100-46C8-AE73-50873CB5CEC0}.PwTxEx|x86.Build.0 = PathwayXeLaTeX|x86
		{749D4FCD-5100-46C8-AE73-50873CB5CEC0}.Release|Any CPU.ActiveCfg = Release7BTE|Any CPU
		{749D4FCD-5100-46C8-AE73-50873CB5CEC0}.Release|Any CPU.Build.0 = Release7BTE|Any CPU
		{749D4FCD-5100-46C8-AE73-50873CB5CEC0}.Release|Mixed Platforms.ActiveCfg = Release7SE|x86
		{749D4FCD-5100-46C8-AE73-50873CB5CEC0}.Release|Mixed Platforms.Build.0 = Release7SE|x86
		{749D4FCD-5100-46C8-AE73-50873CB5CEC0}.Release|x86.ActiveCfg = Release7SE|x86
		{749D4FCD-5100-46C8-AE73-50873CB5CEC0}.Release|x86.Build.0 = Release7SE|x86
		{749D4FCD-5100-46C8-AE73-50873CB5CEC0}.Release7BTE|Any CPU.ActiveCfg = Release7BTE|Any CPU
		{749D4FCD-5100-46C8-AE73-50873CB5CEC0}.Release7BTE|Any CPU.Build.0 = Release7BTE|Any CPU
		{749D4FCD-5100-46C8-AE73-50873CB5CEC0}.Release7BTE|Mixed Platforms.ActiveCfg = Release7BTE|x86
		{749D4FCD-5100-46C8-AE73-50873CB5CEC0}.Release7BTE|Mixed Platforms.Build.0 = Release7BTE|x86
		{749D4FCD-5100-46C8-AE73-50873CB5CEC0}.Release7BTE|x86.ActiveCfg = Release7BTE|Any CPU
		{749D4FCD-5100-46C8-AE73-50873CB5CEC0}.Release7BTE|x86.Build.0 = Release7BTE|Any CPU
		{749D4FCD-5100-46C8-AE73-50873CB5CEC0}.Release7SE|Any CPU.ActiveCfg = Release7SE|Any CPU
		{749D4FCD-5100-46C8-AE73-50873CB5CEC0}.Release7SE|Any CPU.Build.0 = Release7SE|Any CPU
		{749D4FCD-5100-46C8-AE73-50873CB5CEC0}.Release7SE|Mixed Platforms.ActiveCfg = Release7SE|x86
		{749D4FCD-5100-46C8-AE73-50873CB5CEC0}.Release7SE|Mixed Platforms.Build.0 = Release7SE|x86
		{749D4FCD-5100-46C8-AE73-50873CB5CEC0}.Release7SE|x86.ActiveCfg = Release7SE|Any CPU
		{749D4FCD-5100-46C8-AE73-50873CB5CEC0}.Release7SE|x86.Build.0 = Release7SE|Any CPU
		{D6A2BF1C-774E-4118-830F-23D60DE0A9A9}.Checking|Any CPU.ActiveCfg = Corporate7EPUB|Any CPU
		{D6A2BF1C-774E-4118-830F-23D60DE0A9A9}.Checking|Any CPU.Build.0 = Corporate7EPUB|Any CPU
		{D6A2BF1C-774E-4118-830F-23D60DE0A9A9}.Checking|Mixed Platforms.ActiveCfg = Corporate7EPUB|x86
		{D6A2BF1C-774E-4118-830F-23D60DE0A9A9}.Checking|Mixed Platforms.Build.0 = Corporate7EPUB|x86
		{D6A2BF1C-774E-4118-830F-23D60DE0A9A9}.Checking|x86.ActiveCfg = Corporate7EPUB|x86
		{D6A2BF1C-774E-4118-830F-23D60DE0A9A9}.Checking|x86.Build.0 = Corporate7EPUB|x86
		{D6A2BF1C-774E-4118-830F-23D60DE0A9A9}.Corporate7BTE|Any CPU.ActiveCfg = Corporate7BTE|Any CPU
		{D6A2BF1C-774E-4118-830F-23D60DE0A9A9}.Corporate7BTE|Any CPU.Build.0 = Corporate7BTE|Any CPU
		{D6A2BF1C-774E-4118-830F-23D60DE0A9A9}.Corporate7BTE|Mixed Platforms.ActiveCfg = Corporate7BTE|x86
		{D6A2BF1C-774E-4118-830F-23D60DE0A9A9}.Corporate7BTE|Mixed Platforms.Build.0 = Corporate7BTE|x86
		{D6A2BF1C-774E-4118-830F-23D60DE0A9A9}.Corporate7BTE|x86.ActiveCfg = Corporate7BTE|Any CPU
		{D6A2BF1C-774E-4118-830F-23D60DE0A9A9}.Corporate7BTE|x86.Build.0 = Corporate7BTE|Any CPU
		{D6A2BF1C-774E-4118-830F-23D60DE0A9A9}.Corporate7EPUB|Any CPU.ActiveCfg = Corporate7EPUB|Any CPU
		{D6A2BF1C-774E-4118-830F-23D60DE0A9A9}.Corporate7EPUB|Any CPU.Build.0 = Corporate7EPUB|Any CPU
		{D6A2BF1C-774E-4118-830F-23D60DE0A9A9}.Corporate7EPUB|Mixed Platforms.ActiveCfg = Corporate7EPUB|x86
		{D6A2BF1C-774E-4118-830F-23D60DE0A9A9}.Corporate7EPUB|Mixed Platforms.Build.0 = Corporate7EPUB|x86
		{D6A2BF1C-774E-4118-830F-23D60DE0A9A9}.Corporate7EPUB|x86.ActiveCfg = Corporate7EPUB|x86
		{D6A2BF1C-774E-4118-830F-23D60DE0A9A9}.Corporate7EPUB|x86.Build.0 = Corporate7EPUB|x86
		{D6A2BF1C-774E-4118-830F-23D60DE0A9A9}.Corporate7SE|Any CPU.ActiveCfg = Corporate7SE|Any CPU
		{D6A2BF1C-774E-4118-830F-23D60DE0A9A9}.Corporate7SE|Any CPU.Build.0 = Corporate7SE|Any CPU
		{D6A2BF1C-774E-4118-830F-23D60DE0A9A9}.Corporate7SE|Mixed Platforms.ActiveCfg = Corporate7SE|x86
		{D6A2BF1C-774E-4118-830F-23D60DE0A9A9}.Corporate7SE|Mixed Platforms.Build.0 = Corporate7SE|x86
		{D6A2BF1C-774E-4118-830F-23D60DE0A9A9}.Corporate7SE|x86.ActiveCfg = Corporate7SE|Any CPU
		{D6A2BF1C-774E-4118-830F-23D60DE0A9A9}.Corporate7SE|x86.Build.0 = Corporate7SE|Any CPU
		{D6A2BF1C-774E-4118-830F-23D60DE0A9A9}.Debug|Any CPU.ActiveCfg = Debug|Any CPU
		{D6A2BF1C-774E-4118-830F-23D60DE0A9A9}.Debug|Any CPU.Build.0 = Debug|Any CPU
		{D6A2BF1C-774E-4118-830F-23D60DE0A9A9}.Debug|Mixed Platforms.ActiveCfg = Debug|x86
		{D6A2BF1C-774E-4118-830F-23D60DE0A9A9}.Debug|Mixed Platforms.Build.0 = Debug|x86
		{D6A2BF1C-774E-4118-830F-23D60DE0A9A9}.Debug|x86.ActiveCfg = Debug|Any CPU
		{D6A2BF1C-774E-4118-830F-23D60DE0A9A9}.Debug|x86.Build.0 = Debug|Any CPU
		{D6A2BF1C-774E-4118-830F-23D60DE0A9A9}.PathwayXeLaTeX|Any CPU.ActiveCfg = PathwayXeLaTeX|Any CPU
		{D6A2BF1C-774E-4118-830F-23D60DE0A9A9}.PathwayXeLaTeX|Any CPU.Build.0 = PathwayXeLaTeX|Any CPU
		{D6A2BF1C-774E-4118-830F-23D60DE0A9A9}.PathwayXeLaTeX|Mixed Platforms.ActiveCfg = PathwayXeLaTeX|x86
		{D6A2BF1C-774E-4118-830F-23D60DE0A9A9}.PathwayXeLaTeX|Mixed Platforms.Build.0 = PathwayXeLaTeX|x86
		{D6A2BF1C-774E-4118-830F-23D60DE0A9A9}.PathwayXeLaTeX|x86.ActiveCfg = PathwayXeLaTeX|x86
		{D6A2BF1C-774E-4118-830F-23D60DE0A9A9}.PathwayYouVersion|Any CPU.ActiveCfg = PathwayXeLaTeX|Any CPU
		{D6A2BF1C-774E-4118-830F-23D60DE0A9A9}.PathwayYouVersion|Any CPU.Build.0 = PathwayXeLaTeX|Any CPU
		{D6A2BF1C-774E-4118-830F-23D60DE0A9A9}.PathwayYouVersion|Mixed Platforms.ActiveCfg = PathwayXeLaTeX|x86
		{D6A2BF1C-774E-4118-830F-23D60DE0A9A9}.PathwayYouVersion|Mixed Platforms.Build.0 = PathwayXeLaTeX|x86
		{D6A2BF1C-774E-4118-830F-23D60DE0A9A9}.PathwayYouVersion|x86.ActiveCfg = PathwayXeLaTeX|x86
		{D6A2BF1C-774E-4118-830F-23D60DE0A9A9}.PathwayYouVersion|x86.Build.0 = PathwayXeLaTeX|x86
		{D6A2BF1C-774E-4118-830F-23D60DE0A9A9}.PwCtx|Any CPU.ActiveCfg = PathwayXeLaTeX|Any CPU
		{D6A2BF1C-774E-4118-830F-23D60DE0A9A9}.PwCtx|Any CPU.Build.0 = PathwayXeLaTeX|Any CPU
		{D6A2BF1C-774E-4118-830F-23D60DE0A9A9}.PwCtx|Mixed Platforms.ActiveCfg = PathwayXeLaTeX|x86
		{D6A2BF1C-774E-4118-830F-23D60DE0A9A9}.PwCtx|Mixed Platforms.Build.0 = PathwayXeLaTeX|x86
		{D6A2BF1C-774E-4118-830F-23D60DE0A9A9}.PwCtx|x86.ActiveCfg = PathwayXeLaTeX|x86
		{D6A2BF1C-774E-4118-830F-23D60DE0A9A9}.PwCtx|x86.Build.0 = PathwayXeLaTeX|x86
		{D6A2BF1C-774E-4118-830F-23D60DE0A9A9}.PwTxEx|Any CPU.ActiveCfg = PathwayXeLaTeX|Any CPU
		{D6A2BF1C-774E-4118-830F-23D60DE0A9A9}.PwTxEx|Any CPU.Build.0 = PathwayXeLaTeX|Any CPU
		{D6A2BF1C-774E-4118-830F-23D60DE0A9A9}.PwTxEx|Mixed Platforms.ActiveCfg = PathwayXeLaTeX|x86
		{D6A2BF1C-774E-4118-830F-23D60DE0A9A9}.PwTxEx|Mixed Platforms.Build.0 = PathwayXeLaTeX|x86
		{D6A2BF1C-774E-4118-830F-23D60DE0A9A9}.PwTxEx|x86.ActiveCfg = PathwayXeLaTeX|x86
		{D6A2BF1C-774E-4118-830F-23D60DE0A9A9}.PwTxEx|x86.Build.0 = PathwayXeLaTeX|x86
		{D6A2BF1C-774E-4118-830F-23D60DE0A9A9}.Release|Any CPU.ActiveCfg = Release7BTE|Any CPU
		{D6A2BF1C-774E-4118-830F-23D60DE0A9A9}.Release|Any CPU.Build.0 = Release7BTE|Any CPU
		{D6A2BF1C-774E-4118-830F-23D60DE0A9A9}.Release|Mixed Platforms.ActiveCfg = Release7SE|x86
		{D6A2BF1C-774E-4118-830F-23D60DE0A9A9}.Release|Mixed Platforms.Build.0 = Release7SE|x86
		{D6A2BF1C-774E-4118-830F-23D60DE0A9A9}.Release|x86.ActiveCfg = Release7SE|x86
		{D6A2BF1C-774E-4118-830F-23D60DE0A9A9}.Release|x86.Build.0 = Release7SE|x86
		{D6A2BF1C-774E-4118-830F-23D60DE0A9A9}.Release7BTE|Any CPU.ActiveCfg = Release7BTE|Any CPU
		{D6A2BF1C-774E-4118-830F-23D60DE0A9A9}.Release7BTE|Any CPU.Build.0 = Release7BTE|Any CPU
		{D6A2BF1C-774E-4118-830F-23D60DE0A9A9}.Release7BTE|Mixed Platforms.ActiveCfg = Release7BTE|x86
		{D6A2BF1C-774E-4118-830F-23D60DE0A9A9}.Release7BTE|Mixed Platforms.Build.0 = Release7BTE|x86
		{D6A2BF1C-774E-4118-830F-23D60DE0A9A9}.Release7BTE|x86.ActiveCfg = Release7BTE|Any CPU
		{D6A2BF1C-774E-4118-830F-23D60DE0A9A9}.Release7BTE|x86.Build.0 = Release7BTE|Any CPU
		{D6A2BF1C-774E-4118-830F-23D60DE0A9A9}.Release7SE|Any CPU.ActiveCfg = Release7SE|Any CPU
		{D6A2BF1C-774E-4118-830F-23D60DE0A9A9}.Release7SE|Any CPU.Build.0 = Release7SE|Any CPU
		{D6A2BF1C-774E-4118-830F-23D60DE0A9A9}.Release7SE|Mixed Platforms.ActiveCfg = Release7SE|x86
		{D6A2BF1C-774E-4118-830F-23D60DE0A9A9}.Release7SE|Mixed Platforms.Build.0 = Release7SE|x86
		{D6A2BF1C-774E-4118-830F-23D60DE0A9A9}.Release7SE|x86.ActiveCfg = Release7SE|Any CPU
		{D6A2BF1C-774E-4118-830F-23D60DE0A9A9}.Release7SE|x86.Build.0 = Release7SE|Any CPU
		{8FD33078-DF28-44DA-BE05-C9981EF9A214}.Checking|Any CPU.ActiveCfg = Corporate7EPUB|Any CPU
		{8FD33078-DF28-44DA-BE05-C9981EF9A214}.Checking|Any CPU.Build.0 = Corporate7EPUB|Any CPU
		{8FD33078-DF28-44DA-BE05-C9981EF9A214}.Checking|Mixed Platforms.ActiveCfg = Corporate7EPUB|x86
		{8FD33078-DF28-44DA-BE05-C9981EF9A214}.Checking|Mixed Platforms.Build.0 = Corporate7EPUB|x86
		{8FD33078-DF28-44DA-BE05-C9981EF9A214}.Checking|x86.ActiveCfg = Corporate7EPUB|x86
		{8FD33078-DF28-44DA-BE05-C9981EF9A214}.Checking|x86.Build.0 = Corporate7EPUB|x86
		{8FD33078-DF28-44DA-BE05-C9981EF9A214}.Corporate7BTE|Any CPU.ActiveCfg = Corporate7BTE|Any CPU
		{8FD33078-DF28-44DA-BE05-C9981EF9A214}.Corporate7BTE|Any CPU.Build.0 = Corporate7BTE|Any CPU
		{8FD33078-DF28-44DA-BE05-C9981EF9A214}.Corporate7BTE|Mixed Platforms.ActiveCfg = Corporate7BTE|x86
		{8FD33078-DF28-44DA-BE05-C9981EF9A214}.Corporate7BTE|Mixed Platforms.Build.0 = Corporate7BTE|x86
		{8FD33078-DF28-44DA-BE05-C9981EF9A214}.Corporate7BTE|x86.ActiveCfg = Corporate7BTE|x86
		{8FD33078-DF28-44DA-BE05-C9981EF9A214}.Corporate7BTE|x86.Build.0 = Corporate7BTE|x86
		{8FD33078-DF28-44DA-BE05-C9981EF9A214}.Corporate7EPUB|Any CPU.ActiveCfg = Corporate7EPUB|Any CPU
		{8FD33078-DF28-44DA-BE05-C9981EF9A214}.Corporate7EPUB|Any CPU.Build.0 = Corporate7EPUB|Any CPU
		{8FD33078-DF28-44DA-BE05-C9981EF9A214}.Corporate7EPUB|Mixed Platforms.ActiveCfg = Corporate7EPUB|x86
		{8FD33078-DF28-44DA-BE05-C9981EF9A214}.Corporate7EPUB|Mixed Platforms.Build.0 = Corporate7EPUB|x86
		{8FD33078-DF28-44DA-BE05-C9981EF9A214}.Corporate7EPUB|x86.ActiveCfg = Corporate7EPUB|x86
		{8FD33078-DF28-44DA-BE05-C9981EF9A214}.Corporate7EPUB|x86.Build.0 = Corporate7EPUB|x86
		{8FD33078-DF28-44DA-BE05-C9981EF9A214}.Corporate7SE|Any CPU.ActiveCfg = Corporate7SE|Any CPU
		{8FD33078-DF28-44DA-BE05-C9981EF9A214}.Corporate7SE|Mixed Platforms.ActiveCfg = Corporate7SE|x86
		{8FD33078-DF28-44DA-BE05-C9981EF9A214}.Corporate7SE|Mixed Platforms.Build.0 = Corporate7SE|x86
		{8FD33078-DF28-44DA-BE05-C9981EF9A214}.Corporate7SE|x86.ActiveCfg = Corporate7SE|x86
		{8FD33078-DF28-44DA-BE05-C9981EF9A214}.Debug|Any CPU.ActiveCfg = Debug|Any CPU
		{8FD33078-DF28-44DA-BE05-C9981EF9A214}.Debug|Any CPU.Build.0 = Debug|Any CPU
		{8FD33078-DF28-44DA-BE05-C9981EF9A214}.Debug|Mixed Platforms.ActiveCfg = Debug|x86
		{8FD33078-DF28-44DA-BE05-C9981EF9A214}.Debug|Mixed Platforms.Build.0 = Debug|x86
		{8FD33078-DF28-44DA-BE05-C9981EF9A214}.Debug|x86.ActiveCfg = Debug|x86
		{8FD33078-DF28-44DA-BE05-C9981EF9A214}.Debug|x86.Build.0 = Debug|x86
		{8FD33078-DF28-44DA-BE05-C9981EF9A214}.PathwayXeLaTeX|Any CPU.ActiveCfg = PathwayXeLaTeX|Any CPU
		{8FD33078-DF28-44DA-BE05-C9981EF9A214}.PathwayXeLaTeX|Any CPU.Build.0 = PathwayXeLaTeX|Any CPU
		{8FD33078-DF28-44DA-BE05-C9981EF9A214}.PathwayXeLaTeX|Mixed Platforms.ActiveCfg = PathwayXeLaTeX|x86
		{8FD33078-DF28-44DA-BE05-C9981EF9A214}.PathwayXeLaTeX|Mixed Platforms.Build.0 = PathwayXeLaTeX|x86
		{8FD33078-DF28-44DA-BE05-C9981EF9A214}.PathwayXeLaTeX|x86.ActiveCfg = PathwayXeLaTeX|x86
		{8FD33078-DF28-44DA-BE05-C9981EF9A214}.PathwayYouVersion|Any CPU.ActiveCfg = PathwayXeLaTeX|Any CPU
		{8FD33078-DF28-44DA-BE05-C9981EF9A214}.PathwayYouVersion|Any CPU.Build.0 = PathwayXeLaTeX|Any CPU
		{8FD33078-DF28-44DA-BE05-C9981EF9A214}.PathwayYouVersion|Mixed Platforms.ActiveCfg = PathwayXeLaTeX|x86
		{8FD33078-DF28-44DA-BE05-C9981EF9A214}.PathwayYouVersion|Mixed Platforms.Build.0 = PathwayXeLaTeX|x86
		{8FD33078-DF28-44DA-BE05-C9981EF9A214}.PathwayYouVersion|x86.ActiveCfg = PathwayXeLaTeX|x86
		{8FD33078-DF28-44DA-BE05-C9981EF9A214}.PathwayYouVersion|x86.Build.0 = PathwayXeLaTeX|x86
		{8FD33078-DF28-44DA-BE05-C9981EF9A214}.PwCtx|Any CPU.ActiveCfg = PathwayXeLaTeX|Any CPU
		{8FD33078-DF28-44DA-BE05-C9981EF9A214}.PwCtx|Any CPU.Build.0 = PathwayXeLaTeX|Any CPU
		{8FD33078-DF28-44DA-BE05-C9981EF9A214}.PwCtx|Mixed Platforms.ActiveCfg = PathwayXeLaTeX|x86
		{8FD33078-DF28-44DA-BE05-C9981EF9A214}.PwCtx|Mixed Platforms.Build.0 = PathwayXeLaTeX|x86
		{8FD33078-DF28-44DA-BE05-C9981EF9A214}.PwCtx|x86.ActiveCfg = PathwayXeLaTeX|x86
		{8FD33078-DF28-44DA-BE05-C9981EF9A214}.PwCtx|x86.Build.0 = PathwayXeLaTeX|x86
		{8FD33078-DF28-44DA-BE05-C9981EF9A214}.PwTxEx|Any CPU.ActiveCfg = PathwayXeLaTeX|Any CPU
		{8FD33078-DF28-44DA-BE05-C9981EF9A214}.PwTxEx|Any CPU.Build.0 = PathwayXeLaTeX|Any CPU
		{8FD33078-DF28-44DA-BE05-C9981EF9A214}.PwTxEx|Mixed Platforms.ActiveCfg = PathwayXeLaTeX|x86
		{8FD33078-DF28-44DA-BE05-C9981EF9A214}.PwTxEx|Mixed Platforms.Build.0 = PathwayXeLaTeX|x86
		{8FD33078-DF28-44DA-BE05-C9981EF9A214}.PwTxEx|x86.ActiveCfg = PathwayXeLaTeX|x86
		{8FD33078-DF28-44DA-BE05-C9981EF9A214}.PwTxEx|x86.Build.0 = PathwayXeLaTeX|x86
		{8FD33078-DF28-44DA-BE05-C9981EF9A214}.Release|Any CPU.ActiveCfg = Release7BTE|Any CPU
		{8FD33078-DF28-44DA-BE05-C9981EF9A214}.Release|Any CPU.Build.0 = Release7BTE|Any CPU
		{8FD33078-DF28-44DA-BE05-C9981EF9A214}.Release|Mixed Platforms.ActiveCfg = Release7SE|x86
		{8FD33078-DF28-44DA-BE05-C9981EF9A214}.Release|Mixed Platforms.Build.0 = Release7SE|x86
		{8FD33078-DF28-44DA-BE05-C9981EF9A214}.Release|x86.ActiveCfg = Release7SE|x86
		{8FD33078-DF28-44DA-BE05-C9981EF9A214}.Release|x86.Build.0 = Release7SE|x86
		{8FD33078-DF28-44DA-BE05-C9981EF9A214}.Release7BTE|Any CPU.ActiveCfg = Release7BTE|Any CPU
		{8FD33078-DF28-44DA-BE05-C9981EF9A214}.Release7BTE|Any CPU.Build.0 = Release7BTE|Any CPU
		{8FD33078-DF28-44DA-BE05-C9981EF9A214}.Release7BTE|Mixed Platforms.ActiveCfg = Release7BTE|x86
		{8FD33078-DF28-44DA-BE05-C9981EF9A214}.Release7BTE|Mixed Platforms.Build.0 = Release7BTE|x86
		{8FD33078-DF28-44DA-BE05-C9981EF9A214}.Release7BTE|x86.ActiveCfg = Release7BTE|x86
		{8FD33078-DF28-44DA-BE05-C9981EF9A214}.Release7BTE|x86.Build.0 = Release7BTE|x86
		{8FD33078-DF28-44DA-BE05-C9981EF9A214}.Release7SE|Any CPU.ActiveCfg = Release7SE|Any CPU
		{8FD33078-DF28-44DA-BE05-C9981EF9A214}.Release7SE|Mixed Platforms.ActiveCfg = Release7SE|x86
		{8FD33078-DF28-44DA-BE05-C9981EF9A214}.Release7SE|Mixed Platforms.Build.0 = Release7SE|x86
		{8FD33078-DF28-44DA-BE05-C9981EF9A214}.Release7SE|x86.ActiveCfg = Release7SE|x86
	EndGlobalSection
	GlobalSection(SolutionProperties) = preSolution
		HideSolutionNode = FALSE
	EndGlobalSection
	GlobalSection(MonoDevelopProperties) = preSolution
		StartupItem = ConfigurationTool\ConfigurationTool.csproj
	EndGlobalSection
EndGlobal
