
Microsoft Visual Studio Solution File, Format Version 10.00
# Visual Studio 2008
Project("{FAE04EC0-301F-11D3-BF4B-00C04F79EFBC}") = "CssParser60", "CssParser\CssParser60.csproj", "{B58FD9BA-1783-43F2-86D1-D79E1EACC365}"
	ProjectSection(ProjectDependencies) = postProject
		{CAC4D00A-07B8-459F-87C8-BFB537008B26} = {CAC4D00A-07B8-459F-87C8-BFB537008B26}
	EndProjectSection
EndProject
Project("{FAE04EC0-301F-11D3-BF4B-00C04F79EFBC}") = "InDesignConvert60", "InDesignConvert\InDesignConvert60.csproj", "{8D0D307D-3785-4561-A923-FF3DDF6C2F14}"
EndProject
Project("{FAE04EC0-301F-11D3-BF4B-00C04F79EFBC}") = "OpenOfficeConvert60", "OpenOfficeConvert\OpenOfficeConvert60.csproj", "{E225E5AF-B603-41D1-BB58-E3AAE05C59FD}"
EndProject
Project("{FAE04EC0-301F-11D3-BF4B-00C04F79EFBC}") = "PublishingSolutionEXE60", "PublishingSolutionExe\PublishingSolutionEXE60.csproj", "{C37AD0DF-7C87-4666-8335-35FDABFEAA45}"
	ProjectSection(ProjectDependencies) = postProject
		{E10D5643-1A82-4A3F-915B-92EC80C86815} = {E10D5643-1A82-4A3F-915B-92EC80C86815}
		{4DBF7F5A-F8A6-4B3D-B0B4-24DFBDFBAF56} = {4DBF7F5A-F8A6-4B3D-B0B4-24DFBDFBAF56}
		{E75BC85C-6240-45F0-ADBF-F0F80EEFD6D8} = {E75BC85C-6240-45F0-ADBF-F0F80EEFD6D8}
		{8D0D307D-3785-4561-A923-FF3DDF6C2F14} = {8D0D307D-3785-4561-A923-FF3DDF6C2F14}
		{12FE8988-5957-427D-BA6C-B4C601F5A558} = {12FE8988-5957-427D-BA6C-B4C601F5A558}
		{24E32D8C-5ECF-4263-98C1-C15D1A05ABDE} = {24E32D8C-5ECF-4263-98C1-C15D1A05ABDE}
		{E225E5AF-B603-41D1-BB58-E3AAE05C59FD} = {E225E5AF-B603-41D1-BB58-E3AAE05C59FD}
		{C7A3F4E5-1F86-4D22-AB4F-5BEA0D923DDD} = {C7A3F4E5-1F86-4D22-AB4F-5BEA0D923DDD}
	EndProjectSection
EndProject
Project("{2150E333-8FDC-42A3-9474-1A3956D46DE8}") = "Build", "Build", "{D2C923B7-DE53-481E-AC99-0A7D95A18FD5}"
EndProject
Project("{FAE04EC0-301F-11D3-BF4B-00C04F79EFBC}") = "Builder60", "Build\Builder\Builder60.csproj", "{9BCA3F9D-6F7D-44ED-97DD-0FA59197FD9C}"
	ProjectSection(ProjectDependencies) = postProject
		{DCD48287-7F36-4DBB-94CF-4FF617BF1F78} = {DCD48287-7F36-4DBB-94CF-4FF617BF1F78}
		{C37AD0DF-7C87-4666-8335-35FDABFEAA45} = {C37AD0DF-7C87-4666-8335-35FDABFEAA45}
	EndProjectSection
EndProject
Project("{FAE04EC0-301F-11D3-BF4B-00C04F79EFBC}") = "SetVersion60", "Build\SetVersion\SetVersion60.csproj", "{CAC4D00A-07B8-459F-87C8-BFB537008B26}"
EndProject
Project("{FAE04EC0-301F-11D3-BF4B-00C04F79EFBC}") = "PdfConvert60", "PdfConvert\PdfConvert60.csproj", "{E75BC85C-6240-45F0-ADBF-F0F80EEFD6D8}"
EndProject
Project("{FAE04EC0-301F-11D3-BF4B-00C04F79EFBC}") = "XeTeXConvert60", "XeTeXConvert\XeTeXConvert60.csproj", "{4DBF7F5A-F8A6-4B3D-B0B4-24DFBDFBAF56}"
EndProject
Project("{FAE04EC0-301F-11D3-BF4B-00C04F79EFBC}") = "BuilderBTE60", "Build\BuilderBTE\BuilderBTE60.csproj", "{2D463BB2-E681-4266-B883-E4E1406C92A4}"
	ProjectSection(ProjectDependencies) = postProject
		{C1ED7E03-C92E-4223-909B-E9C35A4D98E2} = {C1ED7E03-C92E-4223-909B-E9C35A4D98E2}
		{DCD48287-7F36-4DBB-94CF-4FF617BF1F78} = {DCD48287-7F36-4DBB-94CF-4FF617BF1F78}
	EndProjectSection
EndProject
Project("{FAE04EC0-301F-11D3-BF4B-00C04F79EFBC}") = "BuilderBL60", "Build\BuilderBL\BuilderBL60.csproj", "{B7D62460-1878-403A-AECD-2A16C5F3F975}"
EndProject
Project("{FAE04EC0-301F-11D3-BF4B-00C04F79EFBC}") = "BuilderSE60", "Build\BuilderSE\BuilderSE60.csproj", "{45E0EC5A-1DDA-416B-BDBE-642C3EB4B880}"
	ProjectSection(ProjectDependencies) = postProject
		{C1ED7E03-C92E-4223-909B-E9C35A4D98E2} = {C1ED7E03-C92E-4223-909B-E9C35A4D98E2}
		{DCD48287-7F36-4DBB-94CF-4FF617BF1F78} = {DCD48287-7F36-4DBB-94CF-4FF617BF1F78}
	EndProjectSection
EndProject
Project("{FAE04EC0-301F-11D3-BF4B-00C04F79EFBC}") = "GoBibleConvert60", "GoBibleConvert\GoBibleConvert60.csproj", "{C7A3F4E5-1F86-4D22-AB4F-5BEA0D923DDD}"
EndProject
Project("{FAE04EC0-301F-11D3-BF4B-00C04F79EFBC}") = "CssDialog60", "CssDialog\CssDialog60.csproj", "{1A58ECC5-75FE-4FE2-B133-8605B382B7C0}"
EndProject
Project("{FAE04EC0-301F-11D3-BF4B-00C04F79EFBC}") = "PsExport60", "PsExport\PsExport60.csproj", "{DCD48287-7F36-4DBB-94CF-4FF617BF1F78}"
	ProjectSection(ProjectDependencies) = postProject
		{E10D5643-1A82-4A3F-915B-92EC80C86815} = {E10D5643-1A82-4A3F-915B-92EC80C86815}
		{4DBF7F5A-F8A6-4B3D-B0B4-24DFBDFBAF56} = {4DBF7F5A-F8A6-4B3D-B0B4-24DFBDFBAF56}
		{E75BC85C-6240-45F0-ADBF-F0F80EEFD6D8} = {E75BC85C-6240-45F0-ADBF-F0F80EEFD6D8}
		{8D0D307D-3785-4561-A923-FF3DDF6C2F14} = {8D0D307D-3785-4561-A923-FF3DDF6C2F14}
		{12FE8988-5957-427D-BA6C-B4C601F5A558} = {12FE8988-5957-427D-BA6C-B4C601F5A558}
		{E225E5AF-B603-41D1-BB58-E3AAE05C59FD} = {E225E5AF-B603-41D1-BB58-E3AAE05C59FD}
		{C37AD0DF-7C87-4666-8335-35FDABFEAA45} = {C37AD0DF-7C87-4666-8335-35FDABFEAA45}
		{C7A3F4E5-1F86-4D22-AB4F-5BEA0D923DDD} = {C7A3F4E5-1F86-4D22-AB4F-5BEA0D923DDD}
	EndProjectSection
EndProject
Project("{FAE04EC0-301F-11D3-BF4B-00C04F79EFBC}") = "Test60", "Test\Test60.csproj", "{222CBAAB-B338-4670-A553-B6154E582FC8}"
EndProject
Project("{FAE04EC0-301F-11D3-BF4B-00C04F79EFBC}") = "TestBed60", "TestBed\TestBed60.csproj", "{C7A57432-7AE4-456F-90FF-51582DE1BA65}"
	ProjectSection(ProjectDependencies) = postProject
		{12FE8988-5957-427D-BA6C-B4C601F5A558} = {12FE8988-5957-427D-BA6C-B4C601F5A558}
	EndProjectSection
EndProject
Project("{FAE04EC0-301F-11D3-BF4B-00C04F79EFBC}") = "ConfigurationTool60", "ConfigurationTool\ConfigurationTool60.csproj", "{C1ED7E03-C92E-4223-909B-E9C35A4D98E2}"
	ProjectSection(ProjectDependencies) = postProject
		{E10D5643-1A82-4A3F-915B-92EC80C86815} = {E10D5643-1A82-4A3F-915B-92EC80C86815}
		{4DBF7F5A-F8A6-4B3D-B0B4-24DFBDFBAF56} = {4DBF7F5A-F8A6-4B3D-B0B4-24DFBDFBAF56}
		{E75BC85C-6240-45F0-ADBF-F0F80EEFD6D8} = {E75BC85C-6240-45F0-ADBF-F0F80EEFD6D8}
		{8D0D307D-3785-4561-A923-FF3DDF6C2F14} = {8D0D307D-3785-4561-A923-FF3DDF6C2F14}
		{12FE8988-5957-427D-BA6C-B4C601F5A558} = {12FE8988-5957-427D-BA6C-B4C601F5A558}
		{24E32D8C-5ECF-4263-98C1-C15D1A05ABDE} = {24E32D8C-5ECF-4263-98C1-C15D1A05ABDE}
		{E225E5AF-B603-41D1-BB58-E3AAE05C59FD} = {E225E5AF-B603-41D1-BB58-E3AAE05C59FD}
		{C7A3F4E5-1F86-4D22-AB4F-5BEA0D923DDD} = {C7A3F4E5-1F86-4D22-AB4F-5BEA0D923DDD}
	EndProjectSection
EndProject
Project("{FAE04EC0-301F-11D3-BF4B-00C04F79EFBC}") = "PsTool60", "PsTool\PsTool60.csproj", "{448F846F-CE23-462C-BF7E-827875A36F82}"
EndProject
Project("{FAE04EC0-301F-11D3-BF4B-00C04F79EFBC}") = "WordPressConvert60", "WordPressConvert\WordPressConvert60.csproj", "{12FE8988-5957-427D-BA6C-B4C601F5A558}"
EndProject
Project("{FAE04EC0-301F-11D3-BF4B-00C04F79EFBC}") = "LiftPrepare", "LiftPrepare\LiftPrepare.csproj", "{D38235F3-5B02-4835-B380-40E0BDCD5495}"
EndProject
Project("{FAE04EC0-301F-11D3-BF4B-00C04F79EFBC}") = "PathwayB60", "PathwayB\PathwayB60.csproj", "{24E32D8C-5ECF-4263-98C1-C15D1A05ABDE}"
EndProject
Project("{FAE04EC0-301F-11D3-BF4B-00C04F79EFBC}") = "LogosConvert60", "LogosConvert\LogosConvert60.csproj", "{E10D5643-1A82-4A3F-915B-92EC80C86815}"
EndProject
Project("{FAE04EC0-301F-11D3-BF4B-00C04F79EFBC}") = "BuildCtx60", "Build\BuildCtx\BuildCtx60.csproj", "{39EBC01A-B1A5-49BF-AEFF-16296D1A272E}"
EndProject
Project("{FAE04EC0-301F-11D3-BF4B-00C04F79EFBC}") = "OpenOfficeWriter60", "OpenOfficeWriter\OpenOfficeWriter60.csproj", "{F91C8F61-9DFA-42F0-84EF-FE64B47FF433}"
EndProject
Project("{FAE04EC0-301F-11D3-BF4B-00C04F79EFBC}") = "epubConvert60", "epubConvert\epubConvert60.csproj", "{B19037F2-26F7-48A2-9301-B5CA335C6824}"
EndProject
Global
	GlobalSection(SolutionConfigurationPlatforms) = preSolution
		ConTeXt|Any CPU = ConTeXt|Any CPU
		ConTeXt|x86 = ConTeXt|x86
		CorporateBTE|Any CPU = CorporateBTE|Any CPU
		CorporateBTE|x86 = CorporateBTE|x86
		CorporateSE|Any CPU = CorporateSE|Any CPU
		CorporateSE|x86 = CorporateSE|x86
		Debug|Any CPU = Debug|Any CPU
		Debug|x86 = Debug|x86
		Release|Any CPU = Release|Any CPU
		Release|x86 = Release|x86
		ReleaseBTE|Any CPU = ReleaseBTE|Any CPU
		ReleaseBTE|x86 = ReleaseBTE|x86
		ReleaseSE|Any CPU = ReleaseSE|Any CPU
		ReleaseSE|x86 = ReleaseSE|x86
	EndGlobalSection
	GlobalSection(ProjectConfigurationPlatforms) = postSolution
		{B58FD9BA-1783-43F2-86D1-D79E1EACC365}.ConTeXt|Any CPU.ActiveCfg = ConTeXt|Any CPU
		{B58FD9BA-1783-43F2-86D1-D79E1EACC365}.ConTeXt|x86.ActiveCfg = ConTeXt|x86
		{B58FD9BA-1783-43F2-86D1-D79E1EACC365}.ConTeXt|x86.Build.0 = ConTeXt|x86
		{B58FD9BA-1783-43F2-86D1-D79E1EACC365}.CorporateBTE|Any CPU.ActiveCfg = CorporateBTE|Any CPU
		{B58FD9BA-1783-43F2-86D1-D79E1EACC365}.CorporateBTE|Any CPU.Build.0 = CorporateBTE|Any CPU
		{B58FD9BA-1783-43F2-86D1-D79E1EACC365}.CorporateBTE|x86.ActiveCfg = CorporateBTE|x86
		{B58FD9BA-1783-43F2-86D1-D79E1EACC365}.CorporateBTE|x86.Build.0 = CorporateBTE|x86
		{B58FD9BA-1783-43F2-86D1-D79E1EACC365}.CorporateSE|Any CPU.ActiveCfg = CorporateSE|Any CPU
		{B58FD9BA-1783-43F2-86D1-D79E1EACC365}.CorporateSE|Any CPU.Build.0 = CorporateSE|Any CPU
		{B58FD9BA-1783-43F2-86D1-D79E1EACC365}.CorporateSE|x86.ActiveCfg = CorporateSE|x86
		{B58FD9BA-1783-43F2-86D1-D79E1EACC365}.CorporateSE|x86.Build.0 = CorporateSE|x86
		{B58FD9BA-1783-43F2-86D1-D79E1EACC365}.Debug|Any CPU.ActiveCfg = Debug|Any CPU
		{B58FD9BA-1783-43F2-86D1-D79E1EACC365}.Debug|Any CPU.Build.0 = Debug|Any CPU
		{B58FD9BA-1783-43F2-86D1-D79E1EACC365}.Debug|x86.ActiveCfg = Debug|x86
		{B58FD9BA-1783-43F2-86D1-D79E1EACC365}.Debug|x86.Build.0 = Debug|x86
		{B58FD9BA-1783-43F2-86D1-D79E1EACC365}.Release|Any CPU.ActiveCfg = Release|Any CPU
		{B58FD9BA-1783-43F2-86D1-D79E1EACC365}.Release|Any CPU.Build.0 = Release|Any CPU
		{B58FD9BA-1783-43F2-86D1-D79E1EACC365}.Release|x86.ActiveCfg = Release|x86
		{B58FD9BA-1783-43F2-86D1-D79E1EACC365}.Release|x86.Build.0 = Release|x86
		{B58FD9BA-1783-43F2-86D1-D79E1EACC365}.ReleaseBTE|Any CPU.ActiveCfg = ReleaseBTE|Any CPU
		{B58FD9BA-1783-43F2-86D1-D79E1EACC365}.ReleaseBTE|Any CPU.Build.0 = ReleaseBTE|Any CPU
		{B58FD9BA-1783-43F2-86D1-D79E1EACC365}.ReleaseBTE|x86.ActiveCfg = ReleaseBTE|x86
		{B58FD9BA-1783-43F2-86D1-D79E1EACC365}.ReleaseBTE|x86.Build.0 = ReleaseBTE|x86
		{B58FD9BA-1783-43F2-86D1-D79E1EACC365}.ReleaseSE|Any CPU.ActiveCfg = ReleaseSE|Any CPU
		{B58FD9BA-1783-43F2-86D1-D79E1EACC365}.ReleaseSE|Any CPU.Build.0 = ReleaseSE|Any CPU
		{B58FD9BA-1783-43F2-86D1-D79E1EACC365}.ReleaseSE|x86.ActiveCfg = ReleaseSE|x86
		{B58FD9BA-1783-43F2-86D1-D79E1EACC365}.ReleaseSE|x86.Build.0 = ReleaseSE|x86
		{8D0D307D-3785-4561-A923-FF3DDF6C2F14}.ConTeXt|Any CPU.ActiveCfg = ConTeXt|Any CPU
		{8D0D307D-3785-4561-A923-FF3DDF6C2F14}.ConTeXt|x86.ActiveCfg = ConTeXt|x86
		{8D0D307D-3785-4561-A923-FF3DDF6C2F14}.ConTeXt|x86.Build.0 = ConTeXt|x86
		{8D0D307D-3785-4561-A923-FF3DDF6C2F14}.CorporateBTE|Any CPU.ActiveCfg = CorporateBTE|Any CPU
		{8D0D307D-3785-4561-A923-FF3DDF6C2F14}.CorporateBTE|Any CPU.Build.0 = CorporateBTE|Any CPU
		{8D0D307D-3785-4561-A923-FF3DDF6C2F14}.CorporateBTE|x86.ActiveCfg = CorporateBTE|x86
		{8D0D307D-3785-4561-A923-FF3DDF6C2F14}.CorporateBTE|x86.Build.0 = CorporateBTE|x86
		{8D0D307D-3785-4561-A923-FF3DDF6C2F14}.CorporateSE|Any CPU.ActiveCfg = CorporateSE|Any CPU
		{8D0D307D-3785-4561-A923-FF3DDF6C2F14}.CorporateSE|Any CPU.Build.0 = CorporateSE|Any CPU
		{8D0D307D-3785-4561-A923-FF3DDF6C2F14}.CorporateSE|x86.ActiveCfg = CorporateSE|x86
		{8D0D307D-3785-4561-A923-FF3DDF6C2F14}.CorporateSE|x86.Build.0 = CorporateSE|x86
		{8D0D307D-3785-4561-A923-FF3DDF6C2F14}.Debug|Any CPU.ActiveCfg = Debug|Any CPU
		{8D0D307D-3785-4561-A923-FF3DDF6C2F14}.Debug|Any CPU.Build.0 = Debug|Any CPU
		{8D0D307D-3785-4561-A923-FF3DDF6C2F14}.Debug|x86.ActiveCfg = Debug|x86
		{8D0D307D-3785-4561-A923-FF3DDF6C2F14}.Debug|x86.Build.0 = Debug|x86
		{8D0D307D-3785-4561-A923-FF3DDF6C2F14}.Release|Any CPU.ActiveCfg = Release|Any CPU
		{8D0D307D-3785-4561-A923-FF3DDF6C2F14}.Release|Any CPU.Build.0 = Release|Any CPU
		{8D0D307D-3785-4561-A923-FF3DDF6C2F14}.Release|x86.ActiveCfg = Release|x86
		{8D0D307D-3785-4561-A923-FF3DDF6C2F14}.Release|x86.Build.0 = Release|x86
		{8D0D307D-3785-4561-A923-FF3DDF6C2F14}.ReleaseBTE|Any CPU.ActiveCfg = ReleaseBTE|Any CPU
		{8D0D307D-3785-4561-A923-FF3DDF6C2F14}.ReleaseBTE|Any CPU.Build.0 = ReleaseBTE|Any CPU
		{8D0D307D-3785-4561-A923-FF3DDF6C2F14}.ReleaseBTE|x86.ActiveCfg = ReleaseBTE|x86
		{8D0D307D-3785-4561-A923-FF3DDF6C2F14}.ReleaseBTE|x86.Build.0 = ReleaseBTE|x86
		{8D0D307D-3785-4561-A923-FF3DDF6C2F14}.ReleaseSE|Any CPU.ActiveCfg = ReleaseSE|Any CPU
		{8D0D307D-3785-4561-A923-FF3DDF6C2F14}.ReleaseSE|Any CPU.Build.0 = ReleaseSE|Any CPU
		{8D0D307D-3785-4561-A923-FF3DDF6C2F14}.ReleaseSE|x86.ActiveCfg = ReleaseSE|x86
		{8D0D307D-3785-4561-A923-FF3DDF6C2F14}.ReleaseSE|x86.Build.0 = ReleaseSE|x86
		{E225E5AF-B603-41D1-BB58-E3AAE05C59FD}.ConTeXt|Any CPU.ActiveCfg = ConTeXt|Any CPU
		{E225E5AF-B603-41D1-BB58-E3AAE05C59FD}.ConTeXt|x86.ActiveCfg = ConTeXt|x86
		{E225E5AF-B603-41D1-BB58-E3AAE05C59FD}.ConTeXt|x86.Build.0 = ConTeXt|x86
		{E225E5AF-B603-41D1-BB58-E3AAE05C59FD}.CorporateBTE|Any CPU.ActiveCfg = CorporateBTE|Any CPU
		{E225E5AF-B603-41D1-BB58-E3AAE05C59FD}.CorporateBTE|Any CPU.Build.0 = CorporateBTE|Any CPU
		{E225E5AF-B603-41D1-BB58-E3AAE05C59FD}.CorporateBTE|x86.ActiveCfg = CorporateBTE|x86
		{E225E5AF-B603-41D1-BB58-E3AAE05C59FD}.CorporateBTE|x86.Build.0 = CorporateBTE|x86
		{E225E5AF-B603-41D1-BB58-E3AAE05C59FD}.CorporateSE|Any CPU.ActiveCfg = CorporateSE|Any CPU
		{E225E5AF-B603-41D1-BB58-E3AAE05C59FD}.CorporateSE|Any CPU.Build.0 = CorporateSE|Any CPU
		{E225E5AF-B603-41D1-BB58-E3AAE05C59FD}.CorporateSE|x86.ActiveCfg = CorporateSE|x86
		{E225E5AF-B603-41D1-BB58-E3AAE05C59FD}.CorporateSE|x86.Build.0 = CorporateSE|x86
		{E225E5AF-B603-41D1-BB58-E3AAE05C59FD}.Debug|Any CPU.ActiveCfg = Debug|Any CPU
		{E225E5AF-B603-41D1-BB58-E3AAE05C59FD}.Debug|Any CPU.Build.0 = Debug|Any CPU
		{E225E5AF-B603-41D1-BB58-E3AAE05C59FD}.Debug|x86.ActiveCfg = Debug|x86
		{E225E5AF-B603-41D1-BB58-E3AAE05C59FD}.Debug|x86.Build.0 = Debug|x86
		{E225E5AF-B603-41D1-BB58-E3AAE05C59FD}.Release|Any CPU.ActiveCfg = Release|Any CPU
		{E225E5AF-B603-41D1-BB58-E3AAE05C59FD}.Release|Any CPU.Build.0 = Release|Any CPU
		{E225E5AF-B603-41D1-BB58-E3AAE05C59FD}.Release|x86.ActiveCfg = Release|x86
		{E225E5AF-B603-41D1-BB58-E3AAE05C59FD}.Release|x86.Build.0 = Release|x86
		{E225E5AF-B603-41D1-BB58-E3AAE05C59FD}.ReleaseBTE|Any CPU.ActiveCfg = ReleaseBTE|Any CPU
		{E225E5AF-B603-41D1-BB58-E3AAE05C59FD}.ReleaseBTE|Any CPU.Build.0 = ReleaseBTE|Any CPU
		{E225E5AF-B603-41D1-BB58-E3AAE05C59FD}.ReleaseBTE|x86.ActiveCfg = ReleaseBTE|x86
		{E225E5AF-B603-41D1-BB58-E3AAE05C59FD}.ReleaseBTE|x86.Build.0 = ReleaseBTE|x86
		{E225E5AF-B603-41D1-BB58-E3AAE05C59FD}.ReleaseSE|Any CPU.ActiveCfg = ReleaseSE|Any CPU
		{E225E5AF-B603-41D1-BB58-E3AAE05C59FD}.ReleaseSE|Any CPU.Build.0 = ReleaseSE|Any CPU
		{E225E5AF-B603-41D1-BB58-E3AAE05C59FD}.ReleaseSE|x86.ActiveCfg = ReleaseSE|x86
		{E225E5AF-B603-41D1-BB58-E3AAE05C59FD}.ReleaseSE|x86.Build.0 = ReleaseSE|x86
		{C37AD0DF-7C87-4666-8335-35FDABFEAA45}.ConTeXt|Any CPU.ActiveCfg = ConTeXt|Any CPU
		{C37AD0DF-7C87-4666-8335-35FDABFEAA45}.ConTeXt|x86.ActiveCfg = ConTeXt|x86
		{C37AD0DF-7C87-4666-8335-35FDABFEAA45}.ConTeXt|x86.Build.0 = ConTeXt|x86
		{C37AD0DF-7C87-4666-8335-35FDABFEAA45}.CorporateBTE|Any CPU.ActiveCfg = CorporateBTE|Any CPU
		{C37AD0DF-7C87-4666-8335-35FDABFEAA45}.CorporateBTE|x86.ActiveCfg = CorporateBTE|x86
		{C37AD0DF-7C87-4666-8335-35FDABFEAA45}.CorporateSE|Any CPU.ActiveCfg = CorporateSE|Any CPU
		{C37AD0DF-7C87-4666-8335-35FDABFEAA45}.CorporateSE|x86.ActiveCfg = CorporateSE|x86
		{C37AD0DF-7C87-4666-8335-35FDABFEAA45}.Debug|Any CPU.ActiveCfg = Debug|Any CPU
		{C37AD0DF-7C87-4666-8335-35FDABFEAA45}.Debug|Any CPU.Build.0 = Debug|Any CPU
		{C37AD0DF-7C87-4666-8335-35FDABFEAA45}.Debug|x86.ActiveCfg = Debug|x86
		{C37AD0DF-7C87-4666-8335-35FDABFEAA45}.Debug|x86.Build.0 = Debug|x86
		{C37AD0DF-7C87-4666-8335-35FDABFEAA45}.Release|Any CPU.ActiveCfg = Release|Any CPU
		{C37AD0DF-7C87-4666-8335-35FDABFEAA45}.Release|Any CPU.Build.0 = Release|Any CPU
		{C37AD0DF-7C87-4666-8335-35FDABFEAA45}.Release|x86.ActiveCfg = Release|x86
		{C37AD0DF-7C87-4666-8335-35FDABFEAA45}.Release|x86.Build.0 = Release|x86
		{C37AD0DF-7C87-4666-8335-35FDABFEAA45}.ReleaseBTE|Any CPU.ActiveCfg = ReleaseBTE|Any CPU
		{C37AD0DF-7C87-4666-8335-35FDABFEAA45}.ReleaseBTE|x86.ActiveCfg = ReleaseBTE|x86
		{C37AD0DF-7C87-4666-8335-35FDABFEAA45}.ReleaseSE|Any CPU.ActiveCfg = ReleaseSE|Any CPU
		{C37AD0DF-7C87-4666-8335-35FDABFEAA45}.ReleaseSE|x86.ActiveCfg = ReleaseSE|x86
		{C37AD0DF-7C87-4666-8335-35FDABFEAA45}.ReleaseSE|x86.Build.0 = ReleaseSE|x86
		{9BCA3F9D-6F7D-44ED-97DD-0FA59197FD9C}.ConTeXt|Any CPU.ActiveCfg = ConTeXt|Any CPU
		{9BCA3F9D-6F7D-44ED-97DD-0FA59197FD9C}.ConTeXt|x86.ActiveCfg = ConTeXt|x86
		{9BCA3F9D-6F7D-44ED-97DD-0FA59197FD9C}.CorporateBTE|Any CPU.ActiveCfg = CorporateBTE|Any CPU
		{9BCA3F9D-6F7D-44ED-97DD-0FA59197FD9C}.CorporateBTE|x86.ActiveCfg = CorporateBTE|x86
		{9BCA3F9D-6F7D-44ED-97DD-0FA59197FD9C}.CorporateSE|Any CPU.ActiveCfg = CorporateSE|Any CPU
		{9BCA3F9D-6F7D-44ED-97DD-0FA59197FD9C}.CorporateSE|x86.ActiveCfg = CorporateSE|x86
		{9BCA3F9D-6F7D-44ED-97DD-0FA59197FD9C}.Debug|Any CPU.ActiveCfg = Debug|Any CPU
		{9BCA3F9D-6F7D-44ED-97DD-0FA59197FD9C}.Debug|x86.ActiveCfg = Debug|x86
		{9BCA3F9D-6F7D-44ED-97DD-0FA59197FD9C}.Release|Any CPU.ActiveCfg = Release|Any CPU
		{9BCA3F9D-6F7D-44ED-97DD-0FA59197FD9C}.Release|Any CPU.Build.0 = Release|Any CPU
		{9BCA3F9D-6F7D-44ED-97DD-0FA59197FD9C}.Release|x86.ActiveCfg = Release|x86
		{9BCA3F9D-6F7D-44ED-97DD-0FA59197FD9C}.Release|x86.Build.0 = Release|x86
		{9BCA3F9D-6F7D-44ED-97DD-0FA59197FD9C}.ReleaseBTE|Any CPU.ActiveCfg = Release|Any CPU
		{9BCA3F9D-6F7D-44ED-97DD-0FA59197FD9C}.ReleaseBTE|x86.ActiveCfg = ReleaseBTE|x86
		{9BCA3F9D-6F7D-44ED-97DD-0FA59197FD9C}.ReleaseSE|Any CPU.ActiveCfg = ReleaseSE|Any CPU
		{9BCA3F9D-6F7D-44ED-97DD-0FA59197FD9C}.ReleaseSE|x86.ActiveCfg = ReleaseSE|x86
		{CAC4D00A-07B8-459F-87C8-BFB537008B26}.ConTeXt|Any CPU.ActiveCfg = ConTeXt|Any CPU
		{CAC4D00A-07B8-459F-87C8-BFB537008B26}.ConTeXt|x86.ActiveCfg = ConTeXt|x86
		{CAC4D00A-07B8-459F-87C8-BFB537008B26}.CorporateBTE|Any CPU.ActiveCfg = CorporateBTE|Any CPU
		{CAC4D00A-07B8-459F-87C8-BFB537008B26}.CorporateBTE|Any CPU.Build.0 = CorporateBTE|Any CPU
		{CAC4D00A-07B8-459F-87C8-BFB537008B26}.CorporateBTE|x86.ActiveCfg = CorporateBTE|x86
		{CAC4D00A-07B8-459F-87C8-BFB537008B26}.CorporateBTE|x86.Build.0 = CorporateBTE|x86
		{CAC4D00A-07B8-459F-87C8-BFB537008B26}.CorporateSE|Any CPU.ActiveCfg = CorporateSE|Any CPU
		{CAC4D00A-07B8-459F-87C8-BFB537008B26}.CorporateSE|Any CPU.Build.0 = CorporateSE|Any CPU
		{CAC4D00A-07B8-459F-87C8-BFB537008B26}.CorporateSE|x86.ActiveCfg = CorporateSE|x86
		{CAC4D00A-07B8-459F-87C8-BFB537008B26}.CorporateSE|x86.Build.0 = CorporateSE|x86
		{CAC4D00A-07B8-459F-87C8-BFB537008B26}.Debug|Any CPU.ActiveCfg = Debug|Any CPU
		{CAC4D00A-07B8-459F-87C8-BFB537008B26}.Debug|x86.ActiveCfg = Debug|x86
		{CAC4D00A-07B8-459F-87C8-BFB537008B26}.Release|Any CPU.ActiveCfg = Release|Any CPU
		{CAC4D00A-07B8-459F-87C8-BFB537008B26}.Release|Any CPU.Build.0 = Release|Any CPU
		{CAC4D00A-07B8-459F-87C8-BFB537008B26}.Release|x86.ActiveCfg = Release|x86
		{CAC4D00A-07B8-459F-87C8-BFB537008B26}.Release|x86.Build.0 = Release|x86
		{CAC4D00A-07B8-459F-87C8-BFB537008B26}.ReleaseBTE|Any CPU.ActiveCfg = ReleaseBTE|Any CPU
		{CAC4D00A-07B8-459F-87C8-BFB537008B26}.ReleaseBTE|Any CPU.Build.0 = ReleaseBTE|Any CPU
		{CAC4D00A-07B8-459F-87C8-BFB537008B26}.ReleaseBTE|x86.ActiveCfg = ReleaseBTE|x86
		{CAC4D00A-07B8-459F-87C8-BFB537008B26}.ReleaseBTE|x86.Build.0 = ReleaseBTE|x86
		{CAC4D00A-07B8-459F-87C8-BFB537008B26}.ReleaseSE|Any CPU.ActiveCfg = ReleaseSE|Any CPU
		{CAC4D00A-07B8-459F-87C8-BFB537008B26}.ReleaseSE|Any CPU.Build.0 = ReleaseSE|Any CPU
		{CAC4D00A-07B8-459F-87C8-BFB537008B26}.ReleaseSE|x86.ActiveCfg = ReleaseSE|x86
		{CAC4D00A-07B8-459F-87C8-BFB537008B26}.ReleaseSE|x86.Build.0 = ReleaseSE|x86
		{E75BC85C-6240-45F0-ADBF-F0F80EEFD6D8}.ConTeXt|Any CPU.ActiveCfg = ConTeXt|Any CPU
		{E75BC85C-6240-45F0-ADBF-F0F80EEFD6D8}.ConTeXt|x86.ActiveCfg = ConTeXt|x86
		{E75BC85C-6240-45F0-ADBF-F0F80EEFD6D8}.ConTeXt|x86.Build.0 = ConTeXt|x86
		{E75BC85C-6240-45F0-ADBF-F0F80EEFD6D8}.CorporateBTE|Any CPU.ActiveCfg = CorporateBTE|Any CPU
		{E75BC85C-6240-45F0-ADBF-F0F80EEFD6D8}.CorporateBTE|x86.ActiveCfg = CorporateBTE|x86
		{E75BC85C-6240-45F0-ADBF-F0F80EEFD6D8}.CorporateSE|Any CPU.ActiveCfg = CorporateSE|Any CPU
		{E75BC85C-6240-45F0-ADBF-F0F80EEFD6D8}.CorporateSE|x86.ActiveCfg = CorporateSE|x86
		{E75BC85C-6240-45F0-ADBF-F0F80EEFD6D8}.Debug|Any CPU.ActiveCfg = Debug|Any CPU
		{E75BC85C-6240-45F0-ADBF-F0F80EEFD6D8}.Debug|Any CPU.Build.0 = Debug|Any CPU
		{E75BC85C-6240-45F0-ADBF-F0F80EEFD6D8}.Debug|x86.ActiveCfg = Debug|x86
		{E75BC85C-6240-45F0-ADBF-F0F80EEFD6D8}.Debug|x86.Build.0 = Debug|x86
		{E75BC85C-6240-45F0-ADBF-F0F80EEFD6D8}.Release|Any CPU.ActiveCfg = Release|Any CPU
		{E75BC85C-6240-45F0-ADBF-F0F80EEFD6D8}.Release|Any CPU.Build.0 = Release|Any CPU
		{E75BC85C-6240-45F0-ADBF-F0F80EEFD6D8}.Release|x86.ActiveCfg = Release|x86
		{E75BC85C-6240-45F0-ADBF-F0F80EEFD6D8}.Release|x86.Build.0 = Release|x86
		{E75BC85C-6240-45F0-ADBF-F0F80EEFD6D8}.ReleaseBTE|Any CPU.ActiveCfg = ReleaseBTE|Any CPU
		{E75BC85C-6240-45F0-ADBF-F0F80EEFD6D8}.ReleaseBTE|Any CPU.Build.0 = ReleaseBTE|Any CPU
		{E75BC85C-6240-45F0-ADBF-F0F80EEFD6D8}.ReleaseBTE|x86.ActiveCfg = ReleaseBTE|x86
		{E75BC85C-6240-45F0-ADBF-F0F80EEFD6D8}.ReleaseBTE|x86.Build.0 = ReleaseBTE|x86
		{E75BC85C-6240-45F0-ADBF-F0F80EEFD6D8}.ReleaseSE|Any CPU.ActiveCfg = ReleaseSE|Any CPU
		{E75BC85C-6240-45F0-ADBF-F0F80EEFD6D8}.ReleaseSE|Any CPU.Build.0 = ReleaseSE|Any CPU
		{E75BC85C-6240-45F0-ADBF-F0F80EEFD6D8}.ReleaseSE|x86.ActiveCfg = ReleaseSE|x86
		{E75BC85C-6240-45F0-ADBF-F0F80EEFD6D8}.ReleaseSE|x86.Build.0 = ReleaseSE|x86
		{4DBF7F5A-F8A6-4B3D-B0B4-24DFBDFBAF56}.ConTeXt|Any CPU.ActiveCfg = ConTeXt|Any CPU
		{4DBF7F5A-F8A6-4B3D-B0B4-24DFBDFBAF56}.ConTeXt|x86.ActiveCfg = ConTeXt|x86
		{4DBF7F5A-F8A6-4B3D-B0B4-24DFBDFBAF56}.ConTeXt|x86.Build.0 = ConTeXt|x86
		{4DBF7F5A-F8A6-4B3D-B0B4-24DFBDFBAF56}.CorporateBTE|Any CPU.ActiveCfg = CorporateBTE|Any CPU
		{4DBF7F5A-F8A6-4B3D-B0B4-24DFBDFBAF56}.CorporateBTE|x86.ActiveCfg = CorporateBTE|x86
		{4DBF7F5A-F8A6-4B3D-B0B4-24DFBDFBAF56}.CorporateSE|Any CPU.ActiveCfg = CorporateSE|Any CPU
		{4DBF7F5A-F8A6-4B3D-B0B4-24DFBDFBAF56}.CorporateSE|x86.ActiveCfg = CorporateSE|x86
		{4DBF7F5A-F8A6-4B3D-B0B4-24DFBDFBAF56}.Debug|Any CPU.ActiveCfg = Debug|Any CPU
		{4DBF7F5A-F8A6-4B3D-B0B4-24DFBDFBAF56}.Debug|Any CPU.Build.0 = Debug|Any CPU
		{4DBF7F5A-F8A6-4B3D-B0B4-24DFBDFBAF56}.Debug|x86.ActiveCfg = Debug|x86
		{4DBF7F5A-F8A6-4B3D-B0B4-24DFBDFBAF56}.Debug|x86.Build.0 = Debug|x86
		{4DBF7F5A-F8A6-4B3D-B0B4-24DFBDFBAF56}.Release|Any CPU.ActiveCfg = Release|Any CPU
		{4DBF7F5A-F8A6-4B3D-B0B4-24DFBDFBAF56}.Release|Any CPU.Build.0 = Release|Any CPU
		{4DBF7F5A-F8A6-4B3D-B0B4-24DFBDFBAF56}.Release|x86.ActiveCfg = Release|x86
		{4DBF7F5A-F8A6-4B3D-B0B4-24DFBDFBAF56}.Release|x86.Build.0 = Release|x86
		{4DBF7F5A-F8A6-4B3D-B0B4-24DFBDFBAF56}.ReleaseBTE|Any CPU.ActiveCfg = ReleaseBTE|Any CPU
		{4DBF7F5A-F8A6-4B3D-B0B4-24DFBDFBAF56}.ReleaseBTE|Any CPU.Build.0 = ReleaseBTE|Any CPU
		{4DBF7F5A-F8A6-4B3D-B0B4-24DFBDFBAF56}.ReleaseBTE|x86.ActiveCfg = ReleaseBTE|x86
		{4DBF7F5A-F8A6-4B3D-B0B4-24DFBDFBAF56}.ReleaseBTE|x86.Build.0 = ReleaseBTE|x86
		{4DBF7F5A-F8A6-4B3D-B0B4-24DFBDFBAF56}.ReleaseSE|Any CPU.ActiveCfg = ReleaseSE|Any CPU
		{4DBF7F5A-F8A6-4B3D-B0B4-24DFBDFBAF56}.ReleaseSE|Any CPU.Build.0 = ReleaseSE|Any CPU
		{4DBF7F5A-F8A6-4B3D-B0B4-24DFBDFBAF56}.ReleaseSE|x86.ActiveCfg = ReleaseSE|x86
		{4DBF7F5A-F8A6-4B3D-B0B4-24DFBDFBAF56}.ReleaseSE|x86.Build.0 = ReleaseSE|x86
		{2D463BB2-E681-4266-B883-E4E1406C92A4}.ConTeXt|Any CPU.ActiveCfg = ConTeXt|Any CPU
		{2D463BB2-E681-4266-B883-E4E1406C92A4}.ConTeXt|x86.ActiveCfg = ConTeXt|x86
		{2D463BB2-E681-4266-B883-E4E1406C92A4}.CorporateBTE|Any CPU.ActiveCfg = CorporateBTE|Any CPU
		{2D463BB2-E681-4266-B883-E4E1406C92A4}.CorporateBTE|Any CPU.Build.0 = CorporateBTE|Any CPU
		{2D463BB2-E681-4266-B883-E4E1406C92A4}.CorporateBTE|x86.ActiveCfg = CorporateBTE|x86
		{2D463BB2-E681-4266-B883-E4E1406C92A4}.CorporateBTE|x86.Build.0 = CorporateBTE|x86
		{2D463BB2-E681-4266-B883-E4E1406C92A4}.CorporateSE|Any CPU.ActiveCfg = CorporateSE|Any CPU
		{2D463BB2-E681-4266-B883-E4E1406C92A4}.CorporateSE|x86.ActiveCfg = CorporateSE|x86
		{2D463BB2-E681-4266-B883-E4E1406C92A4}.Debug|Any CPU.ActiveCfg = Debug|Any CPU
		{2D463BB2-E681-4266-B883-E4E1406C92A4}.Debug|x86.ActiveCfg = Debug|x86
		{2D463BB2-E681-4266-B883-E4E1406C92A4}.Release|Any CPU.ActiveCfg = ReleaseBTE|Any CPU
		{2D463BB2-E681-4266-B883-E4E1406C92A4}.Release|x86.ActiveCfg = Release|x86
		{2D463BB2-E681-4266-B883-E4E1406C92A4}.ReleaseBTE|Any CPU.ActiveCfg = ReleaseBTE|Any CPU
		{2D463BB2-E681-4266-B883-E4E1406C92A4}.ReleaseBTE|Any CPU.Build.0 = ReleaseBTE|Any CPU
		{2D463BB2-E681-4266-B883-E4E1406C92A4}.ReleaseBTE|x86.ActiveCfg = ReleaseBTE|x86
		{2D463BB2-E681-4266-B883-E4E1406C92A4}.ReleaseBTE|x86.Build.0 = ReleaseBTE|x86
		{2D463BB2-E681-4266-B883-E4E1406C92A4}.ReleaseSE|Any CPU.ActiveCfg = ReleaseSE|Any CPU
		{2D463BB2-E681-4266-B883-E4E1406C92A4}.ReleaseSE|x86.ActiveCfg = ReleaseSE|x86
		{B7D62460-1878-403A-AECD-2A16C5F3F975}.ConTeXt|Any CPU.ActiveCfg = ConTeXt|Any CPU
		{B7D62460-1878-403A-AECD-2A16C5F3F975}.ConTeXt|Any CPU.Build.0 = ConTeXt|Any CPU
		{B7D62460-1878-403A-AECD-2A16C5F3F975}.ConTeXt|x86.ActiveCfg = ConTeXt|x86
		{B7D62460-1878-403A-AECD-2A16C5F3F975}.CorporateBTE|Any CPU.ActiveCfg = CorporateBTE|Any CPU
		{B7D62460-1878-403A-AECD-2A16C5F3F975}.CorporateBTE|Any CPU.Build.0 = CorporateBTE|Any CPU
		{B7D62460-1878-403A-AECD-2A16C5F3F975}.CorporateBTE|x86.ActiveCfg = CorporateBTE|x86
		{B7D62460-1878-403A-AECD-2A16C5F3F975}.CorporateBTE|x86.Build.0 = CorporateBTE|x86
		{B7D62460-1878-403A-AECD-2A16C5F3F975}.CorporateSE|Any CPU.ActiveCfg = CorporateSE|Any CPU
		{B7D62460-1878-403A-AECD-2A16C5F3F975}.CorporateSE|Any CPU.Build.0 = CorporateSE|Any CPU
		{B7D62460-1878-403A-AECD-2A16C5F3F975}.CorporateSE|x86.ActiveCfg = CorporateSE|x86
		{B7D62460-1878-403A-AECD-2A16C5F3F975}.CorporateSE|x86.Build.0 = CorporateSE|x86
		{B7D62460-1878-403A-AECD-2A16C5F3F975}.Debug|Any CPU.ActiveCfg = Debug|Any CPU
		{B7D62460-1878-403A-AECD-2A16C5F3F975}.Debug|x86.ActiveCfg = Debug|x86
		{B7D62460-1878-403A-AECD-2A16C5F3F975}.Release|Any CPU.ActiveCfg = Release|Any CPU
		{B7D62460-1878-403A-AECD-2A16C5F3F975}.Release|Any CPU.Build.0 = Release|Any CPU
		{B7D62460-1878-403A-AECD-2A16C5F3F975}.Release|x86.ActiveCfg = Release|x86
		{B7D62460-1878-403A-AECD-2A16C5F3F975}.Release|x86.Build.0 = Release|x86
		{B7D62460-1878-403A-AECD-2A16C5F3F975}.ReleaseBTE|Any CPU.ActiveCfg = ReleaseBTE|Any CPU
		{B7D62460-1878-403A-AECD-2A16C5F3F975}.ReleaseBTE|Any CPU.Build.0 = ReleaseBTE|Any CPU
		{B7D62460-1878-403A-AECD-2A16C5F3F975}.ReleaseBTE|x86.ActiveCfg = ReleaseBTE|x86
		{B7D62460-1878-403A-AECD-2A16C5F3F975}.ReleaseBTE|x86.Build.0 = ReleaseBTE|x86
		{B7D62460-1878-403A-AECD-2A16C5F3F975}.ReleaseSE|Any CPU.ActiveCfg = ReleaseSE|Any CPU
		{B7D62460-1878-403A-AECD-2A16C5F3F975}.ReleaseSE|Any CPU.Build.0 = ReleaseSE|Any CPU
		{B7D62460-1878-403A-AECD-2A16C5F3F975}.ReleaseSE|x86.ActiveCfg = ReleaseSE|x86
		{B7D62460-1878-403A-AECD-2A16C5F3F975}.ReleaseSE|x86.Build.0 = ReleaseSE|x86
		{45E0EC5A-1DDA-416B-BDBE-642C3EB4B880}.ConTeXt|Any CPU.ActiveCfg = ConTeXt|Any CPU
		{45E0EC5A-1DDA-416B-BDBE-642C3EB4B880}.ConTeXt|x86.ActiveCfg = ConTeXt|x86
		{45E0EC5A-1DDA-416B-BDBE-642C3EB4B880}.CorporateBTE|Any CPU.ActiveCfg = CorporateBTE|Any CPU
		{45E0EC5A-1DDA-416B-BDBE-642C3EB4B880}.CorporateBTE|x86.ActiveCfg = CorporateBTE|x86
		{45E0EC5A-1DDA-416B-BDBE-642C3EB4B880}.CorporateSE|Any CPU.ActiveCfg = CorporateSE|Any CPU
		{45E0EC5A-1DDA-416B-BDBE-642C3EB4B880}.CorporateSE|Any CPU.Build.0 = CorporateSE|Any CPU
		{45E0EC5A-1DDA-416B-BDBE-642C3EB4B880}.CorporateSE|x86.ActiveCfg = CorporateSE|x86
		{45E0EC5A-1DDA-416B-BDBE-642C3EB4B880}.CorporateSE|x86.Build.0 = CorporateSE|x86
		{45E0EC5A-1DDA-416B-BDBE-642C3EB4B880}.Debug|Any CPU.ActiveCfg = Debug|Any CPU
		{45E0EC5A-1DDA-416B-BDBE-642C3EB4B880}.Debug|x86.ActiveCfg = Debug|x86
		{45E0EC5A-1DDA-416B-BDBE-642C3EB4B880}.Release|Any CPU.ActiveCfg = ReleaseSE|Any CPU
		{45E0EC5A-1DDA-416B-BDBE-642C3EB4B880}.Release|x86.ActiveCfg = Release|x86
		{45E0EC5A-1DDA-416B-BDBE-642C3EB4B880}.ReleaseBTE|Any CPU.ActiveCfg = ReleaseSE|Any CPU
		{45E0EC5A-1DDA-416B-BDBE-642C3EB4B880}.ReleaseBTE|x86.ActiveCfg = ReleaseSE|x86
		{45E0EC5A-1DDA-416B-BDBE-642C3EB4B880}.ReleaseSE|Any CPU.ActiveCfg = ReleaseSE|Any CPU
		{45E0EC5A-1DDA-416B-BDBE-642C3EB4B880}.ReleaseSE|Any CPU.Build.0 = ReleaseSE|Any CPU
		{45E0EC5A-1DDA-416B-BDBE-642C3EB4B880}.ReleaseSE|x86.ActiveCfg = ReleaseSE|x86
		{45E0EC5A-1DDA-416B-BDBE-642C3EB4B880}.ReleaseSE|x86.Build.0 = ReleaseSE|x86
		{C7A3F4E5-1F86-4D22-AB4F-5BEA0D923DDD}.ConTeXt|Any CPU.ActiveCfg = ConTeXt|Any CPU
		{C7A3F4E5-1F86-4D22-AB4F-5BEA0D923DDD}.ConTeXt|x86.ActiveCfg = ConTeXt|x86
		{C7A3F4E5-1F86-4D22-AB4F-5BEA0D923DDD}.ConTeXt|x86.Build.0 = ConTeXt|x86
		{C7A3F4E5-1F86-4D22-AB4F-5BEA0D923DDD}.CorporateBTE|Any CPU.ActiveCfg = CorporateBTE|Any CPU
		{C7A3F4E5-1F86-4D22-AB4F-5BEA0D923DDD}.CorporateBTE|Any CPU.Build.0 = CorporateBTE|Any CPU
		{C7A3F4E5-1F86-4D22-AB4F-5BEA0D923DDD}.CorporateBTE|x86.ActiveCfg = CorporateBTE|x86
		{C7A3F4E5-1F86-4D22-AB4F-5BEA0D923DDD}.CorporateBTE|x86.Build.0 = CorporateBTE|x86
		{C7A3F4E5-1F86-4D22-AB4F-5BEA0D923DDD}.CorporateSE|Any CPU.ActiveCfg = CorporateSE|Any CPU
		{C7A3F4E5-1F86-4D22-AB4F-5BEA0D923DDD}.CorporateSE|x86.ActiveCfg = CorporateSE|x86
		{C7A3F4E5-1F86-4D22-AB4F-5BEA0D923DDD}.CorporateSE|x86.Build.0 = CorporateSE|x86
		{C7A3F4E5-1F86-4D22-AB4F-5BEA0D923DDD}.Debug|Any CPU.ActiveCfg = Debug|Any CPU
		{C7A3F4E5-1F86-4D22-AB4F-5BEA0D923DDD}.Debug|Any CPU.Build.0 = Debug|Any CPU
		{C7A3F4E5-1F86-4D22-AB4F-5BEA0D923DDD}.Debug|x86.ActiveCfg = Debug|x86
		{C7A3F4E5-1F86-4D22-AB4F-5BEA0D923DDD}.Debug|x86.Build.0 = Debug|x86
		{C7A3F4E5-1F86-4D22-AB4F-5BEA0D923DDD}.Release|Any CPU.ActiveCfg = Release|Any CPU
		{C7A3F4E5-1F86-4D22-AB4F-5BEA0D923DDD}.Release|Any CPU.Build.0 = Release|Any CPU
		{C7A3F4E5-1F86-4D22-AB4F-5BEA0D923DDD}.Release|x86.ActiveCfg = Release|x86
		{C7A3F4E5-1F86-4D22-AB4F-5BEA0D923DDD}.Release|x86.Build.0 = Release|x86
		{C7A3F4E5-1F86-4D22-AB4F-5BEA0D923DDD}.ReleaseBTE|Any CPU.ActiveCfg = ReleaseBTE|Any CPU
		{C7A3F4E5-1F86-4D22-AB4F-5BEA0D923DDD}.ReleaseBTE|Any CPU.Build.0 = ReleaseBTE|Any CPU
		{C7A3F4E5-1F86-4D22-AB4F-5BEA0D923DDD}.ReleaseBTE|x86.ActiveCfg = ReleaseBTE|x86
		{C7A3F4E5-1F86-4D22-AB4F-5BEA0D923DDD}.ReleaseBTE|x86.Build.0 = ReleaseBTE|x86
		{C7A3F4E5-1F86-4D22-AB4F-5BEA0D923DDD}.ReleaseSE|Any CPU.ActiveCfg = ReleaseSE|Any CPU
		{C7A3F4E5-1F86-4D22-AB4F-5BEA0D923DDD}.ReleaseSE|x86.ActiveCfg = ReleaseSE|x86
		{1A58ECC5-75FE-4FE2-B133-8605B382B7C0}.ConTeXt|Any CPU.ActiveCfg = ConTeXt|Any CPU
		{1A58ECC5-75FE-4FE2-B133-8605B382B7C0}.ConTeXt|x86.ActiveCfg = ConTeXt|x86
		{1A58ECC5-75FE-4FE2-B133-8605B382B7C0}.ConTeXt|x86.Build.0 = ConTeXt|x86
		{1A58ECC5-75FE-4FE2-B133-8605B382B7C0}.CorporateBTE|Any CPU.ActiveCfg = CorporateBTE|Any CPU
		{1A58ECC5-75FE-4FE2-B133-8605B382B7C0}.CorporateBTE|Any CPU.Build.0 = CorporateBTE|Any CPU
		{1A58ECC5-75FE-4FE2-B133-8605B382B7C0}.CorporateBTE|x86.ActiveCfg = CorporateBTE|x86
		{1A58ECC5-75FE-4FE2-B133-8605B382B7C0}.CorporateBTE|x86.Build.0 = CorporateBTE|x86
		{1A58ECC5-75FE-4FE2-B133-8605B382B7C0}.CorporateSE|Any CPU.ActiveCfg = CorporateSE|Any CPU
		{1A58ECC5-75FE-4FE2-B133-8605B382B7C0}.CorporateSE|Any CPU.Build.0 = CorporateSE|Any CPU
		{1A58ECC5-75FE-4FE2-B133-8605B382B7C0}.CorporateSE|x86.ActiveCfg = CorporateSE|x86
		{1A58ECC5-75FE-4FE2-B133-8605B382B7C0}.CorporateSE|x86.Build.0 = CorporateSE|x86
		{1A58ECC5-75FE-4FE2-B133-8605B382B7C0}.Debug|Any CPU.ActiveCfg = Debug|Any CPU
		{1A58ECC5-75FE-4FE2-B133-8605B382B7C0}.Debug|Any CPU.Build.0 = Debug|Any CPU
		{1A58ECC5-75FE-4FE2-B133-8605B382B7C0}.Debug|x86.ActiveCfg = Debug|x86
		{1A58ECC5-75FE-4FE2-B133-8605B382B7C0}.Debug|x86.Build.0 = Debug|x86
		{1A58ECC5-75FE-4FE2-B133-8605B382B7C0}.Release|Any CPU.ActiveCfg = Release|Any CPU
		{1A58ECC5-75FE-4FE2-B133-8605B382B7C0}.Release|Any CPU.Build.0 = Release|Any CPU
		{1A58ECC5-75FE-4FE2-B133-8605B382B7C0}.Release|x86.ActiveCfg = Release|x86
		{1A58ECC5-75FE-4FE2-B133-8605B382B7C0}.Release|x86.Build.0 = Release|x86
		{1A58ECC5-75FE-4FE2-B133-8605B382B7C0}.ReleaseBTE|Any CPU.ActiveCfg = ReleaseBTE|Any CPU
		{1A58ECC5-75FE-4FE2-B133-8605B382B7C0}.ReleaseBTE|Any CPU.Build.0 = ReleaseBTE|Any CPU
		{1A58ECC5-75FE-4FE2-B133-8605B382B7C0}.ReleaseBTE|x86.ActiveCfg = ReleaseBTE|x86
		{1A58ECC5-75FE-4FE2-B133-8605B382B7C0}.ReleaseBTE|x86.Build.0 = ReleaseBTE|x86
		{1A58ECC5-75FE-4FE2-B133-8605B382B7C0}.ReleaseSE|Any CPU.ActiveCfg = ReleaseSE|Any CPU
		{1A58ECC5-75FE-4FE2-B133-8605B382B7C0}.ReleaseSE|Any CPU.Build.0 = ReleaseSE|Any CPU
		{1A58ECC5-75FE-4FE2-B133-8605B382B7C0}.ReleaseSE|x86.ActiveCfg = ReleaseSE|x86
		{1A58ECC5-75FE-4FE2-B133-8605B382B7C0}.ReleaseSE|x86.Build.0 = ReleaseSE|x86
		{DCD48287-7F36-4DBB-94CF-4FF617BF1F78}.ConTeXt|Any CPU.ActiveCfg = ConTeXt|Any CPU
		{DCD48287-7F36-4DBB-94CF-4FF617BF1F78}.ConTeXt|x86.ActiveCfg = ConTeXt|x86
		{DCD48287-7F36-4DBB-94CF-4FF617BF1F78}.ConTeXt|x86.Build.0 = ConTeXt|x86
		{DCD48287-7F36-4DBB-94CF-4FF617BF1F78}.CorporateBTE|Any CPU.ActiveCfg = CorporateBTE|Any CPU
		{DCD48287-7F36-4DBB-94CF-4FF617BF1F78}.CorporateBTE|Any CPU.Build.0 = CorporateBTE|Any CPU
		{DCD48287-7F36-4DBB-94CF-4FF617BF1F78}.CorporateBTE|x86.ActiveCfg = CorporateBTE|x86
		{DCD48287-7F36-4DBB-94CF-4FF617BF1F78}.CorporateBTE|x86.Build.0 = CorporateBTE|x86
		{DCD48287-7F36-4DBB-94CF-4FF617BF1F78}.CorporateSE|Any CPU.ActiveCfg = CorporateSE|Any CPU
		{DCD48287-7F36-4DBB-94CF-4FF617BF1F78}.CorporateSE|Any CPU.Build.0 = CorporateSE|Any CPU
		{DCD48287-7F36-4DBB-94CF-4FF617BF1F78}.CorporateSE|x86.ActiveCfg = CorporateSE|x86
		{DCD48287-7F36-4DBB-94CF-4FF617BF1F78}.CorporateSE|x86.Build.0 = CorporateSE|x86
		{DCD48287-7F36-4DBB-94CF-4FF617BF1F78}.Debug|Any CPU.ActiveCfg = Debug|Any CPU
		{DCD48287-7F36-4DBB-94CF-4FF617BF1F78}.Debug|Any CPU.Build.0 = Debug|Any CPU
		{DCD48287-7F36-4DBB-94CF-4FF617BF1F78}.Debug|x86.ActiveCfg = Debug|x86
		{DCD48287-7F36-4DBB-94CF-4FF617BF1F78}.Debug|x86.Build.0 = Debug|x86
		{DCD48287-7F36-4DBB-94CF-4FF617BF1F78}.Release|Any CPU.ActiveCfg = Release|Any CPU
		{DCD48287-7F36-4DBB-94CF-4FF617BF1F78}.Release|Any CPU.Build.0 = Release|Any CPU
		{DCD48287-7F36-4DBB-94CF-4FF617BF1F78}.Release|x86.ActiveCfg = Release|x86
		{DCD48287-7F36-4DBB-94CF-4FF617BF1F78}.Release|x86.Build.0 = Release|x86
		{DCD48287-7F36-4DBB-94CF-4FF617BF1F78}.ReleaseBTE|Any CPU.ActiveCfg = ReleaseBTE|Any CPU
		{DCD48287-7F36-4DBB-94CF-4FF617BF1F78}.ReleaseBTE|Any CPU.Build.0 = ReleaseBTE|Any CPU
		{DCD48287-7F36-4DBB-94CF-4FF617BF1F78}.ReleaseBTE|x86.ActiveCfg = ReleaseBTE|x86
		{DCD48287-7F36-4DBB-94CF-4FF617BF1F78}.ReleaseBTE|x86.Build.0 = ReleaseBTE|x86
		{DCD48287-7F36-4DBB-94CF-4FF617BF1F78}.ReleaseSE|Any CPU.ActiveCfg = ReleaseSE|Any CPU
		{DCD48287-7F36-4DBB-94CF-4FF617BF1F78}.ReleaseSE|Any CPU.Build.0 = ReleaseSE|Any CPU
		{DCD48287-7F36-4DBB-94CF-4FF617BF1F78}.ReleaseSE|x86.ActiveCfg = ReleaseSE|x86
		{DCD48287-7F36-4DBB-94CF-4FF617BF1F78}.ReleaseSE|x86.Build.0 = ReleaseSE|x86
		{222CBAAB-B338-4670-A553-B6154E582FC8}.ConTeXt|Any CPU.ActiveCfg = ConTeXt|Any CPU
		{222CBAAB-B338-4670-A553-B6154E582FC8}.ConTeXt|x86.ActiveCfg = ConTeXt|x86
		{222CBAAB-B338-4670-A553-B6154E582FC8}.ConTeXt|x86.Build.0 = ConTeXt|x86
		{222CBAAB-B338-4670-A553-B6154E582FC8}.CorporateBTE|Any CPU.ActiveCfg = CorporateBTE|Any CPU
		{222CBAAB-B338-4670-A553-B6154E582FC8}.CorporateBTE|x86.ActiveCfg = CorporateBTE|x86
		{222CBAAB-B338-4670-A553-B6154E582FC8}.CorporateSE|Any CPU.ActiveCfg = CorporateSE|Any CPU
		{222CBAAB-B338-4670-A553-B6154E582FC8}.CorporateSE|x86.ActiveCfg = CorporateSE|x86
		{222CBAAB-B338-4670-A553-B6154E582FC8}.Debug|Any CPU.ActiveCfg = Debug|Any CPU
		{222CBAAB-B338-4670-A553-B6154E582FC8}.Debug|Any CPU.Build.0 = Debug|Any CPU
		{222CBAAB-B338-4670-A553-B6154E582FC8}.Debug|x86.ActiveCfg = Debug|x86
		{222CBAAB-B338-4670-A553-B6154E582FC8}.Debug|x86.Build.0 = Debug|x86
		{222CBAAB-B338-4670-A553-B6154E582FC8}.Release|Any CPU.ActiveCfg = Debug|Any CPU
		{222CBAAB-B338-4670-A553-B6154E582FC8}.Release|x86.ActiveCfg = ConTeXt|x86
		{222CBAAB-B338-4670-A553-B6154E582FC8}.ReleaseBTE|Any CPU.ActiveCfg = Debug|Any CPU
		{222CBAAB-B338-4670-A553-B6154E582FC8}.ReleaseBTE|x86.ActiveCfg = ConTeXt|x86
		{222CBAAB-B338-4670-A553-B6154E582FC8}.ReleaseSE|Any CPU.ActiveCfg = Debug|Any CPU
		{222CBAAB-B338-4670-A553-B6154E582FC8}.ReleaseSE|x86.ActiveCfg = ConTeXt|x86
		{C7A57432-7AE4-456F-90FF-51582DE1BA65}.ConTeXt|Any CPU.ActiveCfg = ConTeXt|Any CPU
		{C7A57432-7AE4-456F-90FF-51582DE1BA65}.ConTeXt|x86.ActiveCfg = ConTeXt|x86
		{C7A57432-7AE4-456F-90FF-51582DE1BA65}.ConTeXt|x86.Build.0 = ConTeXt|x86
		{C7A57432-7AE4-456F-90FF-51582DE1BA65}.CorporateBTE|Any CPU.ActiveCfg = CorporateBTE|Any CPU
		{C7A57432-7AE4-456F-90FF-51582DE1BA65}.CorporateBTE|x86.ActiveCfg = CorporateBTE|x86
		{C7A57432-7AE4-456F-90FF-51582DE1BA65}.CorporateSE|Any CPU.ActiveCfg = CorporateSE|Any CPU
		{C7A57432-7AE4-456F-90FF-51582DE1BA65}.CorporateSE|x86.ActiveCfg = CorporateSE|x86
		{C7A57432-7AE4-456F-90FF-51582DE1BA65}.Debug|Any CPU.ActiveCfg = Debug|Any CPU
		{C7A57432-7AE4-456F-90FF-51582DE1BA65}.Debug|Any CPU.Build.0 = Debug|Any CPU
		{C7A57432-7AE4-456F-90FF-51582DE1BA65}.Debug|x86.ActiveCfg = Debug|x86
		{C7A57432-7AE4-456F-90FF-51582DE1BA65}.Release|Any CPU.ActiveCfg = Debug|Any CPU
		{C7A57432-7AE4-456F-90FF-51582DE1BA65}.Release|x86.ActiveCfg = ConTeXt|x86
		{C7A57432-7AE4-456F-90FF-51582DE1BA65}.ReleaseBTE|Any CPU.ActiveCfg = Debug|Any CPU
		{C7A57432-7AE4-456F-90FF-51582DE1BA65}.ReleaseBTE|x86.ActiveCfg = ConTeXt|x86
		{C7A57432-7AE4-456F-90FF-51582DE1BA65}.ReleaseSE|Any CPU.ActiveCfg = Debug|Any CPU
		{C7A57432-7AE4-456F-90FF-51582DE1BA65}.ReleaseSE|x86.ActiveCfg = ConTeXt|x86
		{C1ED7E03-C92E-4223-909B-E9C35A4D98E2}.ConTeXt|Any CPU.ActiveCfg = ConTeXt|Any CPU
		{C1ED7E03-C92E-4223-909B-E9C35A4D98E2}.ConTeXt|x86.ActiveCfg = ConTeXt|x86
		{C1ED7E03-C92E-4223-909B-E9C35A4D98E2}.ConTeXt|x86.Build.0 = ConTeXt|x86
		{C1ED7E03-C92E-4223-909B-E9C35A4D98E2}.CorporateBTE|Any CPU.ActiveCfg = CorporateBTE|Any CPU
		{C1ED7E03-C92E-4223-909B-E9C35A4D98E2}.CorporateBTE|Any CPU.Build.0 = CorporateBTE|Any CPU
		{C1ED7E03-C92E-4223-909B-E9C35A4D98E2}.CorporateBTE|x86.ActiveCfg = CorporateBTE|x86
		{C1ED7E03-C92E-4223-909B-E9C35A4D98E2}.CorporateBTE|x86.Build.0 = CorporateBTE|x86
		{C1ED7E03-C92E-4223-909B-E9C35A4D98E2}.CorporateSE|Any CPU.ActiveCfg = CorporateSE|Any CPU
		{C1ED7E03-C92E-4223-909B-E9C35A4D98E2}.CorporateSE|Any CPU.Build.0 = CorporateSE|Any CPU
		{C1ED7E03-C92E-4223-909B-E9C35A4D98E2}.CorporateSE|x86.ActiveCfg = CorporateSE|x86
		{C1ED7E03-C92E-4223-909B-E9C35A4D98E2}.CorporateSE|x86.Build.0 = CorporateSE|x86
		{C1ED7E03-C92E-4223-909B-E9C35A4D98E2}.Debug|Any CPU.ActiveCfg = Debug|Any CPU
		{C1ED7E03-C92E-4223-909B-E9C35A4D98E2}.Debug|Any CPU.Build.0 = Debug|Any CPU
		{C1ED7E03-C92E-4223-909B-E9C35A4D98E2}.Debug|x86.ActiveCfg = Debug|x86
		{C1ED7E03-C92E-4223-909B-E9C35A4D98E2}.Debug|x86.Build.0 = Debug|x86
		{C1ED7E03-C92E-4223-909B-E9C35A4D98E2}.Release|Any CPU.ActiveCfg = Release|Any CPU
		{C1ED7E03-C92E-4223-909B-E9C35A4D98E2}.Release|Any CPU.Build.0 = Release|Any CPU
		{C1ED7E03-C92E-4223-909B-E9C35A4D98E2}.Release|x86.ActiveCfg = Release|x86
		{C1ED7E03-C92E-4223-909B-E9C35A4D98E2}.Release|x86.Build.0 = Release|x86
		{C1ED7E03-C92E-4223-909B-E9C35A4D98E2}.ReleaseBTE|Any CPU.ActiveCfg = ReleaseBTE|Any CPU
		{C1ED7E03-C92E-4223-909B-E9C35A4D98E2}.ReleaseBTE|Any CPU.Build.0 = ReleaseBTE|Any CPU
		{C1ED7E03-C92E-4223-909B-E9C35A4D98E2}.ReleaseBTE|x86.ActiveCfg = ReleaseBTE|x86
		{C1ED7E03-C92E-4223-909B-E9C35A4D98E2}.ReleaseBTE|x86.Build.0 = ReleaseBTE|x86
		{C1ED7E03-C92E-4223-909B-E9C35A4D98E2}.ReleaseSE|Any CPU.ActiveCfg = ReleaseSE|Any CPU
		{C1ED7E03-C92E-4223-909B-E9C35A4D98E2}.ReleaseSE|Any CPU.Build.0 = ReleaseSE|Any CPU
		{C1ED7E03-C92E-4223-909B-E9C35A4D98E2}.ReleaseSE|x86.ActiveCfg = ReleaseSE|x86
		{C1ED7E03-C92E-4223-909B-E9C35A4D98E2}.ReleaseSE|x86.Build.0 = ReleaseSE|x86
		{448F846F-CE23-462C-BF7E-827875A36F82}.ConTeXt|Any CPU.ActiveCfg = ConTeXt|Any CPU
		{448F846F-CE23-462C-BF7E-827875A36F82}.ConTeXt|Any CPU.Build.0 = ConTeXt|Any CPU
		{448F846F-CE23-462C-BF7E-827875A36F82}.ConTeXt|x86.ActiveCfg = ConTeXt|x86
		{448F846F-CE23-462C-BF7E-827875A36F82}.ConTeXt|x86.Build.0 = ConTeXt|x86
		{448F846F-CE23-462C-BF7E-827875A36F82}.CorporateBTE|Any CPU.ActiveCfg = CorporateBTE|Any CPU
		{448F846F-CE23-462C-BF7E-827875A36F82}.CorporateBTE|Any CPU.Build.0 = CorporateBTE|Any CPU
		{448F846F-CE23-462C-BF7E-827875A36F82}.CorporateBTE|x86.ActiveCfg = CorporateBTE|x86
		{448F846F-CE23-462C-BF7E-827875A36F82}.CorporateBTE|x86.Build.0 = CorporateBTE|x86
		{448F846F-CE23-462C-BF7E-827875A36F82}.CorporateSE|Any CPU.ActiveCfg = CorporateSE|Any CPU
		{448F846F-CE23-462C-BF7E-827875A36F82}.CorporateSE|Any CPU.Build.0 = CorporateSE|Any CPU
		{448F846F-CE23-462C-BF7E-827875A36F82}.CorporateSE|x86.ActiveCfg = CorporateSE|x86
		{448F846F-CE23-462C-BF7E-827875A36F82}.CorporateSE|x86.Build.0 = CorporateSE|x86
		{448F846F-CE23-462C-BF7E-827875A36F82}.Debug|Any CPU.ActiveCfg = Debug|Any CPU
		{448F846F-CE23-462C-BF7E-827875A36F82}.Debug|Any CPU.Build.0 = Debug|Any CPU
		{448F846F-CE23-462C-BF7E-827875A36F82}.Debug|x86.ActiveCfg = Debug|x86
		{448F846F-CE23-462C-BF7E-827875A36F82}.Debug|x86.Build.0 = Debug|x86
		{448F846F-CE23-462C-BF7E-827875A36F82}.Release|Any CPU.ActiveCfg = Release|Any CPU
		{448F846F-CE23-462C-BF7E-827875A36F82}.Release|Any CPU.Build.0 = Release|Any CPU
		{448F846F-CE23-462C-BF7E-827875A36F82}.Release|x86.ActiveCfg = Release|x86
		{448F846F-CE23-462C-BF7E-827875A36F82}.Release|x86.Build.0 = Release|x86
		{448F846F-CE23-462C-BF7E-827875A36F82}.ReleaseBTE|Any CPU.ActiveCfg = ReleaseBTE|Any CPU
		{448F846F-CE23-462C-BF7E-827875A36F82}.ReleaseBTE|Any CPU.Build.0 = ReleaseBTE|Any CPU
		{448F846F-CE23-462C-BF7E-827875A36F82}.ReleaseBTE|x86.ActiveCfg = ReleaseBTE|x86
		{448F846F-CE23-462C-BF7E-827875A36F82}.ReleaseBTE|x86.Build.0 = ReleaseBTE|x86
		{448F846F-CE23-462C-BF7E-827875A36F82}.ReleaseSE|Any CPU.ActiveCfg = ReleaseSE|Any CPU
		{448F846F-CE23-462C-BF7E-827875A36F82}.ReleaseSE|Any CPU.Build.0 = ReleaseSE|Any CPU
		{448F846F-CE23-462C-BF7E-827875A36F82}.ReleaseSE|x86.ActiveCfg = ReleaseSE|x86
		{448F846F-CE23-462C-BF7E-827875A36F82}.ReleaseSE|x86.Build.0 = ReleaseSE|x86
		{12FE8988-5957-427D-BA6C-B4C601F5A558}.ConTeXt|Any CPU.ActiveCfg = ConTeXt|Any CPU
		{12FE8988-5957-427D-BA6C-B4C601F5A558}.ConTeXt|x86.ActiveCfg = ConTeXt|x86
		{12FE8988-5957-427D-BA6C-B4C601F5A558}.ConTeXt|x86.Build.0 = ConTeXt|x86
		{12FE8988-5957-427D-BA6C-B4C601F5A558}.CorporateBTE|Any CPU.ActiveCfg = CorporateBTE|Any CPU
		{12FE8988-5957-427D-BA6C-B4C601F5A558}.CorporateBTE|x86.ActiveCfg = CorporateBTE|x86
		{12FE8988-5957-427D-BA6C-B4C601F5A558}.CorporateSE|Any CPU.ActiveCfg = CorporateSE|Any CPU
		{12FE8988-5957-427D-BA6C-B4C601F5A558}.CorporateSE|x86.ActiveCfg = CorporateSE|x86
		{12FE8988-5957-427D-BA6C-B4C601F5A558}.Debug|Any CPU.ActiveCfg = Debug|Any CPU
		{12FE8988-5957-427D-BA6C-B4C601F5A558}.Debug|Any CPU.Build.0 = Debug|Any CPU
		{12FE8988-5957-427D-BA6C-B4C601F5A558}.Debug|x86.ActiveCfg = Debug|x86
		{12FE8988-5957-427D-BA6C-B4C601F5A558}.Debug|x86.Build.0 = Debug|x86
		{12FE8988-5957-427D-BA6C-B4C601F5A558}.Release|Any CPU.ActiveCfg = Release|Any CPU
		{12FE8988-5957-427D-BA6C-B4C601F5A558}.Release|Any CPU.Build.0 = Release|Any CPU
		{12FE8988-5957-427D-BA6C-B4C601F5A558}.Release|x86.ActiveCfg = Release|x86
		{12FE8988-5957-427D-BA6C-B4C601F5A558}.Release|x86.Build.0 = Release|x86
		{12FE8988-5957-427D-BA6C-B4C601F5A558}.ReleaseBTE|Any CPU.ActiveCfg = ReleaseBTE|Any CPU
		{12FE8988-5957-427D-BA6C-B4C601F5A558}.ReleaseBTE|Any CPU.Build.0 = ReleaseBTE|Any CPU
		{12FE8988-5957-427D-BA6C-B4C601F5A558}.ReleaseBTE|x86.ActiveCfg = ReleaseBTE|x86
		{12FE8988-5957-427D-BA6C-B4C601F5A558}.ReleaseBTE|x86.Build.0 = ReleaseBTE|x86
		{12FE8988-5957-427D-BA6C-B4C601F5A558}.ReleaseSE|Any CPU.ActiveCfg = ReleaseSE|Any CPU
		{12FE8988-5957-427D-BA6C-B4C601F5A558}.ReleaseSE|Any CPU.Build.0 = ReleaseSE|Any CPU
		{12FE8988-5957-427D-BA6C-B4C601F5A558}.ReleaseSE|x86.ActiveCfg = ReleaseSE|x86
		{12FE8988-5957-427D-BA6C-B4C601F5A558}.ReleaseSE|x86.Build.0 = ReleaseSE|x86
		{D38235F3-5B02-4835-B380-40E0BDCD5495}.ConTeXt|Any CPU.ActiveCfg = ConTeXt|Any CPU
		{D38235F3-5B02-4835-B380-40E0BDCD5495}.ConTeXt|x86.ActiveCfg = Release7BTE|x86
		{D38235F3-5B02-4835-B380-40E0BDCD5495}.ConTeXt|x86.Build.0 = ConTeXt|x86
		{D38235F3-5B02-4835-B380-40E0BDCD5495}.CorporateBTE|Any CPU.ActiveCfg = CorporateBTE|Any CPU
		{D38235F3-5B02-4835-B380-40E0BDCD5495}.CorporateBTE|Any CPU.Build.0 = CorporateBTE|Any CPU
		{D38235F3-5B02-4835-B380-40E0BDCD5495}.CorporateBTE|x86.ActiveCfg = CorporateBTE|x86
		{D38235F3-5B02-4835-B380-40E0BDCD5495}.CorporateBTE|x86.Build.0 = CorporateBTE|x86
		{D38235F3-5B02-4835-B380-40E0BDCD5495}.CorporateSE|Any CPU.ActiveCfg = CorporateSE|Any CPU
		{D38235F3-5B02-4835-B380-40E0BDCD5495}.CorporateSE|Any CPU.Build.0 = CorporateSE|Any CPU
		{D38235F3-5B02-4835-B380-40E0BDCD5495}.CorporateSE|x86.ActiveCfg = CorporateSE|x86
		{D38235F3-5B02-4835-B380-40E0BDCD5495}.CorporateSE|x86.Build.0 = CorporateSE|x86
		{D38235F3-5B02-4835-B380-40E0BDCD5495}.Debug|Any CPU.ActiveCfg = Debug|Any CPU
		{D38235F3-5B02-4835-B380-40E0BDCD5495}.Debug|Any CPU.Build.0 = Debug|Any CPU
		{D38235F3-5B02-4835-B380-40E0BDCD5495}.Debug|x86.ActiveCfg = Debug|x86
		{D38235F3-5B02-4835-B380-40E0BDCD5495}.Debug|x86.Build.0 = Debug|x86
		{D38235F3-5B02-4835-B380-40E0BDCD5495}.Release|Any CPU.ActiveCfg = Release|Any CPU
		{D38235F3-5B02-4835-B380-40E0BDCD5495}.Release|Any CPU.Build.0 = Release|Any CPU
		{D38235F3-5B02-4835-B380-40E0BDCD5495}.Release|x86.ActiveCfg = Release|x86
		{D38235F3-5B02-4835-B380-40E0BDCD5495}.Release|x86.Build.0 = Release|x86
		{D38235F3-5B02-4835-B380-40E0BDCD5495}.ReleaseBTE|Any CPU.ActiveCfg = ReleaseBTE|Any CPU
		{D38235F3-5B02-4835-B380-40E0BDCD5495}.ReleaseBTE|Any CPU.Build.0 = ReleaseBTE|Any CPU
		{D38235F3-5B02-4835-B380-40E0BDCD5495}.ReleaseBTE|x86.ActiveCfg = ReleaseBTE|x86
		{D38235F3-5B02-4835-B380-40E0BDCD5495}.ReleaseBTE|x86.Build.0 = ReleaseBTE|x86
		{D38235F3-5B02-4835-B380-40E0BDCD5495}.ReleaseSE|Any CPU.ActiveCfg = ReleaseSE|Any CPU
		{D38235F3-5B02-4835-B380-40E0BDCD5495}.ReleaseSE|Any CPU.Build.0 = ReleaseSE|Any CPU
		{D38235F3-5B02-4835-B380-40E0BDCD5495}.ReleaseSE|x86.ActiveCfg = ReleaseSE|x86
		{D38235F3-5B02-4835-B380-40E0BDCD5495}.ReleaseSE|x86.Build.0 = ReleaseSE|x86
		{24E32D8C-5ECF-4263-98C1-C15D1A05ABDE}.ConTeXt|Any CPU.ActiveCfg = ConTeXt|Any CPU
		{24E32D8C-5ECF-4263-98C1-C15D1A05ABDE}.ConTeXt|x86.ActiveCfg = ConTeXt|x86
		{24E32D8C-5ECF-4263-98C1-C15D1A05ABDE}.ConTeXt|x86.Build.0 = ConTeXt|x86
		{24E32D8C-5ECF-4263-98C1-C15D1A05ABDE}.CorporateBTE|Any CPU.ActiveCfg = CorporateBTE|Any CPU
		{24E32D8C-5ECF-4263-98C1-C15D1A05ABDE}.CorporateBTE|Any CPU.Build.0 = CorporateBTE|Any CPU
		{24E32D8C-5ECF-4263-98C1-C15D1A05ABDE}.CorporateBTE|x86.ActiveCfg = CorporateBTE|x86
		{24E32D8C-5ECF-4263-98C1-C15D1A05ABDE}.CorporateBTE|x86.Build.0 = CorporateBTE|x86
		{24E32D8C-5ECF-4263-98C1-C15D1A05ABDE}.CorporateSE|Any CPU.ActiveCfg = CorporateSE|Any CPU
		{24E32D8C-5ECF-4263-98C1-C15D1A05ABDE}.CorporateSE|Any CPU.Build.0 = CorporateSE|Any CPU
		{24E32D8C-5ECF-4263-98C1-C15D1A05ABDE}.CorporateSE|x86.ActiveCfg = CorporateSE|x86
		{24E32D8C-5ECF-4263-98C1-C15D1A05ABDE}.CorporateSE|x86.Build.0 = CorporateSE|x86
		{24E32D8C-5ECF-4263-98C1-C15D1A05ABDE}.Debug|Any CPU.ActiveCfg = Debug|Any CPU
		{24E32D8C-5ECF-4263-98C1-C15D1A05ABDE}.Debug|Any CPU.Build.0 = Debug|Any CPU
		{24E32D8C-5ECF-4263-98C1-C15D1A05ABDE}.Debug|x86.ActiveCfg = Debug|x86
		{24E32D8C-5ECF-4263-98C1-C15D1A05ABDE}.Debug|x86.Build.0 = Debug|x86
		{24E32D8C-5ECF-4263-98C1-C15D1A05ABDE}.Release|Any CPU.ActiveCfg = Release|Any CPU
		{24E32D8C-5ECF-4263-98C1-C15D1A05ABDE}.Release|Any CPU.Build.0 = Release|Any CPU
		{24E32D8C-5ECF-4263-98C1-C15D1A05ABDE}.Release|x86.ActiveCfg = Release|x86
		{24E32D8C-5ECF-4263-98C1-C15D1A05ABDE}.Release|x86.Build.0 = Release|x86
		{24E32D8C-5ECF-4263-98C1-C15D1A05ABDE}.ReleaseBTE|Any CPU.ActiveCfg = ReleaseBTE|Any CPU
		{24E32D8C-5ECF-4263-98C1-C15D1A05ABDE}.ReleaseBTE|Any CPU.Build.0 = ReleaseBTE|Any CPU
		{24E32D8C-5ECF-4263-98C1-C15D1A05ABDE}.ReleaseBTE|x86.ActiveCfg = ReleaseBTE|x86
		{24E32D8C-5ECF-4263-98C1-C15D1A05ABDE}.ReleaseBTE|x86.Build.0 = ReleaseBTE|x86
		{24E32D8C-5ECF-4263-98C1-C15D1A05ABDE}.ReleaseSE|Any CPU.ActiveCfg = ReleaseSE|Any CPU
		{24E32D8C-5ECF-4263-98C1-C15D1A05ABDE}.ReleaseSE|Any CPU.Build.0 = ReleaseSE|Any CPU
		{24E32D8C-5ECF-4263-98C1-C15D1A05ABDE}.ReleaseSE|x86.ActiveCfg = ReleaseSE|x86
		{24E32D8C-5ECF-4263-98C1-C15D1A05ABDE}.ReleaseSE|x86.Build.0 = ReleaseSE|x86
		{E10D5643-1A82-4A3F-915B-92EC80C86815}.ConTeXt|Any CPU.ActiveCfg = ConTeXt|Any CPU
		{E10D5643-1A82-4A3F-915B-92EC80C86815}.ConTeXt|x86.ActiveCfg = ConTeXt|x86
		{E10D5643-1A82-4A3F-915B-92EC80C86815}.ConTeXt|x86.Build.0 = ConTeXt|x86
		{E10D5643-1A82-4A3F-915B-92EC80C86815}.CorporateBTE|Any CPU.ActiveCfg = CorporateBTE|Any CPU
		{E10D5643-1A82-4A3F-915B-92EC80C86815}.CorporateBTE|x86.ActiveCfg = CorporateBTE|x86
		{E10D5643-1A82-4A3F-915B-92EC80C86815}.CorporateBTE|x86.Build.0 = CorporateBTE|x86
		{E10D5643-1A82-4A3F-915B-92EC80C86815}.CorporateSE|Any CPU.ActiveCfg = CorporateSE|Any CPU
		{E10D5643-1A82-4A3F-915B-92EC80C86815}.CorporateSE|x86.ActiveCfg = CorporateSE|x86
		{E10D5643-1A82-4A3F-915B-92EC80C86815}.CorporateSE|x86.Build.0 = CorporateSE|x86
		{E10D5643-1A82-4A3F-915B-92EC80C86815}.Debug|Any CPU.ActiveCfg = Debug|Any CPU
		{E10D5643-1A82-4A3F-915B-92EC80C86815}.Debug|Any CPU.Build.0 = Debug|Any CPU
		{E10D5643-1A82-4A3F-915B-92EC80C86815}.Debug|x86.ActiveCfg = Debug|x86
		{E10D5643-1A82-4A3F-915B-92EC80C86815}.Debug|x86.Build.0 = Debug|x86
		{E10D5643-1A82-4A3F-915B-92EC80C86815}.Release|Any CPU.ActiveCfg = Release|Any CPU
		{E10D5643-1A82-4A3F-915B-92EC80C86815}.Release|Any CPU.Build.0 = Release|Any CPU
		{E10D5643-1A82-4A3F-915B-92EC80C86815}.Release|x86.ActiveCfg = Release|x86
		{E10D5643-1A82-4A3F-915B-92EC80C86815}.Release|x86.Build.0 = Release|x86
		{E10D5643-1A82-4A3F-915B-92EC80C86815}.ReleaseBTE|Any CPU.ActiveCfg = ReleaseBTE|Any CPU
		{E10D5643-1A82-4A3F-915B-92EC80C86815}.ReleaseBTE|Any CPU.Build.0 = ReleaseBTE|Any CPU
		{E10D5643-1A82-4A3F-915B-92EC80C86815}.ReleaseBTE|x86.ActiveCfg = ReleaseBTE|x86
		{E10D5643-1A82-4A3F-915B-92EC80C86815}.ReleaseBTE|x86.Build.0 = ReleaseBTE|x86
		{E10D5643-1A82-4A3F-915B-92EC80C86815}.ReleaseSE|Any CPU.ActiveCfg = ReleaseSE|Any CPU
		{E10D5643-1A82-4A3F-915B-92EC80C86815}.ReleaseSE|Any CPU.Build.0 = ReleaseSE|Any CPU
		{E10D5643-1A82-4A3F-915B-92EC80C86815}.ReleaseSE|x86.ActiveCfg = ReleaseSE|x86
		{E10D5643-1A82-4A3F-915B-92EC80C86815}.ReleaseSE|x86.Build.0 = ReleaseSE|x86
		{39EBC01A-B1A5-49BF-AEFF-16296D1A272E}.ConTeXt|Any CPU.ActiveCfg = ConTeXt|Any CPU
		{39EBC01A-B1A5-49BF-AEFF-16296D1A272E}.ConTeXt|Any CPU.Build.0 = ConTeXt|Any CPU
		{39EBC01A-B1A5-49BF-AEFF-16296D1A272E}.ConTeXt|x86.ActiveCfg = ConTeXt|x86
		{39EBC01A-B1A5-49BF-AEFF-16296D1A272E}.CorporateBTE|Any CPU.ActiveCfg = CorporateBTE|Any CPU
		{39EBC01A-B1A5-49BF-AEFF-16296D1A272E}.CorporateBTE|x86.ActiveCfg = CorporateBTE|x86
		{39EBC01A-B1A5-49BF-AEFF-16296D1A272E}.CorporateSE|Any CPU.ActiveCfg = CorporateSE|Any CPU
		{39EBC01A-B1A5-49BF-AEFF-16296D1A272E}.CorporateSE|x86.ActiveCfg = CorporateSE|x86
		{39EBC01A-B1A5-49BF-AEFF-16296D1A272E}.Debug|Any CPU.ActiveCfg = Debug|Any CPU
		{39EBC01A-B1A5-49BF-AEFF-16296D1A272E}.Debug|x86.ActiveCfg = Debug|x86
		{39EBC01A-B1A5-49BF-AEFF-16296D1A272E}.Release|Any CPU.ActiveCfg = Release|Any CPU
		{39EBC01A-B1A5-49BF-AEFF-16296D1A272E}.Release|x86.ActiveCfg = Release|x86
		{39EBC01A-B1A5-49BF-AEFF-16296D1A272E}.ReleaseBTE|Any CPU.ActiveCfg = ReleaseBTE|Any CPU
		{39EBC01A-B1A5-49BF-AEFF-16296D1A272E}.ReleaseBTE|x86.ActiveCfg = ReleaseBTE|x86
		{39EBC01A-B1A5-49BF-AEFF-16296D1A272E}.ReleaseSE|Any CPU.ActiveCfg = ReleaseSE|Any CPU
		{39EBC01A-B1A5-49BF-AEFF-16296D1A272E}.ReleaseSE|x86.ActiveCfg = ReleaseSE|x86
		{F91C8F61-9DFA-42F0-84EF-FE64B47FF433}.ConTeXt|Any CPU.ActiveCfg = ConTeXt|Any CPU
		{F91C8F61-9DFA-42F0-84EF-FE64B47FF433}.ConTeXt|Any CPU.Build.0 = ConTeXt|Any CPU
		{F91C8F61-9DFA-42F0-84EF-FE64B47FF433}.ConTeXt|x86.ActiveCfg = ConTeXt|Any CPU
		{F91C8F61-9DFA-42F0-84EF-FE64B47FF433}.CorporateBTE|Any CPU.ActiveCfg = CorporateBTE|Any CPU
		{F91C8F61-9DFA-42F0-84EF-FE64B47FF433}.CorporateBTE|Any CPU.Build.0 = CorporateBTE|Any CPU
		{F91C8F61-9DFA-42F0-84EF-FE64B47FF433}.CorporateBTE|x86.ActiveCfg = CorporateBTE|Any CPU
		{F91C8F61-9DFA-42F0-84EF-FE64B47FF433}.CorporateSE|Any CPU.ActiveCfg = CorporateSE|Any CPU
		{F91C8F61-9DFA-42F0-84EF-FE64B47FF433}.CorporateSE|Any CPU.Build.0 = CorporateSE|Any CPU
		{F91C8F61-9DFA-42F0-84EF-FE64B47FF433}.CorporateSE|x86.ActiveCfg = CorporateSE|Any CPU
		{F91C8F61-9DFA-42F0-84EF-FE64B47FF433}.Debug|Any CPU.ActiveCfg = Debug|Any CPU
		{F91C8F61-9DFA-42F0-84EF-FE64B47FF433}.Debug|Any CPU.Build.0 = Debug|Any CPU
		{F91C8F61-9DFA-42F0-84EF-FE64B47FF433}.Debug|x86.ActiveCfg = Debug|x86
		{F91C8F61-9DFA-42F0-84EF-FE64B47FF433}.Debug|x86.Build.0 = Debug|x86
		{F91C8F61-9DFA-42F0-84EF-FE64B47FF433}.Release|Any CPU.ActiveCfg = Release|Any CPU
		{F91C8F61-9DFA-42F0-84EF-FE64B47FF433}.Release|Any CPU.Build.0 = Release|Any CPU
		{F91C8F61-9DFA-42F0-84EF-FE64B47FF433}.Release|x86.ActiveCfg = Release|Any CPU
		{F91C8F61-9DFA-42F0-84EF-FE64B47FF433}.ReleaseBTE|Any CPU.ActiveCfg = Release|Any CPU
		{F91C8F61-9DFA-42F0-84EF-FE64B47FF433}.ReleaseBTE|Any CPU.Build.0 = Release|Any CPU
		{F91C8F61-9DFA-42F0-84EF-FE64B47FF433}.ReleaseBTE|x86.ActiveCfg = Release|x86
		{F91C8F61-9DFA-42F0-84EF-FE64B47FF433}.ReleaseSE|Any CPU.ActiveCfg = Release|Any CPU
		{F91C8F61-9DFA-42F0-84EF-FE64B47FF433}.ReleaseSE|Any CPU.Build.0 = Release|Any CPU
		{F91C8F61-9DFA-42F0-84EF-FE64B47FF433}.ReleaseSE|x86.ActiveCfg = Release|x86
		{B19037F2-26F7-48A2-9301-B5CA335C6824}.ConTeXt|Any CPU.ActiveCfg = Release|Any CPU
		{B19037F2-26F7-48A2-9301-B5CA335C6824}.ConTeXt|x86.ActiveCfg = Release|Any CPU
		{B19037F2-26F7-48A2-9301-B5CA335C6824}.CorporateBTE|Any CPU.ActiveCfg = Release|Any CPU
		{B19037F2-26F7-48A2-9301-B5CA335C6824}.CorporateBTE|x86.ActiveCfg = CorporateBTE|x86
		{B19037F2-26F7-48A2-9301-B5CA335C6824}.CorporateBTE|x86.Build.0 = CorporateBTE|x86
		{B19037F2-26F7-48A2-9301-B5CA335C6824}.CorporateSE|Any CPU.ActiveCfg = Release|Any CPU
		{B19037F2-26F7-48A2-9301-B5CA335C6824}.CorporateSE|x86.ActiveCfg = CorporateSE|x86
		{B19037F2-26F7-48A2-9301-B5CA335C6824}.CorporateSE|x86.Build.0 = CorporateSE|x86
		{B19037F2-26F7-48A2-9301-B5CA335C6824}.Debug|Any CPU.ActiveCfg = Debug|Any CPU
		{B19037F2-26F7-48A2-9301-B5CA335C6824}.Debug|Any CPU.Build.0 = Debug|Any CPU
		{B19037F2-26F7-48A2-9301-B5CA335C6824}.Debug|x86.ActiveCfg = Debug|x86
		{B19037F2-26F7-48A2-9301-B5CA335C6824}.Debug|x86.Build.0 = Debug|x86
		{B19037F2-26F7-48A2-9301-B5CA335C6824}.Release|Any CPU.ActiveCfg = Release|Any CPU
		{B19037F2-26F7-48A2-9301-B5CA335C6824}.Release|Any CPU.Build.0 = Release|Any CPU
		{B19037F2-26F7-48A2-9301-B5CA335C6824}.Release|x86.ActiveCfg = Release|Any CPU
		{B19037F2-26F7-48A2-9301-B5CA335C6824}.ReleaseBTE|Any CPU.ActiveCfg = Release|Any CPU
		{B19037F2-26F7-48A2-9301-B5CA335C6824}.ReleaseBTE|Any CPU.Build.0 = Release|Any CPU
		{B19037F2-26F7-48A2-9301-B5CA335C6824}.ReleaseBTE|x86.ActiveCfg = Release|x86
		{B19037F2-26F7-48A2-9301-B5CA335C6824}.ReleaseSE|Any CPU.ActiveCfg = Release|Any CPU
		{B19037F2-26F7-48A2-9301-B5CA335C6824}.ReleaseSE|Any CPU.Build.0 = Release|Any CPU
		{B19037F2-26F7-48A2-9301-B5CA335C6824}.ReleaseSE|x86.ActiveCfg = Release|x86
		{B19037F2-26F7-48A2-9301-B5CA335C6824}.ReleaseSE|x86.Build.0 = Release|x86
	EndGlobalSection
	GlobalSection(SolutionProperties) = preSolution
		HideSolutionNode = FALSE
	EndGlobalSection
	GlobalSection(NestedProjects) = preSolution
		{9BCA3F9D-6F7D-44ED-97DD-0FA59197FD9C} = {D2C923B7-DE53-481E-AC99-0A7D95A18FD5}
		{CAC4D00A-07B8-459F-87C8-BFB537008B26} = {D2C923B7-DE53-481E-AC99-0A7D95A18FD5}
		{2D463BB2-E681-4266-B883-E4E1406C92A4} = {D2C923B7-DE53-481E-AC99-0A7D95A18FD5}
		{B7D62460-1878-403A-AECD-2A16C5F3F975} = {D2C923B7-DE53-481E-AC99-0A7D95A18FD5}
		{45E0EC5A-1DDA-416B-BDBE-642C3EB4B880} = {D2C923B7-DE53-481E-AC99-0A7D95A18FD5}
		{39EBC01A-B1A5-49BF-AEFF-16296D1A272E} = {D2C923B7-DE53-481E-AC99-0A7D95A18FD5}
	EndGlobalSection
EndGlobal
