
Microsoft Visual Studio Solution File, Format Version 10.00
# Visual Studio 2008
Project("{FAE04EC0-301F-11D3-BF4B-00C04F79EFBC}") = "CssParser", "CssParser\CssParser.csproj", "{B58FD9BA-1783-43F2-86D1-D79E1EACC365}"
	ProjectSection(ProjectDependencies) = postProject
		{CAC4D00A-07B8-459F-87C8-BFB537008B26} = {CAC4D00A-07B8-459F-87C8-BFB537008B26}
		{0CE06718-8D22-4443-90E2-6C48127B9F20} = {0CE06718-8D22-4443-90E2-6C48127B9F20}
		{BBFB7621-9BE1-4A58-91E9-51340BE1338E} = {BBFB7621-9BE1-4A58-91E9-51340BE1338E}
	EndProjectSection
EndProject
Project("{FAE04EC0-301F-11D3-BF4B-00C04F79EFBC}") = "InDesignConvert", "InDesignConvert\InDesignConvert.csproj", "{8D0D307D-3785-4561-A923-FF3DDF6C2F14}"
EndProject
Project("{FAE04EC0-301F-11D3-BF4B-00C04F79EFBC}") = "OpenOfficeConvert", "OpenOfficeConvert\OpenOfficeConvert.csproj", "{E225E5AF-B603-41D1-BB58-E3AAE05C59FD}"
EndProject
Project("{FAE04EC0-301F-11D3-BF4B-00C04F79EFBC}") = "PublishingSolutionEXE", "PublishingSolutionExe\PublishingSolutionEXE.csproj", "{C37AD0DF-7C87-4666-8335-35FDABFEAA45}"
	ProjectSection(ProjectDependencies) = postProject
		{21F7EE2E-B691-4E3D-B734-BC94B4AA891F} = {21F7EE2E-B691-4E3D-B734-BC94B4AA891F}
		{310E4B50-F423-46B1-AD72-740CC859E4C3} = {310E4B50-F423-46B1-AD72-740CC859E4C3}
		{E75BC85C-6240-45F0-ADBF-F0F80EEFD6D8} = {E75BC85C-6240-45F0-ADBF-F0F80EEFD6D8}
		{8D0D307D-3785-4561-A923-FF3DDF6C2F14} = {8D0D307D-3785-4561-A923-FF3DDF6C2F14}
		{E225E5AF-B603-41D1-BB58-E3AAE05C59FD} = {E225E5AF-B603-41D1-BB58-E3AAE05C59FD}
		{C7A3F4E5-1F86-4D22-AB4F-5BEA0D923DDD} = {C7A3F4E5-1F86-4D22-AB4F-5BEA0D923DDD}
	EndProjectSection
EndProject
Project("{2150E333-8FDC-42A3-9474-1A3956D46DE8}") = "Build", "Build", "{D2C923B7-DE53-481E-AC99-0A7D95A18FD5}"
EndProject
Project("{FAE04EC0-301F-11D3-BF4B-00C04F79EFBC}") = "Builder", "Build\Builder\Builder.csproj", "{9BCA3F9D-6F7D-44ED-97DD-0FA59197FD9C}"
	ProjectSection(ProjectDependencies) = postProject
		{DCD48287-7F36-4DBB-94CF-4FF617BF1F78} = {DCD48287-7F36-4DBB-94CF-4FF617BF1F78}
		{C37AD0DF-7C87-4666-8335-35FDABFEAA45} = {C37AD0DF-7C87-4666-8335-35FDABFEAA45}
	EndProjectSection
EndProject
Project("{FAE04EC0-301F-11D3-BF4B-00C04F79EFBC}") = "SetVersion", "Build\SetVersion\SetVersion.csproj", "{CAC4D00A-07B8-459F-87C8-BFB537008B26}"
EndProject
Project("{FAE04EC0-301F-11D3-BF4B-00C04F79EFBC}") = "PdfConvert", "PdfConvert\PdfConvert.csproj", "{E75BC85C-6240-45F0-ADBF-F0F80EEFD6D8}"
EndProject
Project("{FAE04EC0-301F-11D3-BF4B-00C04F79EFBC}") = "OdtConvert", "OdtConvert\OdtConvert.csproj", "{21F7EE2E-B691-4E3D-B734-BC94B4AA891F}"
EndProject
Project("{FAE04EC0-301F-11D3-BF4B-00C04F79EFBC}") = "LiftPrepare", "LiftPrepare\LiftPrepare.csproj", "{D38235F3-5B02-4835-B380-40E0BDCD5495}"
EndProject
Project("{FAE04EC0-301F-11D3-BF4B-00C04F79EFBC}") = "XeTeXConvert", "XeTeXConvert\XeTeXConvert.csproj", "{310E4B50-F423-46B1-AD72-740CC859E4C3}"
EndProject
Project("{FAE04EC0-301F-11D3-BF4B-00C04F79EFBC}") = "BuilderBTE", "Build\BuilderBTE\BuilderBTE.csproj", "{2D463BB2-E681-4266-B883-E4E1406C92A4}"
	ProjectSection(ProjectDependencies) = postProject
		{C1ED7E03-C92E-4223-909B-E9C35A4D98E2} = {C1ED7E03-C92E-4223-909B-E9C35A4D98E2}
		{DCD48287-7F36-4DBB-94CF-4FF617BF1F78} = {DCD48287-7F36-4DBB-94CF-4FF617BF1F78}
	EndProjectSection
EndProject
Project("{FAE04EC0-301F-11D3-BF4B-00C04F79EFBC}") = "SetVersionBTE", "Build\SetVersionBTE\SetVersionBTE.csproj", "{0CE06718-8D22-4443-90E2-6C48127B9F20}"
EndProject
Project("{FAE04EC0-301F-11D3-BF4B-00C04F79EFBC}") = "BuilderBL", "Build\BuilderBL\BuilderBL.csproj", "{B7D62460-1878-403A-AECD-2A16C5F3F975}"
EndProject
Project("{FAE04EC0-301F-11D3-BF4B-00C04F79EFBC}") = "BuilderSE", "Build\BuilderSE\BuilderSE.csproj", "{45E0EC5A-1DDA-416B-BDBE-642C3EB4B880}"
	ProjectSection(ProjectDependencies) = postProject
		{C1ED7E03-C92E-4223-909B-E9C35A4D98E2} = {C1ED7E03-C92E-4223-909B-E9C35A4D98E2}
		{DCD48287-7F36-4DBB-94CF-4FF617BF1F78} = {DCD48287-7F36-4DBB-94CF-4FF617BF1F78}
	EndProjectSection
EndProject
Project("{FAE04EC0-301F-11D3-BF4B-00C04F79EFBC}") = "SetVersionSE", "Build\SetVersionSE\SetVersionSE.csproj", "{BBFB7621-9BE1-4A58-91E9-51340BE1338E}"
EndProject
Project("{FAE04EC0-301F-11D3-BF4B-00C04F79EFBC}") = "GoBibleConvert", "GoBibleConvert\GoBibleConvert.csproj", "{C7A3F4E5-1F86-4D22-AB4F-5BEA0D923DDD}"
EndProject
Project("{FAE04EC0-301F-11D3-BF4B-00C04F79EFBC}") = "CssDialog601", "CssDialog\CssDialog601.csproj", "{1A58ECC5-75FE-4FE2-B133-8605B382B7C0}"
EndProject
Project("{FAE04EC0-301F-11D3-BF4B-00C04F79EFBC}") = "PsExport601", "PsExport\PsExport601.csproj", "{DCD48287-7F36-4DBB-94CF-4FF617BF1F78}"
	ProjectSection(ProjectDependencies) = postProject
		{CDC2C31E-9610-443A-A545-FEB13B8F6C13} = {CDC2C31E-9610-443A-A545-FEB13B8F6C13}
		{C37AD0DF-7C87-4666-8335-35FDABFEAA45} = {C37AD0DF-7C87-4666-8335-35FDABFEAA45}
	EndProjectSection
EndProject
Project("{FAE04EC0-301F-11D3-BF4B-00C04F79EFBC}") = "Test601", "Test\Test601.csproj", "{222CBAAB-B338-4670-A553-B6154E582FC8}"
EndProject
Project("{FAE04EC0-301F-11D3-BF4B-00C04F79EFBC}") = "TestBed601", "TestBed\TestBed601.csproj", "{C7A57432-7AE4-456F-90FF-51582DE1BA65}"
EndProject
Project("{FAE04EC0-301F-11D3-BF4B-00C04F79EFBC}") = "ConfigurationTool601", "ConfigurationTool\ConfigurationTool601.csproj", "{C1ED7E03-C92E-4223-909B-E9C35A4D98E2}"
EndProject
Project("{FAE04EC0-301F-11D3-BF4B-00C04F79EFBC}") = "PsTool", "PsTool\PsTool.csproj", "{448F846F-CE23-462C-BF7E-827875A36F82}"
EndProject
Project("{FAE04EC0-301F-11D3-BF4B-00C04F79EFBC}") = "VersionCapture", "Build\VersionCapture\VersionCapture.csproj", "{CDC2C31E-9610-443A-A545-FEB13B8F6C13}"
EndProject
Global
	GlobalSection(SolutionConfigurationPlatforms) = preSolution
		Debug|Any CPU = Debug|Any CPU
		Release|Any CPU = Release|Any CPU
		ReleaseBTE|Any CPU = ReleaseBTE|Any CPU
		ReleaseSE|Any CPU = ReleaseSE|Any CPU
	EndGlobalSection
	GlobalSection(ProjectConfigurationPlatforms) = postSolution
		{B58FD9BA-1783-43F2-86D1-D79E1EACC365}.Debug|Any CPU.ActiveCfg = Debug|Any CPU
		{B58FD9BA-1783-43F2-86D1-D79E1EACC365}.Debug|Any CPU.Build.0 = Debug|Any CPU
		{B58FD9BA-1783-43F2-86D1-D79E1EACC365}.Release|Any CPU.ActiveCfg = Release|Any CPU
		{B58FD9BA-1783-43F2-86D1-D79E1EACC365}.Release|Any CPU.Build.0 = Release|Any CPU
		{B58FD9BA-1783-43F2-86D1-D79E1EACC365}.ReleaseBTE|Any CPU.ActiveCfg = ReleaseBTE|Any CPU
		{B58FD9BA-1783-43F2-86D1-D79E1EACC365}.ReleaseBTE|Any CPU.Build.0 = ReleaseBTE|Any CPU
		{B58FD9BA-1783-43F2-86D1-D79E1EACC365}.ReleaseSE|Any CPU.ActiveCfg = ReleaseSE|Any CPU
		{B58FD9BA-1783-43F2-86D1-D79E1EACC365}.ReleaseSE|Any CPU.Build.0 = ReleaseSE|Any CPU
		{8D0D307D-3785-4561-A923-FF3DDF6C2F14}.Debug|Any CPU.ActiveCfg = Debug|Any CPU
		{8D0D307D-3785-4561-A923-FF3DDF6C2F14}.Debug|Any CPU.Build.0 = Debug|Any CPU
		{8D0D307D-3785-4561-A923-FF3DDF6C2F14}.Release|Any CPU.ActiveCfg = Release|Any CPU
		{8D0D307D-3785-4561-A923-FF3DDF6C2F14}.Release|Any CPU.Build.0 = Release|Any CPU
		{8D0D307D-3785-4561-A923-FF3DDF6C2F14}.ReleaseBTE|Any CPU.ActiveCfg = ReleaseBTE|Any CPU
		{8D0D307D-3785-4561-A923-FF3DDF6C2F14}.ReleaseBTE|Any CPU.Build.0 = ReleaseBTE|Any CPU
		{8D0D307D-3785-4561-A923-FF3DDF6C2F14}.ReleaseSE|Any CPU.ActiveCfg = ReleaseSE|Any CPU
		{8D0D307D-3785-4561-A923-FF3DDF6C2F14}.ReleaseSE|Any CPU.Build.0 = ReleaseSE|Any CPU
		{E225E5AF-B603-41D1-BB58-E3AAE05C59FD}.Debug|Any CPU.ActiveCfg = Debug|Any CPU
		{E225E5AF-B603-41D1-BB58-E3AAE05C59FD}.Debug|Any CPU.Build.0 = Debug|Any CPU
		{E225E5AF-B603-41D1-BB58-E3AAE05C59FD}.Release|Any CPU.ActiveCfg = Release|Any CPU
		{E225E5AF-B603-41D1-BB58-E3AAE05C59FD}.Release|Any CPU.Build.0 = Release|Any CPU
		{E225E5AF-B603-41D1-BB58-E3AAE05C59FD}.ReleaseBTE|Any CPU.ActiveCfg = ReleaseBTE|Any CPU
		{E225E5AF-B603-41D1-BB58-E3AAE05C59FD}.ReleaseBTE|Any CPU.Build.0 = ReleaseBTE|Any CPU
		{E225E5AF-B603-41D1-BB58-E3AAE05C59FD}.ReleaseSE|Any CPU.ActiveCfg = ReleaseSE|Any CPU
		{E225E5AF-B603-41D1-BB58-E3AAE05C59FD}.ReleaseSE|Any CPU.Build.0 = ReleaseSE|Any CPU
		{C37AD0DF-7C87-4666-8335-35FDABFEAA45}.Debug|Any CPU.ActiveCfg = Debug|Any CPU
		{C37AD0DF-7C87-4666-8335-35FDABFEAA45}.Debug|Any CPU.Build.0 = Debug|Any CPU
		{C37AD0DF-7C87-4666-8335-35FDABFEAA45}.Release|Any CPU.ActiveCfg = Release|Any CPU
		{C37AD0DF-7C87-4666-8335-35FDABFEAA45}.Release|Any CPU.Build.0 = Release|Any CPU
		{C37AD0DF-7C87-4666-8335-35FDABFEAA45}.ReleaseBTE|Any CPU.ActiveCfg = ReleaseBTE|Any CPU
		{C37AD0DF-7C87-4666-8335-35FDABFEAA45}.ReleaseSE|Any CPU.ActiveCfg = ReleaseSE|Any CPU
		{9BCA3F9D-6F7D-44ED-97DD-0FA59197FD9C}.Debug|Any CPU.ActiveCfg = Debug|Any CPU
		{9BCA3F9D-6F7D-44ED-97DD-0FA59197FD9C}.Release|Any CPU.ActiveCfg = Release|Any CPU
		{9BCA3F9D-6F7D-44ED-97DD-0FA59197FD9C}.Release|Any CPU.Build.0 = Release|Any CPU
		{9BCA3F9D-6F7D-44ED-97DD-0FA59197FD9C}.ReleaseBTE|Any CPU.ActiveCfg = ReleaseBTE|Any CPU
		{9BCA3F9D-6F7D-44ED-97DD-0FA59197FD9C}.ReleaseSE|Any CPU.ActiveCfg = ReleaseSE|Any CPU
		{CAC4D00A-07B8-459F-87C8-BFB537008B26}.Debug|Any CPU.ActiveCfg = Debug|Any CPU
		{CAC4D00A-07B8-459F-87C8-BFB537008B26}.Release|Any CPU.ActiveCfg = Release|Any CPU
		{CAC4D00A-07B8-459F-87C8-BFB537008B26}.Release|Any CPU.Build.0 = Release|Any CPU
		{CAC4D00A-07B8-459F-87C8-BFB537008B26}.ReleaseBTE|Any CPU.ActiveCfg = ReleaseBTE|Any CPU
		{CAC4D00A-07B8-459F-87C8-BFB537008B26}.ReleaseSE|Any CPU.ActiveCfg = ReleaseSE|Any CPU
		{E75BC85C-6240-45F0-ADBF-F0F80EEFD6D8}.Debug|Any CPU.ActiveCfg = Debug|Any CPU
		{E75BC85C-6240-45F0-ADBF-F0F80EEFD6D8}.Debug|Any CPU.Build.0 = Debug|Any CPU
		{E75BC85C-6240-45F0-ADBF-F0F80EEFD6D8}.Release|Any CPU.ActiveCfg = Release|Any CPU
		{E75BC85C-6240-45F0-ADBF-F0F80EEFD6D8}.Release|Any CPU.Build.0 = Release|Any CPU
		{E75BC85C-6240-45F0-ADBF-F0F80EEFD6D8}.ReleaseBTE|Any CPU.ActiveCfg = ReleaseBTE|Any CPU
		{E75BC85C-6240-45F0-ADBF-F0F80EEFD6D8}.ReleaseBTE|Any CPU.Build.0 = ReleaseBTE|Any CPU
		{E75BC85C-6240-45F0-ADBF-F0F80EEFD6D8}.ReleaseSE|Any CPU.ActiveCfg = ReleaseSE|Any CPU
		{E75BC85C-6240-45F0-ADBF-F0F80EEFD6D8}.ReleaseSE|Any CPU.Build.0 = ReleaseSE|Any CPU
		{21F7EE2E-B691-4E3D-B734-BC94B4AA891F}.Debug|Any CPU.ActiveCfg = Debug|Any CPU
		{21F7EE2E-B691-4E3D-B734-BC94B4AA891F}.Debug|Any CPU.Build.0 = Debug|Any CPU
		{21F7EE2E-B691-4E3D-B734-BC94B4AA891F}.Release|Any CPU.ActiveCfg = Release|Any CPU
		{21F7EE2E-B691-4E3D-B734-BC94B4AA891F}.Release|Any CPU.Build.0 = Release|Any CPU
		{21F7EE2E-B691-4E3D-B734-BC94B4AA891F}.ReleaseBTE|Any CPU.ActiveCfg = ReleaseBTE|Any CPU
		{21F7EE2E-B691-4E3D-B734-BC94B4AA891F}.ReleaseBTE|Any CPU.Build.0 = ReleaseBTE|Any CPU
		{21F7EE2E-B691-4E3D-B734-BC94B4AA891F}.ReleaseSE|Any CPU.ActiveCfg = ReleaseSE|Any CPU
		{21F7EE2E-B691-4E3D-B734-BC94B4AA891F}.ReleaseSE|Any CPU.Build.0 = ReleaseSE|Any CPU
		{D38235F3-5B02-4835-B380-40E0BDCD5495}.Debug|Any CPU.ActiveCfg = Debug|Any CPU
		{D38235F3-5B02-4835-B380-40E0BDCD5495}.Debug|Any CPU.Build.0 = Debug|Any CPU
		{D38235F3-5B02-4835-B380-40E0BDCD5495}.Release|Any CPU.ActiveCfg = Release|Any CPU
		{D38235F3-5B02-4835-B380-40E0BDCD5495}.Release|Any CPU.Build.0 = Release|Any CPU
		{D38235F3-5B02-4835-B380-40E0BDCD5495}.ReleaseBTE|Any CPU.ActiveCfg = ReleaseBTE|Any CPU
		{D38235F3-5B02-4835-B380-40E0BDCD5495}.ReleaseBTE|Any CPU.Build.0 = ReleaseBTE|Any CPU
		{D38235F3-5B02-4835-B380-40E0BDCD5495}.ReleaseSE|Any CPU.ActiveCfg = ReleaseSE|Any CPU
		{D38235F3-5B02-4835-B380-40E0BDCD5495}.ReleaseSE|Any CPU.Build.0 = ReleaseSE|Any CPU
		{310E4B50-F423-46B1-AD72-740CC859E4C3}.Debug|Any CPU.ActiveCfg = Debug|Any CPU
		{310E4B50-F423-46B1-AD72-740CC859E4C3}.Debug|Any CPU.Build.0 = Debug|Any CPU
		{310E4B50-F423-46B1-AD72-740CC859E4C3}.Release|Any CPU.ActiveCfg = Release|Any CPU
		{310E4B50-F423-46B1-AD72-740CC859E4C3}.Release|Any CPU.Build.0 = Release|Any CPU
		{310E4B50-F423-46B1-AD72-740CC859E4C3}.ReleaseBTE|Any CPU.ActiveCfg = ReleaseBTE|Any CPU
		{310E4B50-F423-46B1-AD72-740CC859E4C3}.ReleaseBTE|Any CPU.Build.0 = ReleaseBTE|Any CPU
		{310E4B50-F423-46B1-AD72-740CC859E4C3}.ReleaseSE|Any CPU.ActiveCfg = ReleaseSE|Any CPU
		{310E4B50-F423-46B1-AD72-740CC859E4C3}.ReleaseSE|Any CPU.Build.0 = ReleaseSE|Any CPU
		{2D463BB2-E681-4266-B883-E4E1406C92A4}.Debug|Any CPU.ActiveCfg = Debug|Any CPU
		{2D463BB2-E681-4266-B883-E4E1406C92A4}.Release|Any CPU.ActiveCfg = Release|Any CPU
		{2D463BB2-E681-4266-B883-E4E1406C92A4}.ReleaseBTE|Any CPU.ActiveCfg = ReleaseBTE|Any CPU
		{2D463BB2-E681-4266-B883-E4E1406C92A4}.ReleaseBTE|Any CPU.Build.0 = ReleaseBTE|Any CPU
		{2D463BB2-E681-4266-B883-E4E1406C92A4}.ReleaseSE|Any CPU.ActiveCfg = ReleaseSE|Any CPU
		{0CE06718-8D22-4443-90E2-6C48127B9F20}.Debug|Any CPU.ActiveCfg = Debug|Any CPU
		{0CE06718-8D22-4443-90E2-6C48127B9F20}.Release|Any CPU.ActiveCfg = Release|Any CPU
		{0CE06718-8D22-4443-90E2-6C48127B9F20}.ReleaseBTE|Any CPU.ActiveCfg = ReleaseBTE|Any CPU
		{0CE06718-8D22-4443-90E2-6C48127B9F20}.ReleaseBTE|Any CPU.Build.0 = ReleaseBTE|Any CPU
		{0CE06718-8D22-4443-90E2-6C48127B9F20}.ReleaseSE|Any CPU.ActiveCfg = ReleaseSE|Any CPU
		{B7D62460-1878-403A-AECD-2A16C5F3F975}.Debug|Any CPU.ActiveCfg = Debug|Any CPU
		{B7D62460-1878-403A-AECD-2A16C5F3F975}.Release|Any CPU.ActiveCfg = Release|Any CPU
		{B7D62460-1878-403A-AECD-2A16C5F3F975}.Release|Any CPU.Build.0 = Release|Any CPU
		{B7D62460-1878-403A-AECD-2A16C5F3F975}.ReleaseBTE|Any CPU.ActiveCfg = Release|Any CPU
		{B7D62460-1878-403A-AECD-2A16C5F3F975}.ReleaseBTE|Any CPU.Build.0 = Release|Any CPU
		{B7D62460-1878-403A-AECD-2A16C5F3F975}.ReleaseSE|Any CPU.ActiveCfg = ReleaseSE|Any CPU
		{B7D62460-1878-403A-AECD-2A16C5F3F975}.ReleaseSE|Any CPU.Build.0 = ReleaseSE|Any CPU
		{45E0EC5A-1DDA-416B-BDBE-642C3EB4B880}.Debug|Any CPU.ActiveCfg = Debug|Any CPU
		{45E0EC5A-1DDA-416B-BDBE-642C3EB4B880}.Release|Any CPU.ActiveCfg = Release|Any CPU
		{45E0EC5A-1DDA-416B-BDBE-642C3EB4B880}.ReleaseBTE|Any CPU.ActiveCfg = ReleaseSE|Any CPU
		{45E0EC5A-1DDA-416B-BDBE-642C3EB4B880}.ReleaseSE|Any CPU.ActiveCfg = ReleaseSE|Any CPU
		{45E0EC5A-1DDA-416B-BDBE-642C3EB4B880}.ReleaseSE|Any CPU.Build.0 = ReleaseSE|Any CPU
		{BBFB7621-9BE1-4A58-91E9-51340BE1338E}.Debug|Any CPU.ActiveCfg = Debug|Any CPU
		{BBFB7621-9BE1-4A58-91E9-51340BE1338E}.Release|Any CPU.ActiveCfg = Release|Any CPU
		{BBFB7621-9BE1-4A58-91E9-51340BE1338E}.ReleaseBTE|Any CPU.ActiveCfg = ReleaseSE|Any CPU
		{BBFB7621-9BE1-4A58-91E9-51340BE1338E}.ReleaseSE|Any CPU.ActiveCfg = ReleaseSE|Any CPU
		{BBFB7621-9BE1-4A58-91E9-51340BE1338E}.ReleaseSE|Any CPU.Build.0 = ReleaseSE|Any CPU
		{C7A3F4E5-1F86-4D22-AB4F-5BEA0D923DDD}.Debug|Any CPU.ActiveCfg = Debug|Any CPU
		{C7A3F4E5-1F86-4D22-AB4F-5BEA0D923DDD}.Debug|Any CPU.Build.0 = Debug|Any CPU
		{C7A3F4E5-1F86-4D22-AB4F-5BEA0D923DDD}.Release|Any CPU.ActiveCfg = Release|Any CPU
		{C7A3F4E5-1F86-4D22-AB4F-5BEA0D923DDD}.Release|Any CPU.Build.0 = Release|Any CPU
		{C7A3F4E5-1F86-4D22-AB4F-5BEA0D923DDD}.ReleaseBTE|Any CPU.ActiveCfg = ReleaseBTE|Any CPU
		{C7A3F4E5-1F86-4D22-AB4F-5BEA0D923DDD}.ReleaseBTE|Any CPU.Build.0 = ReleaseBTE|Any CPU
		{C7A3F4E5-1F86-4D22-AB4F-5BEA0D923DDD}.ReleaseSE|Any CPU.ActiveCfg = ReleaseSE|Any CPU
		{C7A3F4E5-1F86-4D22-AB4F-5BEA0D923DDD}.ReleaseSE|Any CPU.Build.0 = ReleaseSE|Any CPU
		{1A58ECC5-75FE-4FE2-B133-8605B382B7C0}.Debug|Any CPU.ActiveCfg = Debug|Any CPU
		{1A58ECC5-75FE-4FE2-B133-8605B382B7C0}.Debug|Any CPU.Build.0 = Debug|Any CPU
		{1A58ECC5-75FE-4FE2-B133-8605B382B7C0}.Release|Any CPU.ActiveCfg = Release|Any CPU
		{1A58ECC5-75FE-4FE2-B133-8605B382B7C0}.Release|Any CPU.Build.0 = Release|Any CPU
		{1A58ECC5-75FE-4FE2-B133-8605B382B7C0}.ReleaseBTE|Any CPU.ActiveCfg = ReleaseBTE|Any CPU
		{1A58ECC5-75FE-4FE2-B133-8605B382B7C0}.ReleaseBTE|Any CPU.Build.0 = ReleaseBTE|Any CPU
		{1A58ECC5-75FE-4FE2-B133-8605B382B7C0}.ReleaseSE|Any CPU.ActiveCfg = ReleaseSE|Any CPU
		{1A58ECC5-75FE-4FE2-B133-8605B382B7C0}.ReleaseSE|Any CPU.Build.0 = ReleaseSE|Any CPU
		{DCD48287-7F36-4DBB-94CF-4FF617BF1F78}.Debug|Any CPU.ActiveCfg = Debug|Any CPU
		{DCD48287-7F36-4DBB-94CF-4FF617BF1F78}.Debug|Any CPU.Build.0 = Debug|Any CPU
		{DCD48287-7F36-4DBB-94CF-4FF617BF1F78}.Release|Any CPU.ActiveCfg = Release|Any CPU
		{DCD48287-7F36-4DBB-94CF-4FF617BF1F78}.Release|Any CPU.Build.0 = Release|Any CPU
		{DCD48287-7F36-4DBB-94CF-4FF617BF1F78}.ReleaseBTE|Any CPU.ActiveCfg = ReleaseBTE|Any CPU
		{DCD48287-7F36-4DBB-94CF-4FF617BF1F78}.ReleaseBTE|Any CPU.Build.0 = ReleaseBTE|Any CPU
		{DCD48287-7F36-4DBB-94CF-4FF617BF1F78}.ReleaseSE|Any CPU.ActiveCfg = ReleaseSE|Any CPU
		{DCD48287-7F36-4DBB-94CF-4FF617BF1F78}.ReleaseSE|Any CPU.Build.0 = ReleaseSE|Any CPU
		{222CBAAB-B338-4670-A553-B6154E582FC8}.Debug|Any CPU.ActiveCfg = Debug|Any CPU
		{222CBAAB-B338-4670-A553-B6154E582FC8}.Debug|Any CPU.Build.0 = Debug|Any CPU
		{222CBAAB-B338-4670-A553-B6154E582FC8}.Release|Any CPU.ActiveCfg = Release|Any CPU
		{222CBAAB-B338-4670-A553-B6154E582FC8}.Release|Any CPU.Build.0 = Release|Any CPU
		{222CBAAB-B338-4670-A553-B6154E582FC8}.ReleaseBTE|Any CPU.ActiveCfg = ReleaseBTE|Any CPU
		{222CBAAB-B338-4670-A553-B6154E582FC8}.ReleaseSE|Any CPU.ActiveCfg = ReleaseSE|Any CPU
		{C7A57432-7AE4-456F-90FF-51582DE1BA65}.Debug|Any CPU.ActiveCfg = Debug|Any CPU
		{C7A57432-7AE4-456F-90FF-51582DE1BA65}.Debug|Any CPU.Build.0 = Debug|Any CPU
		{C7A57432-7AE4-456F-90FF-51582DE1BA65}.Release|Any CPU.ActiveCfg = Release|Any CPU
		{C7A57432-7AE4-456F-90FF-51582DE1BA65}.Release|Any CPU.Build.0 = Release|Any CPU
		{C7A57432-7AE4-456F-90FF-51582DE1BA65}.ReleaseBTE|Any CPU.ActiveCfg = ReleaseBTE|Any CPU
		{C7A57432-7AE4-456F-90FF-51582DE1BA65}.ReleaseSE|Any CPU.ActiveCfg = ReleaseSE|Any CPU
		{C1ED7E03-C92E-4223-909B-E9C35A4D98E2}.Debug|Any CPU.ActiveCfg = Debug|Any CPU
		{C1ED7E03-C92E-4223-909B-E9C35A4D98E2}.Debug|Any CPU.Build.0 = Debug|Any CPU
		{C1ED7E03-C92E-4223-909B-E9C35A4D98E2}.Release|Any CPU.ActiveCfg = Release|Any CPU
		{C1ED7E03-C92E-4223-909B-E9C35A4D98E2}.Release|Any CPU.Build.0 = Release|Any CPU
		{C1ED7E03-C92E-4223-909B-E9C35A4D98E2}.ReleaseBTE|Any CPU.ActiveCfg = ReleaseBTE|Any CPU
		{C1ED7E03-C92E-4223-909B-E9C35A4D98E2}.ReleaseBTE|Any CPU.Build.0 = ReleaseBTE|Any CPU
		{C1ED7E03-C92E-4223-909B-E9C35A4D98E2}.ReleaseSE|Any CPU.ActiveCfg = ReleaseSE|Any CPU
		{C1ED7E03-C92E-4223-909B-E9C35A4D98E2}.ReleaseSE|Any CPU.Build.0 = ReleaseSE|Any CPU
		{448F846F-CE23-462C-BF7E-827875A36F82}.Debug|Any CPU.ActiveCfg = Debug|Any CPU
		{448F846F-CE23-462C-BF7E-827875A36F82}.Debug|Any CPU.Build.0 = Debug|Any CPU
		{448F846F-CE23-462C-BF7E-827875A36F82}.Release|Any CPU.ActiveCfg = Release|Any CPU
		{448F846F-CE23-462C-BF7E-827875A36F82}.Release|Any CPU.Build.0 = Release|Any CPU
		{448F846F-CE23-462C-BF7E-827875A36F82}.ReleaseBTE|Any CPU.ActiveCfg = ReleaseBTE|Any CPU
		{448F846F-CE23-462C-BF7E-827875A36F82}.ReleaseBTE|Any CPU.Build.0 = ReleaseBTE|Any CPU
		{448F846F-CE23-462C-BF7E-827875A36F82}.ReleaseSE|Any CPU.ActiveCfg = ReleaseSE|Any CPU
		{448F846F-CE23-462C-BF7E-827875A36F82}.ReleaseSE|Any CPU.Build.0 = ReleaseSE|Any CPU
		{CDC2C31E-9610-443A-A545-FEB13B8F6C13}.Debug|Any CPU.ActiveCfg = Debug|Any CPU
		{CDC2C31E-9610-443A-A545-FEB13B8F6C13}.Debug|Any CPU.Build.0 = Debug|Any CPU
		{CDC2C31E-9610-443A-A545-FEB13B8F6C13}.Release|Any CPU.ActiveCfg = Release|Any CPU
		{CDC2C31E-9610-443A-A545-FEB13B8F6C13}.Release|Any CPU.Build.0 = Release|Any CPU
		{CDC2C31E-9610-443A-A545-FEB13B8F6C13}.ReleaseBTE|Any CPU.ActiveCfg = ReleaseBTE|Any CPU
		{CDC2C31E-9610-443A-A545-FEB13B8F6C13}.ReleaseBTE|Any CPU.Build.0 = ReleaseBTE|Any CPU
		{CDC2C31E-9610-443A-A545-FEB13B8F6C13}.ReleaseSE|Any CPU.ActiveCfg = ReleaseSE|Any CPU
		{CDC2C31E-9610-443A-A545-FEB13B8F6C13}.ReleaseSE|Any CPU.Build.0 = ReleaseSE|Any CPU
	EndGlobalSection
	GlobalSection(SolutionProperties) = preSolution
		HideSolutionNode = FALSE
	EndGlobalSection
	GlobalSection(NestedProjects) = preSolution
		{9BCA3F9D-6F7D-44ED-97DD-0FA59197FD9C} = {D2C923B7-DE53-481E-AC99-0A7D95A18FD5}
		{CAC4D00A-07B8-459F-87C8-BFB537008B26} = {D2C923B7-DE53-481E-AC99-0A7D95A18FD5}
		{2D463BB2-E681-4266-B883-E4E1406C92A4} = {D2C923B7-DE53-481E-AC99-0A7D95A18FD5}
		{0CE06718-8D22-4443-90E2-6C48127B9F20} = {D2C923B7-DE53-481E-AC99-0A7D95A18FD5}
		{B7D62460-1878-403A-AECD-2A16C5F3F975} = {D2C923B7-DE53-481E-AC99-0A7D95A18FD5}
		{45E0EC5A-1DDA-416B-BDBE-642C3EB4B880} = {D2C923B7-DE53-481E-AC99-0A7D95A18FD5}
		{BBFB7621-9BE1-4A58-91E9-51340BE1338E} = {D2C923B7-DE53-481E-AC99-0A7D95A18FD5}
		{CDC2C31E-9610-443A-A545-FEB13B8F6C13} = {D2C923B7-DE53-481E-AC99-0A7D95A18FD5}
	EndGlobalSection
EndGlobal
