
Microsoft Visual Studio Solution File, Format Version 10.00
# Visual Studio 2008
Project("{FAE04EC0-301F-11D3-BF4B-00C04F79EFBC}") = "CssParserTest", "CssParserTest\CssParserTest.csproj", "{80DA40B6-FE29-4045-8C14-B86D8914BB7E}"
EndProject
Project("{FAE04EC0-301F-11D3-BF4B-00C04F79EFBC}") = "CssParserLocal", "CssParserLocal.csproj", "{B58FD9BA-1783-43F2-86D1-D79E1EACC365}"
EndProject
Global
	GlobalSection(SolutionConfigurationPlatforms) = preSolution
		ConTeXt|Any CPU = ConTeXt|Any CPU
		Corporate7BTE|Any CPU = Corporate7BTE|Any CPU
		Corporate7SE|Any CPU = Corporate7SE|Any CPU
		Debug|Any CPU = Debug|Any CPU
		PwCtx|Any CPU = PwCtx|Any CPU
		Release|Any CPU = Release|Any CPU
		Release7BTE|Any CPU = Release7BTE|Any CPU
		Release7SE|Any CPU = Release7SE|Any CPU
		ReleaseBTE|Any CPU = ReleaseBTE|Any CPU
	EndGlobalSection
	GlobalSection(ProjectConfigurationPlatforms) = postSolution
		{80DA40B6-FE29-4045-8C14-B86D8914BB7E}.ConTeXt|Any CPU.ActiveCfg = Release|Any CPU
		{80DA40B6-FE29-4045-8C14-B86D8914BB7E}.ConTeXt|Any CPU.Build.0 = Release|Any CPU
		{80DA40B6-FE29-4045-8C14-B86D8914BB7E}.Corporate7BTE|Any CPU.ActiveCfg = Release|Any CPU
		{80DA40B6-FE29-4045-8C14-B86D8914BB7E}.Corporate7BTE|Any CPU.Build.0 = Release|Any CPU
		{80DA40B6-FE29-4045-8C14-B86D8914BB7E}.Corporate7SE|Any CPU.ActiveCfg = Release|Any CPU
		{80DA40B6-FE29-4045-8C14-B86D8914BB7E}.Corporate7SE|Any CPU.Build.0 = Release|Any CPU
		{80DA40B6-FE29-4045-8C14-B86D8914BB7E}.Debug|Any CPU.ActiveCfg = Debug|Any CPU
		{80DA40B6-FE29-4045-8C14-B86D8914BB7E}.Debug|Any CPU.Build.0 = Debug|Any CPU
		{80DA40B6-FE29-4045-8C14-B86D8914BB7E}.PwCtx|Any CPU.ActiveCfg = Release|Any CPU
		{80DA40B6-FE29-4045-8C14-B86D8914BB7E}.PwCtx|Any CPU.Build.0 = Release|Any CPU
		{80DA40B6-FE29-4045-8C14-B86D8914BB7E}.Release|Any CPU.ActiveCfg = Release|Any CPU
		{80DA40B6-FE29-4045-8C14-B86D8914BB7E}.Release|Any CPU.Build.0 = Release|Any CPU
		{80DA40B6-FE29-4045-8C14-B86D8914BB7E}.Release7BTE|Any CPU.ActiveCfg = Release|Any CPU
		{80DA40B6-FE29-4045-8C14-B86D8914BB7E}.Release7BTE|Any CPU.Build.0 = Release|Any CPU
		{80DA40B6-FE29-4045-8C14-B86D8914BB7E}.Release7SE|Any CPU.ActiveCfg = Release|Any CPU
		{80DA40B6-FE29-4045-8C14-B86D8914BB7E}.Release7SE|Any CPU.Build.0 = Release|Any CPU
		{80DA40B6-FE29-4045-8C14-B86D8914BB7E}.ReleaseBTE|Any CPU.ActiveCfg = Release|Any CPU
		{80DA40B6-FE29-4045-8C14-B86D8914BB7E}.ReleaseBTE|Any CPU.Build.0 = Release|Any CPU
		{B58FD9BA-1783-43F2-86D1-D79E1EACC365}.ConTeXt|Any CPU.ActiveCfg = ConTeXt|Any CPU
		{B58FD9BA-1783-43F2-86D1-D79E1EACC365}.ConTeXt|Any CPU.Build.0 = ConTeXt|Any CPU
		{B58FD9BA-1783-43F2-86D1-D79E1EACC365}.Corporate7BTE|Any CPU.ActiveCfg = Corporate7BTE|Any CPU
		{B58FD9BA-1783-43F2-86D1-D79E1EACC365}.Corporate7BTE|Any CPU.Build.0 = Corporate7BTE|Any CPU
		{B58FD9BA-1783-43F2-86D1-D79E1EACC365}.Corporate7SE|Any CPU.ActiveCfg = Corporate7SE|Any CPU
		{B58FD9BA-1783-43F2-86D1-D79E1EACC365}.Corporate7SE|Any CPU.Build.0 = Corporate7SE|Any CPU
		{B58FD9BA-1783-43F2-86D1-D79E1EACC365}.Debug|Any CPU.ActiveCfg = Debug|Any CPU
		{B58FD9BA-1783-43F2-86D1-D79E1EACC365}.Debug|Any CPU.Build.0 = Debug|Any CPU
		{B58FD9BA-1783-43F2-86D1-D79E1EACC365}.PwCtx|Any CPU.ActiveCfg = PwCtx|Any CPU
		{B58FD9BA-1783-43F2-86D1-D79E1EACC365}.PwCtx|Any CPU.Build.0 = PwCtx|Any CPU
		{B58FD9BA-1783-43F2-86D1-D79E1EACC365}.Release|Any CPU.ActiveCfg = ReleaseBTE|Any CPU
		{B58FD9BA-1783-43F2-86D1-D79E1EACC365}.Release|Any CPU.Build.0 = ReleaseBTE|Any CPU
		{B58FD9BA-1783-43F2-86D1-D79E1EACC365}.Release7BTE|Any CPU.ActiveCfg = Release7BTE|Any CPU
		{B58FD9BA-1783-43F2-86D1-D79E1EACC365}.Release7BTE|Any CPU.Build.0 = Release7BTE|Any CPU
		{B58FD9BA-1783-43F2-86D1-D79E1EACC365}.Release7SE|Any CPU.ActiveCfg = Release7SE|Any CPU
		{B58FD9BA-1783-43F2-86D1-D79E1EACC365}.Release7SE|Any CPU.Build.0 = Release7SE|Any CPU
		{B58FD9BA-1783-43F2-86D1-D79E1EACC365}.ReleaseBTE|Any CPU.ActiveCfg = ReleaseBTE|Any CPU
		{B58FD9BA-1783-43F2-86D1-D79E1EACC365}.ReleaseBTE|Any CPU.Build.0 = ReleaseBTE|Any CPU
	EndGlobalSection
	GlobalSection(SolutionProperties) = preSolution
		HideSolutionNode = FALSE
	EndGlobalSection
EndGlobal
